// !$*UTF8*$!
{
	archiveVersion = 1;
	classes = {
	};
	objectVersion = 56;
	objects = {

/* Begin PBXBuildFile section */
		D99AD35A2D2CFDFB0061FF9B /* CryptoAppApp.swift in Sources */ = {isa = PBXBuildFile; fileRef = D99AD3592D2CFDFB0061FF9B /* CryptoAppApp.swift */; };
		D99AD35C2D2CFDFB0061FF9B /* ContentView.swift in Sources */ = {isa = PBXBuildFile; fileRef = D99AD35B2D2CFDFB0061FF9B /* ContentView.swift */; };
		D99AD3612D2CFDFC0061FF9B /* Preview Assets.xcassets in Resources */ = {isa = PBXBuildFile; fileRef = D99AD3602D2CFDFC0061FF9B /* Preview Assets.xcassets */; };
		D99AD3682D2CFE7D0061FF9B /* Assets.xcassets in Resources */ = {isa = PBXBuildFile; fileRef = D99AD3672D2CFE7D0061FF9B /* Assets.xcassets */; };
		D99AD36B2D2CFEFA0061FF9B /* Color.swift in Sources */ = {isa = PBXBuildFile; fileRef = D99AD36A2D2CFEFA0061FF9B /* Color.swift */; };
		D99AD3712D2E45980061FF9B /* HomeView.swift in Sources */ = {isa = PBXBuildFile; fileRef = D99AD3702D2E45980061FF9B /* HomeView.swift */; };
		D99AD3752D2E46960061FF9B /* CircleButtonView.swift in Sources */ = {isa = PBXBuildFile; fileRef = D99AD3742D2E46960061FF9B /* CircleButtonView.swift */; };
		D99AD3772D2E4B2C0061FF9B /* CircleButtonAnimationView.swift in Sources */ = {isa = PBXBuildFile; fileRef = D99AD3762D2E4B2C0061FF9B /* CircleButtonAnimationView.swift */; };
/* End PBXBuildFile section */

/* Begin PBXFileReference section */
		D99AD3562D2CFDFB0061FF9B /* CryptoApp.app */ = {isa = PBXFileReference; explicitFileType = wrapper.application; includeInIndex = 0; path = CryptoApp.app; sourceTree = BUILT_PRODUCTS_DIR; };
		D99AD3592D2CFDFB0061FF9B /* CryptoAppApp.swift */ = {isa = PBXFileReference; lastKnownFileType = sourcecode.swift; path = CryptoAppApp.swift; sourceTree = "<group>"; };
		D99AD35B2D2CFDFB0061FF9B /* ContentView.swift */ = {isa = PBXFileReference; lastKnownFileType = sourcecode.swift; path = ContentView.swift; sourceTree = "<group>"; };
		D99AD3602D2CFDFC0061FF9B /* Preview Assets.xcassets */ = {isa = PBXFileReference; lastKnownFileType = folder.assetcatalog; path = "Preview Assets.xcassets"; sourceTree = "<group>"; };
		D99AD3672D2CFE7D0061FF9B /* Assets.xcassets */ = {isa = PBXFileReference; lastKnownFileType = folder.assetcatalog; name = Assets.xcassets; path = ../../../../../Downloads/Resources/Assets.xcassets; sourceTree = "<group>"; };
		D99AD36A2D2CFEFA0061FF9B /* Color.swift */ = {isa = PBXFileReference; lastKnownFileType = sourcecode.swift; path = Color.swift; sourceTree = "<group>"; };
		D99AD3702D2E45980061FF9B /* HomeView.swift */ = {isa = PBXFileReference; lastKnownFileType = sourcecode.swift; path = HomeView.swift; sourceTree = "<group>"; };
		D99AD3742D2E46960061FF9B /* CircleButtonView.swift */ = {isa = PBXFileReference; lastKnownFileType = sourcecode.swift; path = CircleButtonView.swift; sourceTree = "<group>"; };
		D99AD3762D2E4B2C0061FF9B /* CircleButtonAnimationView.swift */ = {isa = PBXFileReference; lastKnownFileType = sourcecode.swift; path = CircleButtonAnimationView.swift; sourceTree = "<group>"; };
/* End PBXFileReference section */

/* Begin PBXFrameworksBuildPhase section */
		D99AD3532D2CFDFB0061FF9B /* Frameworks */ = {
			isa = PBXFrameworksBuildPhase;
			buildActionMask = 2147483647;
			files = (
			);
			runOnlyForDeploymentPostprocessing = 0;
		};
/* End PBXFrameworksBuildPhase section */

/* Begin PBXGroup section */
		D99AD34D2D2CFDFB0061FF9B = {
			isa = PBXGroup;
			children = (
				D99AD3582D2CFDFB0061FF9B /* CryptoApp */,
				D99AD3572D2CFDFB0061FF9B /* Products */,
			);
			sourceTree = "<group>";
		};
		D99AD3572D2CFDFB0061FF9B /* Products */ = {
			isa = PBXGroup;
			children = (
				D99AD3562D2CFDFB0061FF9B /* CryptoApp.app */,
			);
			name = Products;
			sourceTree = "<group>";
		};
		D99AD3582D2CFDFB0061FF9B /* CryptoApp */ = {
			isa = PBXGroup;
			children = (
				D99AD36C2D2E455F0061FF9B /* Core */,
				D99AD3692D2CFEEE0061FF9B /* Extensions */,
				D99AD3592D2CFDFB0061FF9B /* CryptoAppApp.swift */,
				D99AD35B2D2CFDFB0061FF9B /* ContentView.swift */,
				D99AD3672D2CFE7D0061FF9B /* Assets.xcassets */,
				D99AD35F2D2CFDFC0061FF9B /* Preview Content */,
			);
			path = CryptoApp;
			sourceTree = "<group>";
		};
		D99AD35F2D2CFDFC0061FF9B /* Preview Content */ = {
			isa = PBXGroup;
			children = (
				D99AD3602D2CFDFC0061FF9B /* Preview Assets.xcassets */,
			);
			path = "Preview Content";
			sourceTree = "<group>";
		};
		D99AD3692D2CFEEE0061FF9B /* Extensions */ = {
			isa = PBXGroup;
			children = (
				D99AD36A2D2CFEFA0061FF9B /* Color.swift */,
			);
			path = Extensions;
			sourceTree = "<group>";
		};
		D99AD36C2D2E455F0061FF9B /* Core */ = {
			isa = PBXGroup;
			children = (
				D99AD3722D2E46700061FF9B /* Components */,
				D99AD36D2D2E456B0061FF9B /* Home */,
			);
			path = Core;
			sourceTree = "<group>";
		};
		D99AD36D2D2E456B0061FF9B /* Home */ = {
			isa = PBXGroup;
			children = (
				D99AD36F2D2E457E0061FF9B /* ViewModels */,
				D99AD36E2D2E45780061FF9B /* Views */,
			);
			path = Home;
			sourceTree = "<group>";
		};
		D99AD36E2D2E45780061FF9B /* Views */ = {
			isa = PBXGroup;
			children = (
				D99AD3702D2E45980061FF9B /* HomeView.swift */,
			);
			path = Views;
			sourceTree = "<group>";
		};
		D99AD36F2D2E457E0061FF9B /* ViewModels */ = {
			isa = PBXGroup;
			children = (
			);
			path = ViewModels;
			sourceTree = "<group>";
		};
		D99AD3722D2E46700061FF9B /* Components */ = {
			isa = PBXGroup;
			children = (
				D99AD3732D2E468A0061FF9B /* CircleButton */,
			);
			path = Components;
			sourceTree = "<group>";
		};
		D99AD3732D2E468A0061FF9B /* CircleButton */ = {
			isa = PBXGroup;
			children = (
				D99AD3742D2E46960061FF9B /* CircleButtonView.swift */,
				D99AD3762D2E4B2C0061FF9B /* CircleButtonAnimationView.swift */,
			);
			path = CircleButton;
			sourceTree = "<group>";
		};
/* End PBXGroup section */

/* Begin PBXNativeTarget section */
		D99AD3552D2CFDFB0061FF9B /* CryptoApp */ = {
			isa = PBXNativeTarget;
			buildConfigurationList = D99AD3642D2CFDFC0061FF9B /* Build configuration list for PBXNativeTarget "CryptoApp" */;
			buildPhases = (
				D99AD3522D2CFDFB0061FF9B /* Sources */,
				D99AD3532D2CFDFB0061FF9B /* Frameworks */,
				D99AD3542D2CFDFB0061FF9B /* Resources */,
			);
			buildRules = (
			);
			dependencies = (
			);
			name = CryptoApp;
			productName = CryptoApp;
			productReference = D99AD3562D2CFDFB0061FF9B /* CryptoApp.app */;
			productType = "com.apple.product-type.application";
		};
/* End PBXNativeTarget section */

/* Begin PBXProject section */
		D99AD34E2D2CFDFB0061FF9B /* Project object */ = {
			isa = PBXProject;
			attributes = {
				BuildIndependentTargetsInParallel = 1;
				LastSwiftUpdateCheck = 1540;
				LastUpgradeCheck = 1540;
				TargetAttributes = {
					D99AD3552D2CFDFB0061FF9B = {
						CreatedOnToolsVersion = 15.4;
					};
				};
			};
			buildConfigurationList = D99AD3512D2CFDFB0061FF9B /* Build configuration list for PBXProject "CryptoApp" */;
			compatibilityVersion = "Xcode 14.0";
			developmentRegion = en;
			hasScannedForEncodings = 0;
			knownRegions = (
				en,
				Base,
			);
			mainGroup = D99AD34D2D2CFDFB0061FF9B;
			productRefGroup = D99AD3572D2CFDFB0061FF9B /* Products */;
			projectDirPath = "";
			projectRoot = "";
			targets = (
				D99AD3552D2CFDFB0061FF9B /* CryptoApp */,
			);
		};
/* End PBXProject section */

/* Begin PBXResourcesBuildPhase section */
		D99AD3542D2CFDFB0061FF9B /* Resources */ = {
			isa = PBXResourcesBuildPhase;
			buildActionMask = 2147483647;
			files = (
				D99AD3612D2CFDFC0061FF9B /* Preview Assets.xcassets in Resources */,
				D99AD3682D2CFE7D0061FF9B /* Assets.xcassets in Resources */,
			);
			runOnlyForDeploymentPostprocessing = 0;
		};
/* End PBXResourcesBuildPhase section */

/* Begin PBXSourcesBuildPhase section */
		D99AD3522D2CFDFB0061FF9B /* Sources */ = {
			isa = PBXSourcesBuildPhase;
			buildActionMask = 2147483647;
			files = (
				D99AD35C2D2CFDFB0061FF9B /* ContentView.swift in Sources */,
				D99AD3712D2E45980061FF9B /* HomeView.swift in Sources */,
				D99AD35A2D2CFDFB0061FF9B /* CryptoAppApp.swift in Sources */,
				D99AD3752D2E46960061FF9B /* CircleButtonView.swift in Sources */,
				D99AD36B2D2CFEFA0061FF9B /* Color.swift in Sources */,
				D99AD3772D2E4B2C0061FF9B /* CircleButtonAnimationView.swift in Sources */,
			);
			runOnlyForDeploymentPostprocessing = 0;
		};
/* End PBXSourcesBuildPhase section */

/* Begin XCBuildConfiguration section */
		D99AD3622D2CFDFC0061FF9B /* Debug */ = {
			isa = XCBuildConfiguration;
			buildSettings = {
				ALWAYS_SEARCH_USER_PATHS = NO;
				ASSETCATALOG_COMPILER_GENERATE_SWIFT_ASSET_SYMBOL_EXTENSIONS = YES;
				CLANG_ANALYZER_NONNULL = YES;
				CLANG_ANALYZER_NUMBER_OBJECT_CONVERSION = YES_AGGRESSIVE;
				CLANG_CXX_LANGUAGE_STANDARD = "gnu++20";
				CLANG_ENABLE_MODULES = YES;
				CLANG_ENABLE_OBJC_ARC = YES;
				CLANG_ENABLE_OBJC_WEAK = YES;
				CLANG_WARN_BLOCK_CAPTURE_AUTORELEASING = YES;
				CLANG_WARN_BOOL_CONVERSION = YES;
				CLANG_WARN_COMMA = YES;
				CLANG_WARN_CONSTANT_CONVERSION = YES;
				CLANG_WARN_DEPRECATED_OBJC_IMPLEMENTATIONS = YES;
				CLANG_WARN_DIRECT_OBJC_ISA_USAGE = YES_ERROR;
				CLANG_WARN_DOCUMENTATION_COMMENTS = YES;
				CLANG_WARN_EMPTY_BODY = YES;
				CLANG_WARN_ENUM_CONVERSION = YES;
				CLANG_WARN_INFINITE_RECURSION = YES;
				CLANG_WARN_INT_CONVERSION = YES;
				CLANG_WARN_NON_LITERAL_NULL_CONVERSION = YES;
				CLANG_WARN_OBJC_IMPLICIT_RETAIN_SELF = YES;
				CLANG_WARN_OBJC_LITERAL_CONVERSION = YES;
				CLANG_WARN_OBJC_ROOT_CLASS = YES_ERROR;
				CLANG_WARN_QUOTED_INCLUDE_IN_FRAMEWORK_HEADER = YES;
				CLANG_WARN_RANGE_LOOP_ANALYSIS = YES;
				CLANG_WARN_STRICT_PROTOTYPES = YES;
				CLANG_WARN_SUSPICIOUS_MOVE = YES;
				CLANG_WARN_UNGUARDED_AVAILABILITY = YES_AGGRESSIVE;
				CLANG_WARN_UNREACHABLE_CODE = YES;
				CLANG_WARN__DUPLICATE_METHOD_MATCH = YES;
				COPY_PHASE_STRIP = NO;
				DEBUG_INFORMATION_FORMAT = dwarf;
				ENABLE_STRICT_OBJC_MSGSEND = YES;
				ENABLE_TESTABILITY = YES;
				ENABLE_USER_SCRIPT_SANDBOXING = YES;
				GCC_C_LANGUAGE_STANDARD = gnu17;
				GCC_DYNAMIC_NO_PIC = NO;
				GCC_NO_COMMON_BLOCKS = YES;
				GCC_OPTIMIZATION_LEVEL = 0;
				GCC_PREPROCESSOR_DEFINITIONS = (
					"DEBUG=1",
					"$(inherited)",
				);
				GCC_WARN_64_TO_32_BIT_CONVERSION = YES;
				GCC_WARN_ABOUT_RETURN_TYPE = YES_ERROR;
				GCC_WARN_UNDECLARED_SELECTOR = YES;
				GCC_WARN_UNINITIALIZED_AUTOS = YES_AGGRESSIVE;
				GCC_WARN_UNUSED_FUNCTION = YES;
				GCC_WARN_UNUSED_VARIABLE = YES;
				IPHONEOS_DEPLOYMENT_TARGET = 17.5;
				LOCALIZATION_PREFERS_STRING_CATALOGS = YES;
				MTL_ENABLE_DEBUG_INFO = INCLUDE_SOURCE;
				MTL_FAST_MATH = YES;
				ONLY_ACTIVE_ARCH = YES;
				SDKROOT = iphoneos;
				SWIFT_ACTIVE_COMPILATION_CONDITIONS = "DEBUG $(inherited)";
				SWIFT_OPTIMIZATION_LEVEL = "-Onone";
			};
			name = Debug;
		};
		D99AD3632D2CFDFC0061FF9B /* Release */ = {
			isa = XCBuildConfiguration;
			buildSettings = {
				ALWAYS_SEARCH_USER_PATHS = NO;
				ASSETCATALOG_COMPILER_GENERATE_SWIFT_ASSET_SYMBOL_EXTENSIONS = YES;
				CLANG_ANALYZER_NONNULL = YES;
				CLANG_ANALYZER_NUMBER_OBJECT_CONVERSION = YES_AGGRESSIVE;
				CLANG_CXX_LANGUAGE_STANDARD = "gnu++20";
				CLANG_ENABLE_MODULES = YES;
				CLANG_ENABLE_OBJC_ARC = YES;
				CLANG_ENABLE_OBJC_WEAK = YES;
				CLANG_WARN_BLOCK_CAPTURE_AUTORELEASING = YES;
				CLANG_WARN_BOOL_CONVERSION = YES;
				CLANG_WARN_COMMA = YES;
				CLANG_WARN_CONSTANT_CONVERSION = YES;
				CLANG_WARN_DEPRECATED_OBJC_IMPLEMENTATIONS = YES;
				CLANG_WARN_DIRECT_OBJC_ISA_USAGE = YES_ERROR;
				CLANG_WARN_DOCUMENTATION_COMMENTS = YES;
				CLANG_WARN_EMPTY_BODY = YES;
				CLANG_WARN_ENUM_CONVERSION = YES;
				CLANG_WARN_INFINITE_RECURSION = YES;
				CLANG_WARN_INT_CONVERSION = YES;
				CLANG_WARN_NON_LITERAL_NULL_CONVERSION = YES;
				CLANG_WARN_OBJC_IMPLICIT_RETAIN_SELF = YES;
				CLANG_WARN_OBJC_LITERAL_CONVERSION = YES;
				CLANG_WARN_OBJC_ROOT_CLASS = YES_ERROR;
				CLANG_WARN_QUOTED_INCLUDE_IN_FRAMEWORK_HEADER = YES;
				CLANG_WARN_RANGE_LOOP_ANALYSIS = YES;
				CLANG_WARN_STRICT_PROTOTYPES = YES;
				CLANG_WARN_SUSPICIOUS_MOVE = YES;
				CLANG_WARN_UNGUARDED_AVAILABILITY = YES_AGGRESSIVE;
				CLANG_WARN_UNREACHABLE_CODE = YES;
				CLANG_WARN__DUPLICATE_METHOD_MATCH = YES;
				COPY_PHASE_STRIP = NO;
				DEBUG_INFORMATION_FORMAT = "dwarf-with-dsym";
				ENABLE_NS_ASSERTIONS = NO;
				ENABLE_STRICT_OBJC_MSGSEND = YES;
				ENABLE_USER_SCRIPT_SANDBOXING = YES;
				GCC_C_LANGUAGE_STANDARD = gnu17;
				GCC_NO_COMMON_BLOCKS = YES;
				GCC_WARN_64_TO_32_BIT_CONVERSION = YES;
				GCC_WARN_ABOUT_RETURN_TYPE = YES_ERROR;
				GCC_WARN_UNDECLARED_SELECTOR = YES;
				GCC_WARN_UNINITIALIZED_AUTOS = YES_AGGRESSIVE;
				GCC_WARN_UNUSED_FUNCTION = YES;
				GCC_WARN_UNUSED_VARIABLE = YES;
				IPHONEOS_DEPLOYMENT_TARGET = 17.5;
				LOCALIZATION_PREFERS_STRING_CATALOGS = YES;
				MTL_ENABLE_DEBUG_INFO = NO;
				MTL_FAST_MATH = YES;
				SDKROOT = iphoneos;
				SWIFT_COMPILATION_MODE = wholemodule;
				VALIDATE_PRODUCT = YES;
			};
			name = Release;
		};
		D99AD3652D2CFDFC0061FF9B /* Debug */ = {
			isa = XCBuildConfiguration;
			buildSettings = {
				ASSETCATALOG_COMPILER_APPICON_NAME = AppIcon;
				ASSETCATALOG_COMPILER_GLOBAL_ACCENT_COLOR_NAME = AccentColor;
				CODE_SIGN_STYLE = Automatic;
				CURRENT_PROJECT_VERSION = 1;
				DEVELOPMENT_ASSET_PATHS = "\"CryptoApp/Preview Content\"";
				DEVELOPMENT_TEAM = 464PVQ34ND;
				ENABLE_PREVIEWS = YES;
				GENERATE_INFOPLIST_FILE = YES;
				INFOPLIST_KEY_CFBundleDisplayName = "Crypo Tracker";
				INFOPLIST_KEY_UIApplicationSceneManifest_Generation = YES;
				INFOPLIST_KEY_UIApplicationSupportsIndirectInputEvents = YES;
				INFOPLIST_KEY_UILaunchScreen_Generation = YES;
				INFOPLIST_KEY_UISupportedInterfaceOrientations = UIInterfaceOrientationPortrait;
				LD_RUNPATH_SEARCH_PATHS = (
					"$(inherited)",
					"@executable_path/Frameworks",
				);
				MARKETING_VERSION = 1.0;
				PRODUCT_BUNDLE_IDENTIFIER = com.harolddavidson.CryptoApp;
				PRODUCT_NAME = "$(TARGET_NAME)";
				SWIFT_EMIT_LOC_STRINGS = YES;
				SWIFT_VERSION = 5.0;
				TARGETED_DEVICE_FAMILY = "1,2";
			};
			name = Debug;
		};
		D99AD3662D2CFDFC0061FF9B /* Release */ = {
			isa = XCBuildConfiguration;
			buildSettings = {
				ASSETCATALOG_COMPILER_APPICON_NAME = AppIcon;
				ASSETCATALOG_COMPILER_GLOBAL_ACCENT_COLOR_NAME = AccentColor;
				CODE_SIGN_STYLE = Automatic;
				CURRENT_PROJECT_VERSION = 1;
				DEVELOPMENT_ASSET_PATHS = "\"CryptoApp/Preview Content\"";
				DEVELOPMENT_TEAM = 464PVQ34ND;
				ENABLE_PREVIEWS = YES;
				GENERATE_INFOPLIST_FILE = YES;
				INFOPLIST_KEY_CFBundleDisplayName = "Crypo Tracker";
				INFOPLIST_KEY_UIApplicationSceneManifest_Generation = YES;
				INFOPLIST_KEY_UIApplicationSupportsIndirectInputEvents = YES;
				INFOPLIST_KEY_UILaunchScreen_Generation = YES;
				INFOPLIST_KEY_UISupportedInterfaceOrientations = UIInterfaceOrientationPortrait;
				LD_RUNPATH_SEARCH_PATHS = (
					"$(inherited)",
					"@executable_path/Frameworks",
				);
				MARKETING_VERSION = 1.0;
				PRODUCT_BUNDLE_IDENTIFIER = com.harolddavidson.CryptoApp;
				PRODUCT_NAME = "$(TARGET_NAME)";
				SWIFT_EMIT_LOC_STRINGS = YES;
				SWIFT_VERSION = 5.0;
				TARGETED_DEVICE_FAMILY = "1,2";
			};
			name = Release;
		};
/* End XCBuildConfiguration section */

/* Begin XCConfigurationList section */
		D99AD3512D2CFDFB0061FF9B /* Build configuration list for PBXProject "CryptoApp" */ = {
			isa = XCConfigurationList;
			buildConfigurations = (
				D99AD3622D2CFDFC0061FF9B /* Debug */,
				D99AD3632D2CFDFC0061FF9B /* Release */,
			);
			defaultConfigurationIsVisible = 0;
			defaultConfigurationName = Release;
		};
		D99AD3642D2CFDFC0061FF9B /* Build configuration list for PBXNativeTarget "CryptoApp" */ = {
			isa = XCConfigurationList;
			buildConfigurations = (
				D99AD3652D2CFDFC0061FF9B /* Debug */,
				D99AD3662D2CFDFC0061FF9B /* Release */,
			);
			defaultConfigurationIsVisible = 0;
			defaultConfigurationName = Release;
		};
/* End XCConfigurationList section */
	};
	rootObject = D99AD34E2D2CFDFB0061FF9B /* Project object */;
}
