// !$*UTF8*$!
{
	archiveVersion = 1;
	classes = {
	};
	objectVersion = 77;
	objects = {

/* Begin PBXContainerItemProxy section */
		D94633092DDDA0D60022A7E4 /* PBXContainerItemProxy */ = {
			isa = PBXContainerItemProxy;
			containerPortal = D94632F32DDDA0D50022A7E4 /* Project object */;
			proxyType = 1;
			remoteGlobalIDString = D94632FA2DDDA0D50022A7E4;
			remoteInfo = GuessThatFlag;
		};
		D94633132DDDA0D70022A7E4 /* PBXContainerItemProxy */ = {
			isa = PBXContainerItemProxy;
			containerPortal = D94632F32DDDA0D50022A7E4 /* Project object */;
			proxyType = 1;
			remoteGlobalIDString = D94632FA2DDDA0D50022A7E4;
			remoteInfo = GuessThatFlag;
		};
/* End PBXContainerItemProxy section */

/* Begin PBXFileReference section */
		D94632FB2DDDA0D50022A7E4 /* GuessThatFlag.app */ = {isa = PBXFileReference; explicitFileType = wrapper.application; includeInIndex = 0; path = GuessThatFlag.app; sourceTree = BUILT_PRODUCTS_DIR; };
		D94633082DDDA0D60022A7E4 /* GuessThatFlagTests.xctest */ = {isa = PBXFileReference; explicitFileType = wrapper.cfbundle; includeInIndex = 0; path = GuessThatFlagTests.xctest; sourceTree = BUILT_PRODUCTS_DIR; };
		D94633122DDDA0D70022A7E4 /* GuessThatFlagUITests.xctest */ = {isa = PBXFileReference; explicitFileType = wrapper.cfbundle; includeInIndex = 0; path = GuessThatFlagUITests.xctest; sourceTree = BUILT_PRODUCTS_DIR; };
/* End PBXFileReference section */

/* Begin PBXFileSystemSynchronizedRootGroup section */
		D94632FD2DDDA0D50022A7E4 /* GuessThatFlag */ = {
			isa = PBXFileSystemSynchronizedRootGroup;
			path = GuessThatFlag;
			sourceTree = "<group>";
		};
		D946330B2DDDA0D70022A7E4 /* GuessThatFlagTests */ = {
			isa = PBXFileSystemSynchronizedRootGroup;
			path = GuessThatFlagTests;
			sourceTree = "<group>";
		};
		D94633152DDDA0D70022A7E4 /* GuessThatFlagUITests */ = {
			isa = PBXFileSystemSynchronizedRootGroup;
			path = GuessThatFlagUITests;
			sourceTree = "<group>";
		};
/* End PBXFileSystemSynchronizedRootGroup section */

/* Begin PBXFrameworksBuildPhase section */
		D94632F82DDDA0D50022A7E4 /* Frameworks */ = {
			isa = PBXFrameworksBuildPhase;
			buildActionMask = 2147483647;
			files = (
			);
			runOnlyForDeploymentPostprocessing = 0;
		};
		D94633052DDDA0D60022A7E4 /* Frameworks */ = {
			isa = PBXFrameworksBuildPhase;
			buildActionMask = 2147483647;
			files = (
			);
			runOnlyForDeploymentPostprocessing = 0;
		};
		D946330F2DDDA0D70022A7E4 /* Frameworks */ = {
			isa = PBXFrameworksBuildPhase;
			buildActionMask = 2147483647;
			files = (
			);
			runOnlyForDeploymentPostprocessing = 0;
		};
/* End PBXFrameworksBuildPhase section */

/* Begin PBXGroup section */
		D94632F22DDDA0D50022A7E4 = {
			isa = PBXGroup;
			children = (
				D94632FD2DDDA0D50022A7E4 /* GuessThatFlag */,
				D946330B2DDDA0D70022A7E4 /* GuessThatFlagTests */,
				D94633152DDDA0D70022A7E4 /* GuessThatFlagUITests */,
				D94632FC2DDDA0D50022A7E4 /* Products */,
			);
			sourceTree = "<group>";
		};
		D94632FC2DDDA0D50022A7E4 /* Products */ = {
			isa = PBXGroup;
			children = (
				D94632FB2DDDA0D50022A7E4 /* GuessThatFlag.app */,
				D94633082DDDA0D60022A7E4 /* GuessThatFlagTests.xctest */,
				D94633122DDDA0D70022A7E4 /* GuessThatFlagUITests.xctest */,
			);
			name = Products;
			sourceTree = "<group>";
		};
/* End PBXGroup section */

/* Begin PBXNativeTarget section */
		D94632FA2DDDA0D50022A7E4 /* GuessThatFlag */ = {
			isa = PBXNativeTarget;
			buildConfigurationList = D946331C2DDDA0D70022A7E4 /* Build configuration list for PBXNativeTarget "GuessThatFlag" */;
			buildPhases = (
				D94632F72DDDA0D50022A7E4 /* Sources */,
				D94632F82DDDA0D50022A7E4 /* Frameworks */,
				D94632F92DDDA0D50022A7E4 /* Resources */,
			);
			buildRules = (
			);
			dependencies = (
			);
			fileSystemSynchronizedGroups = (
				D94632FD2DDDA0D50022A7E4 /* GuessThatFlag */,
			);
			name = GuessThatFlag;
			packageProductDependencies = (
			);
			productName = GuessThatFlag;
			productReference = D94632FB2DDDA0D50022A7E4 /* GuessThatFlag.app */;
			productType = "com.apple.product-type.application";
		};
		D94633072DDDA0D60022A7E4 /* GuessThatFlagTests */ = {
			isa = PBXNativeTarget;
			buildConfigurationList = D946331F2DDDA0D70022A7E4 /* Build configuration list for PBXNativeTarget "GuessThatFlagTests" */;
			buildPhases = (
				D94633042DDDA0D60022A7E4 /* Sources */,
				D94633052DDDA0D60022A7E4 /* Frameworks */,
				D94633062DDDA0D60022A7E4 /* Resources */,
			);
			buildRules = (
			);
			dependencies = (
				D946330A2DDDA0D60022A7E4 /* PBXTargetDependency */,
			);
			fileSystemSynchronizedGroups = (
				D946330B2DDDA0D70022A7E4 /* GuessThatFlagTests */,
			);
			name = GuessThatFlagTests;
			packageProductDependencies = (
			);
			productName = GuessThatFlagTests;
			productReference = D94633082DDDA0D60022A7E4 /* GuessThatFlagTests.xctest */;
			productType = "com.apple.product-type.bundle.unit-test";
		};
		D94633112DDDA0D70022A7E4 /* GuessThatFlagUITests */ = {
			isa = PBXNativeTarget;
			buildConfigurationList = D94633222DDDA0D70022A7E4 /* Build configuration list for PBXNativeTarget "GuessThatFlagUITests" */;
			buildPhases = (
				D946330E2DDDA0D70022A7E4 /* Sources */,
				D946330F2DDDA0D70022A7E4 /* Frameworks */,
				D94633102DDDA0D70022A7E4 /* Resources */,
			);
			buildRules = (
			);
			dependencies = (
				D94633142DDDA0D70022A7E4 /* PBXTargetDependency */,
			);
			fileSystemSynchronizedGroups = (
				D94633152DDDA0D70022A7E4 /* GuessThatFlagUITests */,
			);
			name = GuessThatFlagUITests;
			packageProductDependencies = (
			);
			productName = GuessThatFlagUITests;
			productReference = D94633122DDDA0D70022A7E4 /* GuessThatFlagUITests.xctest */;
			productType = "com.apple.product-type.bundle.ui-testing";
		};
/* End PBXNativeTarget section */

/* Begin PBXProject section */
		D94632F32DDDA0D50022A7E4 /* Project object */ = {
			isa = PBXProject;
			attributes = {
				BuildIndependentTargetsInParallel = 1;
				LastSwiftUpdateCheck = 1630;
				LastUpgradeCheck = 1630;
				TargetAttributes = {
					D94632FA2DDDA0D50022A7E4 = {
						CreatedOnToolsVersion = 16.3;
					};
					D94633072DDDA0D60022A7E4 = {
						CreatedOnToolsVersion = 16.3;
						TestTargetID = D94632FA2DDDA0D50022A7E4;
					};
					D94633112DDDA0D70022A7E4 = {
						CreatedOnToolsVersion = 16.3;
						TestTargetID = D94632FA2DDDA0D50022A7E4;
					};
				};
			};
			buildConfigurationList = D94632F62DDDA0D50022A7E4 /* Build configuration list for PBXProject "GuessThatFlag" */;
			developmentRegion = en;
			hasScannedForEncodings = 0;
			knownRegions = (
				en,
				Base,
			);
			mainGroup = D94632F22DDDA0D50022A7E4;
			minimizedProjectReferenceProxies = 1;
			preferredProjectObjectVersion = 77;
			productRefGroup = D94632FC2DDDA0D50022A7E4 /* Products */;
			projectDirPath = "";
			projectRoot = "";
			targets = (
				D94632FA2DDDA0D50022A7E4 /* GuessThatFlag */,
				D94633072DDDA0D60022A7E4 /* GuessThatFlagTests */,
				D94633112DDDA0D70022A7E4 /* GuessThatFlagUITests */,
			);
		};
/* End PBXProject section */

/* Begin PBXResourcesBuildPhase section */
		D94632F92DDDA0D50022A7E4 /* Resources */ = {
			isa = PBXResourcesBuildPhase;
			buildActionMask = 2147483647;
			files = (
			);
			runOnlyForDeploymentPostprocessing = 0;
		};
		D94633062DDDA0D60022A7E4 /* Resources */ = {
			isa = PBXResourcesBuildPhase;
			buildActionMask = 2147483647;
			files = (
			);
			runOnlyForDeploymentPostprocessing = 0;
		};
		D94633102DDDA0D70022A7E4 /* Resources */ = {
			isa = PBXResourcesBuildPhase;
			buildActionMask = 2147483647;
			files = (
			);
			runOnlyForDeploymentPostprocessing = 0;
		};
/* End PBXResourcesBuildPhase section */

/* Begin PBXSourcesBuildPhase section */
		D94632F72DDDA0D50022A7E4 /* Sources */ = {
			isa = PBXSourcesBuildPhase;
			buildActionMask = 2147483647;
			files = (
			);
			runOnlyForDeploymentPostprocessing = 0;
		};
		D94633042DDDA0D60022A7E4 /* Sources */ = {
			isa = PBXSourcesBuildPhase;
			buildActionMask = 2147483647;
			files = (
			);
			runOnlyForDeploymentPostprocessing = 0;
		};
		D946330E2DDDA0D70022A7E4 /* Sources */ = {
			isa = PBXSourcesBuildPhase;
			buildActionMask = 2147483647;
			files = (
			);
			runOnlyForDeploymentPostprocessing = 0;
		};
/* End PBXSourcesBuildPhase section */

/* Begin PBXTargetDependency section */
		D946330A2DDDA0D60022A7E4 /* PBXTargetDependency */ = {
			isa = PBXTargetDependency;
			target = D94632FA2DDDA0D50022A7E4 /* GuessThatFlag */;
			targetProxy = D94633092DDDA0D60022A7E4 /* PBXContainerItemProxy */;
		};
		D94633142DDDA0D70022A7E4 /* PBXTargetDependency */ = {
			isa = PBXTargetDependency;
			target = D94632FA2DDDA0D50022A7E4 /* GuessThatFlag */;
			targetProxy = D94633132DDDA0D70022A7E4 /* PBXContainerItemProxy */;
		};
/* End PBXTargetDependency section */

/* Begin XCBuildConfiguration section */
		D946331A2DDDA0D70022A7E4 /* Debug */ = {
			isa = XCBuildConfiguration;
			buildSettings = {
				ALWAYS_SEARCH_USER_PATHS = NO;
				ASSETCATALOG_COMPILER_GENERATE_SWIFT_ASSET_SYMBOL_EXTENSIONS = YES;
				CLANG_ANALYZER_NONNULL = YES;
				CLANG_ANALYZER_NUMBER_OBJECT_CONVERSION = YES_AGGRESSIVE;
				CLANG_CXX_LANGUAGE_STANDARD = "gnu++20";
				CLANG_ENABLE_MODULES = YES;
				CLANG_ENABLE_OBJC_ARC = YES;
				CLANG_ENABLE_OBJC_WEAK = YES;
				CLANG_WARN_BLOCK_CAPTURE_AUTORELEASING = YES;
				CLANG_WARN_BOOL_CONVERSION = YES;
				CLANG_WARN_COMMA = YES;
				CLANG_WARN_CONSTANT_CONVERSION = YES;
				CLANG_WARN_DEPRECATED_OBJC_IMPLEMENTATIONS = YES;
				CLANG_WARN_DIRECT_OBJC_ISA_USAGE = YES_ERROR;
				CLANG_WARN_DOCUMENTATION_COMMENTS = YES;
				CLANG_WARN_EMPTY_BODY = YES;
				CLANG_WARN_ENUM_CONVERSION = YES;
				CLANG_WARN_INFINITE_RECURSION = YES;
				CLANG_WARN_INT_CONVERSION = YES;
				CLANG_WARN_NON_LITERAL_NULL_CONVERSION = YES;
				CLANG_WARN_OBJC_IMPLICIT_RETAIN_SELF = YES;
				CLANG_WARN_OBJC_LITERAL_CONVERSION = YES;
				CLANG_WARN_OBJC_ROOT_CLASS = YES_ERROR;
				CLANG_WARN_QUOTED_INCLUDE_IN_FRAMEWORK_HEADER = YES;
				CLANG_WARN_RANGE_LOOP_ANALYSIS = YES;
				CLANG_WARN_STRICT_PROTOTYPES = YES;
				CLANG_WARN_SUSPICIOUS_MOVE = YES;
				CLANG_WARN_UNGUARDED_AVAILABILITY = YES_AGGRESSIVE;
				CLANG_WARN_UNREACHABLE_CODE = YES;
				CLANG_WARN__DUPLICATE_METHOD_MATCH = YES;
				COPY_PHASE_STRIP = NO;
				DEBUG_INFORMATION_FORMAT = dwarf;
				DEVELOPMENT_TEAM = 464PVQ34ND;
				ENABLE_STRICT_OBJC_MSGSEND = YES;
				ENABLE_TESTABILITY = YES;
				ENABLE_USER_SCRIPT_SANDBOXING = YES;
				GCC_C_LANGUAGE_STANDARD = gnu17;
				GCC_DYNAMIC_NO_PIC = NO;
				GCC_NO_COMMON_BLOCKS = YES;
				GCC_OPTIMIZATION_LEVEL = 0;
				GCC_PREPROCESSOR_DEFINITIONS = (
					"DEBUG=1",
					"$(inherited)",
				);
				GCC_WARN_64_TO_32_BIT_CONVERSION = YES;
				GCC_WARN_ABOUT_RETURN_TYPE = YES_ERROR;
				GCC_WARN_UNDECLARED_SELECTOR = YES;
				GCC_WARN_UNINITIALIZED_AUTOS = YES_AGGRESSIVE;
				GCC_WARN_UNUSED_FUNCTION = YES;
				GCC_WARN_UNUSED_VARIABLE = YES;
				IPHONEOS_DEPLOYMENT_TARGET = 18.4;
				LOCALIZATION_PREFERS_STRING_CATALOGS = YES;
				MTL_ENABLE_DEBUG_INFO = INCLUDE_SOURCE;
				MTL_FAST_MATH = YES;
				ONLY_ACTIVE_ARCH = YES;
				SDKROOT = iphoneos;
				SWIFT_ACTIVE_COMPILATION_CONDITIONS = "DEBUG $(inherited)";
				SWIFT_OPTIMIZATION_LEVEL = "-Onone";
			};
			name = Debug;
		};
		D946331B2DDDA0D70022A7E4 /* Release */ = {
			isa = XCBuildConfiguration;
			buildSettings = {
				ALWAYS_SEARCH_USER_PATHS = NO;
				ASSETCATALOG_COMPILER_GENERATE_SWIFT_ASSET_SYMBOL_EXTENSIONS = YES;
				CLANG_ANALYZER_NONNULL = YES;
				CLANG_ANALYZER_NUMBER_OBJECT_CONVERSION = YES_AGGRESSIVE;
				CLANG_CXX_LANGUAGE_STANDARD = "gnu++20";
				CLANG_ENABLE_MODULES = YES;
				CLANG_ENABLE_OBJC_ARC = YES;
				CLANG_ENABLE_OBJC_WEAK = YES;
				CLANG_WARN_BLOCK_CAPTURE_AUTORELEASING = YES;
				CLANG_WARN_BOOL_CONVERSION = YES;
				CLANG_WARN_COMMA = YES;
				CLANG_WARN_CONSTANT_CONVERSION = YES;
				CLANG_WARN_DEPRECATED_OBJC_IMPLEMENTATIONS = YES;
				CLANG_WARN_DIRECT_OBJC_ISA_USAGE = YES_ERROR;
				CLANG_WARN_DOCUMENTATION_COMMENTS = YES;
				CLANG_WARN_EMPTY_BODY = YES;
				CLANG_WARN_ENUM_CONVERSION = YES;
				CLANG_WARN_INFINITE_RECURSION = YES;
				CLANG_WARN_INT_CONVERSION = YES;
				CLANG_WARN_NON_LITERAL_NULL_CONVERSION = YES;
				CLANG_WARN_OBJC_IMPLICIT_RETAIN_SELF = YES;
				CLANG_WARN_OBJC_LITERAL_CONVERSION = YES;
				CLANG_WARN_OBJC_ROOT_CLASS = YES_ERROR;
				CLANG_WARN_QUOTED_INCLUDE_IN_FRAMEWORK_HEADER = YES;
				CLANG_WARN_RANGE_LOOP_ANALYSIS = YES;
				CLANG_WARN_STRICT_PROTOTYPES = YES;
				CLANG_WARN_SUSPICIOUS_MOVE = YES;
				CLANG_WARN_UNGUARDED_AVAILABILITY = YES_AGGRESSIVE;
				CLANG_WARN_UNREACHABLE_CODE = YES;
				CLANG_WARN__DUPLICATE_METHOD_MATCH = YES;
				COPY_PHASE_STRIP = NO;
				DEBUG_INFORMATION_FORMAT = "dwarf-with-dsym";
				DEVELOPMENT_TEAM = 464PVQ34ND;
				ENABLE_NS_ASSERTIONS = NO;
				ENABLE_STRICT_OBJC_MSGSEND = YES;
				ENABLE_USER_SCRIPT_SANDBOXING = YES;
				GCC_C_LANGUAGE_STANDARD = gnu17;
				GCC_NO_COMMON_BLOCKS = YES;
				GCC_WARN_64_TO_32_BIT_CONVERSION = YES;
				GCC_WARN_ABOUT_RETURN_TYPE = YES_ERROR;
				GCC_WARN_UNDECLARED_SELECTOR = YES;
				GCC_WARN_UNINITIALIZED_AUTOS = YES_AGGRESSIVE;
				GCC_WARN_UNUSED_FUNCTION = YES;
				GCC_WARN_UNUSED_VARIABLE = YES;
				IPHONEOS_DEPLOYMENT_TARGET = 18.4;
				LOCALIZATION_PREFERS_STRING_CATALOGS = YES;
				MTL_ENABLE_DEBUG_INFO = NO;
				MTL_FAST_MATH = YES;
				SDKROOT = iphoneos;
				SWIFT_COMPILATION_MODE = wholemodule;
				VALIDATE_PRODUCT = YES;
			};
			name = Release;
		};
		D946331D2DDDA0D70022A7E4 /* Debug */ = {
			isa = XCBuildConfiguration;
			buildSettings = {
				ASSETCATALOG_COMPILER_APPICON_NAME = AppIcon;
				ASSETCATALOG_COMPILER_GLOBAL_ACCENT_COLOR_NAME = AccentColor;
				CODE_SIGN_STYLE = Automatic;
				CURRENT_PROJECT_VERSION = 1;
				DEVELOPMENT_TEAM = 464PVQ34ND;
				ENABLE_PREVIEWS = YES;
				GENERATE_INFOPLIST_FILE = YES;
				INFOPLIST_KEY_UIApplicationSceneManifest_Generation = YES;
				INFOPLIST_KEY_UIApplicationSupportsIndirectInputEvents = YES;
				INFOPLIST_KEY_UILaunchScreen_Generation = YES;
				INFOPLIST_KEY_UISupportedInterfaceOrientations_iPad = "UIInterfaceOrientationPortrait UIInterfaceOrientationPortraitUpsideDown UIInterfaceOrientationLandscapeLeft UIInterfaceOrientationLandscapeRight";
				INFOPLIST_KEY_UISupportedInterfaceOrientations_iPhone = "UIInterfaceOrientationPortrait UIInterfaceOrientationLandscapeLeft UIInterfaceOrientationLandscapeRight";
				LD_RUNPATH_SEARCH_PATHS = (
					"$(inherited)",
					"@executable_path/Frameworks",
				);
				MARKETING_VERSION = 1.0;
				PRODUCT_BUNDLE_IDENTIFIER = com.harolddavidson.GuessThatFlag;
				PRODUCT_NAME = "$(TARGET_NAME)";
				SWIFT_EMIT_LOC_STRINGS = YES;
				SWIFT_VERSION = 5.0;
				TARGETED_DEVICE_FAMILY = "1,2";
			};
			name = Debug;
		};
		D946331E2DDDA0D70022A7E4 /* Release */ = {
			isa = XCBuildConfiguration;
			buildSettings = {
				ASSETCATALOG_COMPILER_APPICON_NAME = AppIcon;
				ASSETCATALOG_COMPILER_GLOBAL_ACCENT_COLOR_NAME = AccentColor;
				CODE_SIGN_STYLE = Automatic;
				CURRENT_PROJECT_VERSION = 1;
				DEVELOPMENT_TEAM = 464PVQ34ND;
				ENABLE_PREVIEWS = YES;
				GENERATE_INFOPLIST_FILE = YES;
				INFOPLIST_KEY_UIApplicationSceneManifest_Generation = YES;
				INFOPLIST_KEY_UIApplicationSupportsIndirectInputEvents = YES;
				INFOPLIST_KEY_UILaunchScreen_Generation = YES;
				INFOPLIST_KEY_UISupportedInterfaceOrientations_iPad = "UIInterfaceOrientationPortrait UIInterfaceOrientationPortraitUpsideDown UIInterfaceOrientationLandscapeLeft UIInterfaceOrientationLandscapeRight";
				INFOPLIST_KEY_UISupportedInterfaceOrientations_iPhone = "UIInterfaceOrientationPortrait UIInterfaceOrientationLandscapeLeft UIInterfaceOrientationLandscapeRight";
				LD_RUNPATH_SEARCH_PATHS = (
					"$(inherited)",
					"@executable_path/Frameworks",
				);
				MARKETING_VERSION = 1.0;
				PRODUCT_BUNDLE_IDENTIFIER = com.harolddavidson.GuessThatFlag;
				PRODUCT_NAME = "$(TARGET_NAME)";
				SWIFT_EMIT_LOC_STRINGS = YES;
				SWIFT_VERSION = 5.0;
				TARGETED_DEVICE_FAMILY = "1,2";
			};
			name = Release;
		};
		D94633202DDDA0D70022A7E4 /* Debug */ = {
			isa = XCBuildConfiguration;
			buildSettings = {
				BUNDLE_LOADER = "$(TEST_HOST)";
				CODE_SIGN_STYLE = Automatic;
				CURRENT_PROJECT_VERSION = 1;
				DEVELOPMENT_TEAM = 464PVQ34ND;
				GENERATE_INFOPLIST_FILE = YES;
				IPHONEOS_DEPLOYMENT_TARGET = 18.4;
				MARKETING_VERSION = 1.0;
				PRODUCT_BUNDLE_IDENTIFIER = com.harolddavidson.GuessThatFlagTests;
				PRODUCT_NAME = "$(TARGET_NAME)";
				SWIFT_EMIT_LOC_STRINGS = NO;
				SWIFT_VERSION = 5.0;
				TARGETED_DEVICE_FAMILY = "1,2";
				TEST_HOST = "$(BUILT_PRODUCTS_DIR)/GuessThatFlag.app/$(BUNDLE_EXECUTABLE_FOLDER_PATH)/GuessThatFlag";
			};
			name = Debug;
		};
		D94633212DDDA0D70022A7E4 /* Release */ = {
			isa = XCBuildConfiguration;
			buildSettings = {
				BUNDLE_LOADER = "$(TEST_HOST)";
				CODE_SIGN_STYLE = Automatic;
				CURRENT_PROJECT_VERSION = 1;
				DEVELOPMENT_TEAM = 464PVQ34ND;
				GENERATE_INFOPLIST_FILE = YES;
				IPHONEOS_DEPLOYMENT_TARGET = 18.4;
				MARKETING_VERSION = 1.0;
				PRODUCT_BUNDLE_IDENTIFIER = com.harolddavidson.GuessThatFlagTests;
				PRODUCT_NAME = "$(TARGET_NAME)";
				SWIFT_EMIT_LOC_STRINGS = NO;
				SWIFT_VERSION = 5.0;
				TARGETED_DEVICE_FAMILY = "1,2";
				TEST_HOST = "$(BUILT_PRODUCTS_DIR)/GuessThatFlag.app/$(BUNDLE_EXECUTABLE_FOLDER_PATH)/GuessThatFlag";
			};
			name = Release;
		};
		D94633232DDDA0D70022A7E4 /* Debug */ = {
			isa = XCBuildConfiguration;
			buildSettings = {
				CODE_SIGN_STYLE = Automatic;
				CURRENT_PROJECT_VERSION = 1;
				DEVELOPMENT_TEAM = 464PVQ34ND;
				GENERATE_INFOPLIST_FILE = YES;
				MARKETING_VERSION = 1.0;
				PRODUCT_BUNDLE_IDENTIFIER = com.harolddavidson.GuessThatFlagUITests;
				PRODUCT_NAME = "$(TARGET_NAME)";
				SWIFT_EMIT_LOC_STRINGS = NO;
				SWIFT_VERSION = 5.0;
				TARGETED_DEVICE_FAMILY = "1,2";
				TEST_TARGET_NAME = GuessThatFlag;
			};
			name = Debug;
		};
		D94633242DDDA0D70022A7E4 /* Release */ = {
			isa = XCBuildConfiguration;
			buildSettings = {
				CODE_SIGN_STYLE = Automatic;
				CURRENT_PROJECT_VERSION = 1;
				DEVELOPMENT_TEAM = 464PVQ34ND;
				GENERATE_INFOPLIST_FILE = YES;
				MARKETING_VERSION = 1.0;
				PRODUCT_BUNDLE_IDENTIFIER = com.harolddavidson.GuessThatFlagUITests;
				PRODUCT_NAME = "$(TARGET_NAME)";
				SWIFT_EMIT_LOC_STRINGS = NO;
				SWIFT_VERSION = 5.0;
				TARGETED_DEVICE_FAMILY = "1,2";
				TEST_TARGET_NAME = GuessThatFlag;
			};
			name = Release;
		};
/* End XCBuildConfiguration section */

/* Begin XCConfigurationList section */
		D94632F62DDDA0D50022A7E4 /* Build configuration list for PBXProject "GuessThatFlag" */ = {
			isa = XCConfigurationList;
			buildConfigurations = (
				D946331A2DDDA0D70022A7E4 /* Debug */,
				D946331B2DDDA0D70022A7E4 /* Release */,
			);
			defaultConfigurationIsVisible = 0;
			defaultConfigurationName = Release;
		};
		D946331C2DDDA0D70022A7E4 /* Build configuration list for PBXNativeTarget "GuessThatFlag" */ = {
			isa = XCConfigurationList;
			buildConfigurations = (
				D946331D2DDDA0D70022A7E4 /* Debug */,
				D946331E2DDDA0D70022A7E4 /* Release */,
			);
			defaultConfigurationIsVisible = 0;
			defaultConfigurationName = Release;
		};
		D946331F2DDDA0D70022A7E4 /* Build configuration list for PBXNativeTarget "GuessThatFlagTests" */ = {
			isa = XCConfigurationList;
			buildConfigurations = (
				D94633202DDDA0D70022A7E4 /* Debug */,
				D94633212DDDA0D70022A7E4 /* Release */,
			);
			defaultConfigurationIsVisible = 0;
			defaultConfigurationName = Release;
		};
		D94633222DDDA0D70022A7E4 /* Build configuration list for PBXNativeTarget "GuessThatFlagUITests" */ = {
			isa = XCConfigurationList;
			buildConfigurations = (
				D94633232DDDA0D70022A7E4 /* Debug */,
				D94633242DDDA0D70022A7E4 /* Release */,
			);
			defaultConfigurationIsVisible = 0;
			defaultConfigurationName = Release;
		};
/* End XCConfigurationList section */
	};
	rootObject = D94632F32DDDA0D50022A7E4 /* Project object */;
}
