{
  "originHash" : "92046cd5b2f2281033576764770b7a11ca088b9ebaf1f5b30fe730e9dc26f50e",
  "pins" : [
    {
      "identity" : "purchases-ios",
      "kind" : "remoteSourceControl",
      "location" : "https://github.com/RevenueCat/purchases-ios.git",
      "state" : {
        "revision" : "49f0fecb5c8e5272d0410b1cc736fc4caafcb5e1",
        "version" : "5.15.1"
      }
    }
  ],
  "version" : 3
}
