// !$*UTF8*$!
{
	archiveVersion = 1;
	classes = {
	};
	objectVersion = 77;
	objects = {

/* Begin PBXContainerItemProxy section */
		D990CD682ED2695D009D8826 /* PBXContainerItemProxy */ = {
			isa = PBXContainerItemProxy;
			containerPortal = D990CD492ED2695B009D8826 /* Project object */;
			proxyType = 1;
			remoteGlobalIDString = D990CD502ED2695C009D8826;
			remoteInfo = MainActor;
		};
		D990CD722ED2695D009D8826 /* PBXContainerItemProxy */ = {
			isa = PBXContainerItemProxy;
			containerPortal = D990CD492ED2695B009D8826 /* Project object */;
			proxyType = 1;
			remoteGlobalIDString = D990CD502ED2695C009D8826;
			remoteInfo = MainActor;
		};
/* End PBXContainerItemProxy section */

/* Begin PBXFileReference section */
		D990CD512ED2695C009D8826 /* MainActor.app */ = {isa = PBXFileReference; explicitFileType = wrapper.application; includeInIndex = 0; path = MainActor.app; sourceTree = BUILT_PRODUCTS_DIR; };
		D990CD672ED2695D009D8826 /* MainActorTests.xctest */ = {isa = PBXFileReference; explicitFileType = wrapper.cfbundle; includeInIndex = 0; path = MainActorTests.xctest; sourceTree = BUILT_PRODUCTS_DIR; };
		D990CD712ED2695D009D8826 /* MainActorUITests.xctest */ = {isa = PBXFileReference; explicitFileType = wrapper.cfbundle; includeInIndex = 0; path = MainActorUITests.xctest; sourceTree = BUILT_PRODUCTS_DIR; };
/* End PBXFileReference section */

/* Begin PBXFileSystemSynchronizedBuildFileExceptionSet section */
		D990CD792ED2695D009D8826 /* Exceptions for "MainActor" folder in "MainActor" target */ = {
			isa = PBXFileSystemSynchronizedBuildFileExceptionSet;
			membershipExceptions = (
				Info.plist,
			);
			target = D990CD502ED2695C009D8826 /* MainActor */;
		};
/* End PBXFileSystemSynchronizedBuildFileExceptionSet section */

/* Begin PBXFileSystemSynchronizedRootGroup section */
		D990CD532ED2695C009D8826 /* MainActor */ = {
			isa = PBXFileSystemSynchronizedRootGroup;
			exceptions = (
				D990CD792ED2695D009D8826 /* Exceptions for "MainActor" folder in "MainActor" target */,
			);
			path = MainActor;
			sourceTree = "<group>";
		};
		D990CD6A2ED2695D009D8826 /* MainActorTests */ = {
			isa = PBXFileSystemSynchronizedRootGroup;
			path = MainActorTests;
			sourceTree = "<group>";
		};
		D990CD742ED2695D009D8826 /* MainActorUITests */ = {
			isa = PBXFileSystemSynchronizedRootGroup;
			path = MainActorUITests;
			sourceTree = "<group>";
		};
/* End PBXFileSystemSynchronizedRootGroup section */

/* Begin PBXFrameworksBuildPhase section */
		D990CD4E2ED2695C009D8826 /* Frameworks */ = {
			isa = PBXFrameworksBuildPhase;
			buildActionMask = 2147483647;
			files = (
			);
			runOnlyForDeploymentPostprocessing = 0;
		};
		D990CD642ED2695D009D8826 /* Frameworks */ = {
			isa = PBXFrameworksBuildPhase;
			buildActionMask = 2147483647;
			files = (
			);
			runOnlyForDeploymentPostprocessing = 0;
		};
		D990CD6E2ED2695D009D8826 /* Frameworks */ = {
			isa = PBXFrameworksBuildPhase;
			buildActionMask = 2147483647;
			files = (
			);
			runOnlyForDeploymentPostprocessing = 0;
		};
/* End PBXFrameworksBuildPhase section */

/* Begin PBXGroup section */
		D990CD482ED2695B009D8826 = {
			isa = PBXGroup;
			children = (
				D990CD532ED2695C009D8826 /* MainActor */,
				D990CD6A2ED2695D009D8826 /* MainActorTests */,
				D990CD742ED2695D009D8826 /* MainActorUITests */,
				D990CD522ED2695C009D8826 /* Products */,
			);
			sourceTree = "<group>";
		};
		D990CD522ED2695C009D8826 /* Products */ = {
			isa = PBXGroup;
			children = (
				D990CD512ED2695C009D8826 /* MainActor.app */,
				D990CD672ED2695D009D8826 /* MainActorTests.xctest */,
				D990CD712ED2695D009D8826 /* MainActorUITests.xctest */,
			);
			name = Products;
			sourceTree = "<group>";
		};
/* End PBXGroup section */

/* Begin PBXNativeTarget section */
		D990CD502ED2695C009D8826 /* MainActor */ = {
			isa = PBXNativeTarget;
			buildConfigurationList = D990CD7A2ED2695D009D8826 /* Build configuration list for PBXNativeTarget "MainActor" */;
			buildPhases = (
				D990CD4D2ED2695C009D8826 /* Sources */,
				D990CD4E2ED2695C009D8826 /* Frameworks */,
				D990CD4F2ED2695C009D8826 /* Resources */,
			);
			buildRules = (
			);
			dependencies = (
			);
			fileSystemSynchronizedGroups = (
				D990CD532ED2695C009D8826 /* MainActor */,
			);
			name = MainActor;
			packageProductDependencies = (
			);
			productName = MainActor;
			productReference = D990CD512ED2695C009D8826 /* MainActor.app */;
			productType = "com.apple.product-type.application";
		};
		D990CD662ED2695D009D8826 /* MainActorTests */ = {
			isa = PBXNativeTarget;
			buildConfigurationList = D990CD7F2ED2695D009D8826 /* Build configuration list for PBXNativeTarget "MainActorTests" */;
			buildPhases = (
				D990CD632ED2695D009D8826 /* Sources */,
				D990CD642ED2695D009D8826 /* Frameworks */,
				D990CD652ED2695D009D8826 /* Resources */,
			);
			buildRules = (
			);
			dependencies = (
				D990CD692ED2695D009D8826 /* PBXTargetDependency */,
			);
			fileSystemSynchronizedGroups = (
				D990CD6A2ED2695D009D8826 /* MainActorTests */,
			);
			name = MainActorTests;
			packageProductDependencies = (
			);
			productName = MainActorTests;
			productReference = D990CD672ED2695D009D8826 /* MainActorTests.xctest */;
			productType = "com.apple.product-type.bundle.unit-test";
		};
		D990CD702ED2695D009D8826 /* MainActorUITests */ = {
			isa = PBXNativeTarget;
			buildConfigurationList = D990CD822ED2695D009D8826 /* Build configuration list for PBXNativeTarget "MainActorUITests" */;
			buildPhases = (
				D990CD6D2ED2695D009D8826 /* Sources */,
				D990CD6E2ED2695D009D8826 /* Frameworks */,
				D990CD6F2ED2695D009D8826 /* Resources */,
			);
			buildRules = (
			);
			dependencies = (
				D990CD732ED2695D009D8826 /* PBXTargetDependency */,
			);
			fileSystemSynchronizedGroups = (
				D990CD742ED2695D009D8826 /* MainActorUITests */,
			);
			name = MainActorUITests;
			packageProductDependencies = (
			);
			productName = MainActorUITests;
			productReference = D990CD712ED2695D009D8826 /* MainActorUITests.xctest */;
			productType = "com.apple.product-type.bundle.ui-testing";
		};
/* End PBXNativeTarget section */

/* Begin PBXProject section */
		D990CD492ED2695B009D8826 /* Project object */ = {
			isa = PBXProject;
			attributes = {
				BuildIndependentTargetsInParallel = 1;
				LastSwiftUpdateCheck = 1630;
				LastUpgradeCheck = 1630;
				TargetAttributes = {
					D990CD502ED2695C009D8826 = {
						CreatedOnToolsVersion = 16.3;
					};
					D990CD662ED2695D009D8826 = {
						CreatedOnToolsVersion = 16.3;
						TestTargetID = D990CD502ED2695C009D8826;
					};
					D990CD702ED2695D009D8826 = {
						CreatedOnToolsVersion = 16.3;
						TestTargetID = D990CD502ED2695C009D8826;
					};
				};
			};
			buildConfigurationList = D990CD4C2ED2695B009D8826 /* Build configuration list for PBXProject "MainActor" */;
			developmentRegion = en;
			hasScannedForEncodings = 0;
			knownRegions = (
				en,
				Base,
			);
			mainGroup = D990CD482ED2695B009D8826;
			minimizedProjectReferenceProxies = 1;
			preferredProjectObjectVersion = 77;
			productRefGroup = D990CD522ED2695C009D8826 /* Products */;
			projectDirPath = "";
			projectRoot = "";
			targets = (
				D990CD502ED2695C009D8826 /* MainActor */,
				D990CD662ED2695D009D8826 /* MainActorTests */,
				D990CD702ED2695D009D8826 /* MainActorUITests */,
			);
		};
/* End PBXProject section */

/* Begin PBXResourcesBuildPhase section */
		D990CD4F2ED2695C009D8826 /* Resources */ = {
			isa = PBXResourcesBuildPhase;
			buildActionMask = 2147483647;
			files = (
			);
			runOnlyForDeploymentPostprocessing = 0;
		};
		D990CD652ED2695D009D8826 /* Resources */ = {
			isa = PBXResourcesBuildPhase;
			buildActionMask = 2147483647;
			files = (
			);
			runOnlyForDeploymentPostprocessing = 0;
		};
		D990CD6F2ED2695D009D8826 /* Resources */ = {
			isa = PBXResourcesBuildPhase;
			buildActionMask = 2147483647;
			files = (
			);
			runOnlyForDeploymentPostprocessing = 0;
		};
/* End PBXResourcesBuildPhase section */

/* Begin PBXSourcesBuildPhase section */
		D990CD4D2ED2695C009D8826 /* Sources */ = {
			isa = PBXSourcesBuildPhase;
			buildActionMask = 2147483647;
			files = (
			);
			runOnlyForDeploymentPostprocessing = 0;
		};
		D990CD632ED2695D009D8826 /* Sources */ = {
			isa = PBXSourcesBuildPhase;
			buildActionMask = 2147483647;
			files = (
			);
			runOnlyForDeploymentPostprocessing = 0;
		};
		D990CD6D2ED2695D009D8826 /* Sources */ = {
			isa = PBXSourcesBuildPhase;
			buildActionMask = 2147483647;
			files = (
			);
			runOnlyForDeploymentPostprocessing = 0;
		};
/* End PBXSourcesBuildPhase section */

/* Begin PBXTargetDependency section */
		D990CD692ED2695D009D8826 /* PBXTargetDependency */ = {
			isa = PBXTargetDependency;
			target = D990CD502ED2695C009D8826 /* MainActor */;
			targetProxy = D990CD682ED2695D009D8826 /* PBXContainerItemProxy */;
		};
		D990CD732ED2695D009D8826 /* PBXTargetDependency */ = {
			isa = PBXTargetDependency;
			target = D990CD502ED2695C009D8826 /* MainActor */;
			targetProxy = D990CD722ED2695D009D8826 /* PBXContainerItemProxy */;
		};
/* End PBXTargetDependency section */

/* Begin XCBuildConfiguration section */
		D990CD7B2ED2695D009D8826 /* Debug */ = {
			isa = XCBuildConfiguration;
			buildSettings = {
				ASSETCATALOG_COMPILER_APPICON_NAME = AppIcon;
				ASSETCATALOG_COMPILER_GLOBAL_ACCENT_COLOR_NAME = AccentColor;
				CODE_SIGN_STYLE = Automatic;
				CURRENT_PROJECT_VERSION = 1;
				DEVELOPMENT_TEAM = 464PVQ34ND;
				GENERATE_INFOPLIST_FILE = YES;
				INFOPLIST_FILE = MainActor/Info.plist;
				INFOPLIST_KEY_UIApplicationSupportsIndirectInputEvents = YES;
				INFOPLIST_KEY_UILaunchStoryboardName = LaunchScreen;
				INFOPLIST_KEY_UIMainStoryboardFile = Main;
				INFOPLIST_KEY_UISupportedInterfaceOrientations_iPad = "UIInterfaceOrientationPortrait UIInterfaceOrientationPortraitUpsideDown UIInterfaceOrientationLandscapeLeft UIInterfaceOrientationLandscapeRight";
				INFOPLIST_KEY_UISupportedInterfaceOrientations_iPhone = "UIInterfaceOrientationPortrait UIInterfaceOrientationLandscapeLeft UIInterfaceOrientationLandscapeRight";
				LD_RUNPATH_SEARCH_PATHS = (
					"$(inherited)",
					"@executable_path/Frameworks",
				);
				MARKETING_VERSION = 1.0;
				PRODUCT_BUNDLE_IDENTIFIER = com.harolddavidson.MainActor;
				PRODUCT_NAME = "$(TARGET_NAME)";
				SWIFT_EMIT_LOC_STRINGS = YES;
				SWIFT_VERSION = 5.0;
				TARGETED_DEVICE_FAMILY = "1,2";
			};
			name = Debug;
		};
		D990CD7C2ED2695D009D8826 /* Release */ = {
			isa = XCBuildConfiguration;
			buildSettings = {
				ASSETCATALOG_COMPILER_APPICON_NAME = AppIcon;
				ASSETCATALOG_COMPILER_GLOBAL_ACCENT_COLOR_NAME = AccentColor;
				CODE_SIGN_STYLE = Automatic;
				CURRENT_PROJECT_VERSION = 1;
				DEVELOPMENT_TEAM = 464PVQ34ND;
				GENERATE_INFOPLIST_FILE = YES;
				INFOPLIST_FILE = MainActor/Info.plist;
				INFOPLIST_KEY_UIApplicationSupportsIndirectInputEvents = YES;
				INFOPLIST_KEY_UILaunchStoryboardName = LaunchScreen;
				INFOPLIST_KEY_UIMainStoryboardFile = Main;
				INFOPLIST_KEY_UISupportedInterfaceOrientations_iPad = "UIInterfaceOrientationPortrait UIInterfaceOrientationPortraitUpsideDown UIInterfaceOrientationLandscapeLeft UIInterfaceOrientationLandscapeRight";
				INFOPLIST_KEY_UISupportedInterfaceOrientations_iPhone = "UIInterfaceOrientationPortrait UIInterfaceOrientationLandscapeLeft UIInterfaceOrientationLandscapeRight";
				LD_RUNPATH_SEARCH_PATHS = (
					"$(inherited)",
					"@executable_path/Frameworks",
				);
				MARKETING_VERSION = 1.0;
				PRODUCT_BUNDLE_IDENTIFIER = com.harolddavidson.MainActor;
				PRODUCT_NAME = "$(TARGET_NAME)";
				SWIFT_EMIT_LOC_STRINGS = YES;
				SWIFT_VERSION = 5.0;
				TARGETED_DEVICE_FAMILY = "1,2";
			};
			name = Release;
		};
		D990CD7D2ED2695D009D8826 /* Debug */ = {
			isa = XCBuildConfiguration;
			buildSettings = {
				ALWAYS_SEARCH_USER_PATHS = NO;
				ASSETCATALOG_COMPILER_GENERATE_SWIFT_ASSET_SYMBOL_EXTENSIONS = YES;
				CLANG_ANALYZER_NONNULL = YES;
				CLANG_ANALYZER_NUMBER_OBJECT_CONVERSION = YES_AGGRESSIVE;
				CLANG_CXX_LANGUAGE_STANDARD = "gnu++20";
				CLANG_ENABLE_MODULES = YES;
				CLANG_ENABLE_OBJC_ARC = YES;
				CLANG_ENABLE_OBJC_WEAK = YES;
				CLANG_WARN_BLOCK_CAPTURE_AUTORELEASING = YES;
				CLANG_WARN_BOOL_CONVERSION = YES;
				CLANG_WARN_COMMA = YES;
				CLANG_WARN_CONSTANT_CONVERSION = YES;
				CLANG_WARN_DEPRECATED_OBJC_IMPLEMENTATIONS = YES;
				CLANG_WARN_DIRECT_OBJC_ISA_USAGE = YES_ERROR;
				CLANG_WARN_DOCUMENTATION_COMMENTS = YES;
				CLANG_WARN_EMPTY_BODY = YES;
				CLANG_WARN_ENUM_CONVERSION = YES;
				CLANG_WARN_INFINITE_RECURSION = YES;
				CLANG_WARN_INT_CONVERSION = YES;
				CLANG_WARN_NON_LITERAL_NULL_CONVERSION = YES;
				CLANG_WARN_OBJC_IMPLICIT_RETAIN_SELF = YES;
				CLANG_WARN_OBJC_LITERAL_CONVERSION = YES;
				CLANG_WARN_OBJC_ROOT_CLASS = YES_ERROR;
				CLANG_WARN_QUOTED_INCLUDE_IN_FRAMEWORK_HEADER = YES;
				CLANG_WARN_RANGE_LOOP_ANALYSIS = YES;
				CLANG_WARN_STRICT_PROTOTYPES = YES;
				CLANG_WARN_SUSPICIOUS_MOVE = YES;
				CLANG_WARN_UNGUARDED_AVAILABILITY = YES_AGGRESSIVE;
				CLANG_WARN_UNREACHABLE_CODE = YES;
				CLANG_WARN__DUPLICATE_METHOD_MATCH = YES;
				COPY_PHASE_STRIP = NO;
				DEBUG_INFORMATION_FORMAT = dwarf;
				DEVELOPMENT_TEAM = 464PVQ34ND;
				ENABLE_STRICT_OBJC_MSGSEND = YES;
				ENABLE_TESTABILITY = YES;
				ENABLE_USER_SCRIPT_SANDBOXING = YES;
				GCC_C_LANGUAGE_STANDARD = gnu17;
				GCC_DYNAMIC_NO_PIC = NO;
				GCC_NO_COMMON_BLOCKS = YES;
				GCC_OPTIMIZATION_LEVEL = 0;
				GCC_PREPROCESSOR_DEFINITIONS = (
					"DEBUG=1",
					"$(inherited)",
				);
				GCC_WARN_64_TO_32_BIT_CONVERSION = YES;
				GCC_WARN_ABOUT_RETURN_TYPE = YES_ERROR;
				GCC_WARN_UNDECLARED_SELECTOR = YES;
				GCC_WARN_UNINITIALIZED_AUTOS = YES_AGGRESSIVE;
				GCC_WARN_UNUSED_FUNCTION = YES;
				GCC_WARN_UNUSED_VARIABLE = YES;
				IPHONEOS_DEPLOYMENT_TARGET = 18.4;
				LOCALIZATION_PREFERS_STRING_CATALOGS = YES;
				MTL_ENABLE_DEBUG_INFO = INCLUDE_SOURCE;
				MTL_FAST_MATH = YES;
				ONLY_ACTIVE_ARCH = YES;
				SDKROOT = iphoneos;
				SWIFT_ACTIVE_COMPILATION_CONDITIONS = "DEBUG $(inherited)";
				SWIFT_OPTIMIZATION_LEVEL = "-Onone";
			};
			name = Debug;
		};
		D990CD7E2ED2695D009D8826 /* Release */ = {
			isa = XCBuildConfiguration;
			buildSettings = {
				ALWAYS_SEARCH_USER_PATHS = NO;
				ASSETCATALOG_COMPILER_GENERATE_SWIFT_ASSET_SYMBOL_EXTENSIONS = YES;
				CLANG_ANALYZER_NONNULL = YES;
				CLANG_ANALYZER_NUMBER_OBJECT_CONVERSION = YES_AGGRESSIVE;
				CLANG_CXX_LANGUAGE_STANDARD = "gnu++20";
				CLANG_ENABLE_MODULES = YES;
				CLANG_ENABLE_OBJC_ARC = YES;
				CLANG_ENABLE_OBJC_WEAK = YES;
				CLANG_WARN_BLOCK_CAPTURE_AUTORELEASING = YES;
				CLANG_WARN_BOOL_CONVERSION = YES;
				CLANG_WARN_COMMA = YES;
				CLANG_WARN_CONSTANT_CONVERSION = YES;
				CLANG_WARN_DEPRECATED_OBJC_IMPLEMENTATIONS = YES;
				CLANG_WARN_DIRECT_OBJC_ISA_USAGE = YES_ERROR;
				CLANG_WARN_DOCUMENTATION_COMMENTS = YES;
				CLANG_WARN_EMPTY_BODY = YES;
				CLANG_WARN_ENUM_CONVERSION = YES;
				CLANG_WARN_INFINITE_RECURSION = YES;
				CLANG_WARN_INT_CONVERSION = YES;
				CLANG_WARN_NON_LITERAL_NULL_CONVERSION = YES;
				CLANG_WARN_OBJC_IMPLICIT_RETAIN_SELF = YES;
				CLANG_WARN_OBJC_LITERAL_CONVERSION = YES;
				CLANG_WARN_OBJC_ROOT_CLASS = YES_ERROR;
				CLANG_WARN_QUOTED_INCLUDE_IN_FRAMEWORK_HEADER = YES;
				CLANG_WARN_RANGE_LOOP_ANALYSIS = YES;
				CLANG_WARN_STRICT_PROTOTYPES = YES;
				CLANG_WARN_SUSPICIOUS_MOVE = YES;
				CLANG_WARN_UNGUARDED_AVAILABILITY = YES_AGGRESSIVE;
				CLANG_WARN_UNREACHABLE_CODE = YES;
				CLANG_WARN__DUPLICATE_METHOD_MATCH = YES;
				COPY_PHASE_STRIP = NO;
				DEBUG_INFORMATION_FORMAT = "dwarf-with-dsym";
				DEVELOPMENT_TEAM = 464PVQ34ND;
				ENABLE_NS_ASSERTIONS = NO;
				ENABLE_STRICT_OBJC_MSGSEND = YES;
				ENABLE_USER_SCRIPT_SANDBOXING = YES;
				GCC_C_LANGUAGE_STANDARD = gnu17;
				GCC_NO_COMMON_BLOCKS = YES;
				GCC_WARN_64_TO_32_BIT_CONVERSION = YES;
				GCC_WARN_ABOUT_RETURN_TYPE = YES_ERROR;
				GCC_WARN_UNDECLARED_SELECTOR = YES;
				GCC_WARN_UNINITIALIZED_AUTOS = YES_AGGRESSIVE;
				GCC_WARN_UNUSED_FUNCTION = YES;
				GCC_WARN_UNUSED_VARIABLE = YES;
				IPHONEOS_DEPLOYMENT_TARGET = 18.4;
				LOCALIZATION_PREFERS_STRING_CATALOGS = YES;
				MTL_ENABLE_DEBUG_INFO = NO;
				MTL_FAST_MATH = YES;
				SDKROOT = iphoneos;
				SWIFT_COMPILATION_MODE = wholemodule;
				VALIDATE_PRODUCT = YES;
			};
			name = Release;
		};
		D990CD802ED2695D009D8826 /* Debug */ = {
			isa = XCBuildConfiguration;
			buildSettings = {
				BUNDLE_LOADER = "$(TEST_HOST)";
				CODE_SIGN_STYLE = Automatic;
				CURRENT_PROJECT_VERSION = 1;
				DEVELOPMENT_TEAM = 464PVQ34ND;
				GENERATE_INFOPLIST_FILE = YES;
				IPHONEOS_DEPLOYMENT_TARGET = 18.4;
				MARKETING_VERSION = 1.0;
				PRODUCT_BUNDLE_IDENTIFIER = com.harolddavidson.MainActorTests;
				PRODUCT_NAME = "$(TARGET_NAME)";
				SWIFT_EMIT_LOC_STRINGS = NO;
				SWIFT_VERSION = 5.0;
				TARGETED_DEVICE_FAMILY = "1,2";
				TEST_HOST = "$(BUILT_PRODUCTS_DIR)/MainActor.app/$(BUNDLE_EXECUTABLE_FOLDER_PATH)/MainActor";
			};
			name = Debug;
		};
		D990CD812ED2695D009D8826 /* Release */ = {
			isa = XCBuildConfiguration;
			buildSettings = {
				BUNDLE_LOADER = "$(TEST_HOST)";
				CODE_SIGN_STYLE = Automatic;
				CURRENT_PROJECT_VERSION = 1;
				DEVELOPMENT_TEAM = 464PVQ34ND;
				GENERATE_INFOPLIST_FILE = YES;
				IPHONEOS_DEPLOYMENT_TARGET = 18.4;
				MARKETING_VERSION = 1.0;
				PRODUCT_BUNDLE_IDENTIFIER = com.harolddavidson.MainActorTests;
				PRODUCT_NAME = "$(TARGET_NAME)";
				SWIFT_EMIT_LOC_STRINGS = NO;
				SWIFT_VERSION = 5.0;
				TARGETED_DEVICE_FAMILY = "1,2";
				TEST_HOST = "$(BUILT_PRODUCTS_DIR)/MainActor.app/$(BUNDLE_EXECUTABLE_FOLDER_PATH)/MainActor";
			};
			name = Release;
		};
		D990CD832ED2695D009D8826 /* Debug */ = {
			isa = XCBuildConfiguration;
			buildSettings = {
				CODE_SIGN_STYLE = Automatic;
				CURRENT_PROJECT_VERSION = 1;
				DEVELOPMENT_TEAM = 464PVQ34ND;
				GENERATE_INFOPLIST_FILE = YES;
				MARKETING_VERSION = 1.0;
				PRODUCT_BUNDLE_IDENTIFIER = com.harolddavidson.MainActorUITests;
				PRODUCT_NAME = "$(TARGET_NAME)";
				SWIFT_EMIT_LOC_STRINGS = NO;
				SWIFT_VERSION = 5.0;
				TARGETED_DEVICE_FAMILY = "1,2";
				TEST_TARGET_NAME = MainActor;
			};
			name = Debug;
		};
		D990CD842ED2695D009D8826 /* Release */ = {
			isa = XCBuildConfiguration;
			buildSettings = {
				CODE_SIGN_STYLE = Automatic;
				CURRENT_PROJECT_VERSION = 1;
				DEVELOPMENT_TEAM = 464PVQ34ND;
				GENERATE_INFOPLIST_FILE = YES;
				MARKETING_VERSION = 1.0;
				PRODUCT_BUNDLE_IDENTIFIER = com.harolddavidson.MainActorUITests;
				PRODUCT_NAME = "$(TARGET_NAME)";
				SWIFT_EMIT_LOC_STRINGS = NO;
				SWIFT_VERSION = 5.0;
				TARGETED_DEVICE_FAMILY = "1,2";
				TEST_TARGET_NAME = MainActor;
			};
			name = Release;
		};
/* End XCBuildConfiguration section */

/* Begin XCConfigurationList section */
		D990CD4C2ED2695B009D8826 /* Build configuration list for PBXProject "MainActor" */ = {
			isa = XCConfigurationList;
			buildConfigurations = (
				D990CD7D2ED2695D009D8826 /* Debug */,
				D990CD7E2ED2695D009D8826 /* Release */,
			);
			defaultConfigurationIsVisible = 0;
			defaultConfigurationName = Release;
		};
		D990CD7A2ED2695D009D8826 /* Build configuration list for PBXNativeTarget "MainActor" */ = {
			isa = XCConfigurationList;
			buildConfigurations = (
				D990CD7B2ED2695D009D8826 /* Debug */,
				D990CD7C2ED2695D009D8826 /* Release */,
			);
			defaultConfigurationIsVisible = 0;
			defaultConfigurationName = Release;
		};
		D990CD7F2ED2695D009D8826 /* Build configuration list for PBXNativeTarget "MainActorTests" */ = {
			isa = XCConfigurationList;
			buildConfigurations = (
				D990CD802ED2695D009D8826 /* Debug */,
				D990CD812ED2695D009D8826 /* Release */,
			);
			defaultConfigurationIsVisible = 0;
			defaultConfigurationName = Release;
		};
		D990CD822ED2695D009D8826 /* Build configuration list for PBXNativeTarget "MainActorUITests" */ = {
			isa = XCConfigurationList;
			buildConfigurations = (
				D990CD832ED2695D009D8826 /* Debug */,
				D990CD842ED2695D009D8826 /* Release */,
			);
			defaultConfigurationIsVisible = 0;
			defaultConfigurationName = Release;
		};
/* End XCConfigurationList section */
	};
	rootObject = D990CD492ED2695B009D8826 /* Project object */;
}
