// !$*UTF8*$!
{
	archiveVersion = 1;
	classes = {
	};
	objectVersion = 56;
	objects = {

/* Begin PBXBuildFile section */
		D99AD3A02D38D7830061FF9B /* AppDelegate.swift in Sources */ = {isa = PBXBuildFile; fileRef = D99AD39F2D38D7830061FF9B /* AppDelegate.swift */; };
		D99AD3A22D38D7830061FF9B /* SceneDelegate.swift in Sources */ = {isa = PBXBuildFile; fileRef = D99AD3A12D38D7830061FF9B /* SceneDelegate.swift */; };
		D99AD3A42D38D7830061FF9B /* WeatherViewController.swift in Sources */ = {isa = PBXBuildFile; fileRef = D99AD3A32D38D7830061FF9B /* WeatherViewController.swift */; };
		D99AD3A92D38D7850061FF9B /* Assets.xcassets in Resources */ = {isa = PBXBuildFile; fileRef = D99AD3A82D38D7850061FF9B /* Assets.xcassets */; };
		D99AD3AC2D38D7850061FF9B /* Base in Resources */ = {isa = PBXBuildFile; fileRef = D99AD3AB2D38D7850061FF9B /* Base */; };
		D99AD3BB2D38DA270061FF9B /* LocationManager.swift in Sources */ = {isa = PBXBuildFile; fileRef = D99AD3BA2D38DA270061FF9B /* LocationManager.swift */; };
		D99AD3BD2D38DA300061FF9B /* IAPManager.swift in Sources */ = {isa = PBXBuildFile; fileRef = D99AD3BC2D38DA300061FF9B /* IAPManager.swift */; };
		D99AD3BF2D38DA440061FF9B /* WeatherManager.swift in Sources */ = {isa = PBXBuildFile; fileRef = D99AD3BE2D38DA440061FF9B /* WeatherManager.swift */; };
		D99AD3C12D38DB3E0061FF9B /* SettingsViewController.swift in Sources */ = {isa = PBXBuildFile; fileRef = D99AD3C02D38DB3E0061FF9B /* SettingsViewController.swift */; };
		D99AD3C32D38DBA50061FF9B /* TabViewController.swift in Sources */ = {isa = PBXBuildFile; fileRef = D99AD3C22D38DBA50061FF9B /* TabViewController.swift */; };
/* End PBXBuildFile section */

/* Begin PBXFileReference section */
		D99AD39C2D38D7830061FF9B /* BrightSky.app */ = {isa = PBXFileReference; explicitFileType = wrapper.application; includeInIndex = 0; path = BrightSky.app; sourceTree = BUILT_PRODUCTS_DIR; };
		D99AD39F2D38D7830061FF9B /* AppDelegate.swift */ = {isa = PBXFileReference; lastKnownFileType = sourcecode.swift; path = AppDelegate.swift; sourceTree = "<group>"; };
		D99AD3A12D38D7830061FF9B /* SceneDelegate.swift */ = {isa = PBXFileReference; lastKnownFileType = sourcecode.swift; path = SceneDelegate.swift; sourceTree = "<group>"; };
		D99AD3A32D38D7830061FF9B /* WeatherViewController.swift */ = {isa = PBXFileReference; lastKnownFileType = sourcecode.swift; path = WeatherViewController.swift; sourceTree = "<group>"; };
		D99AD3A82D38D7850061FF9B /* Assets.xcassets */ = {isa = PBXFileReference; lastKnownFileType = folder.assetcatalog; path = Assets.xcassets; sourceTree = "<group>"; };
		D99AD3AB2D38D7850061FF9B /* Base */ = {isa = PBXFileReference; lastKnownFileType = file.storyboard; name = Base; path = Base.lproj/LaunchScreen.storyboard; sourceTree = "<group>"; };
		D99AD3AD2D38D7850061FF9B /* Info.plist */ = {isa = PBXFileReference; lastKnownFileType = text.plist.xml; path = Info.plist; sourceTree = "<group>"; };
		D99AD3B32D38D8730061FF9B /* BrightSky.entitlements */ = {isa = PBXFileReference; lastKnownFileType = text.plist.entitlements; path = BrightSky.entitlements; sourceTree = "<group>"; };
		D99AD3BA2D38DA270061FF9B /* LocationManager.swift */ = {isa = PBXFileReference; lastKnownFileType = sourcecode.swift; path = LocationManager.swift; sourceTree = "<group>"; };
		D99AD3BC2D38DA300061FF9B /* IAPManager.swift */ = {isa = PBXFileReference; lastKnownFileType = sourcecode.swift; path = IAPManager.swift; sourceTree = "<group>"; };
		D99AD3BE2D38DA440061FF9B /* WeatherManager.swift */ = {isa = PBXFileReference; lastKnownFileType = sourcecode.swift; path = WeatherManager.swift; sourceTree = "<group>"; };
		D99AD3C02D38DB3E0061FF9B /* SettingsViewController.swift */ = {isa = PBXFileReference; lastKnownFileType = sourcecode.swift; path = SettingsViewController.swift; sourceTree = "<group>"; };
		D99AD3C22D38DBA50061FF9B /* TabViewController.swift */ = {isa = PBXFileReference; lastKnownFileType = sourcecode.swift; path = TabViewController.swift; sourceTree = "<group>"; };
/* End PBXFileReference section */

/* Begin PBXFrameworksBuildPhase section */
		D99AD3992D38D7830061FF9B /* Frameworks */ = {
			isa = PBXFrameworksBuildPhase;
			buildActionMask = 2147483647;
			files = (
			);
			runOnlyForDeploymentPostprocessing = 0;
		};
/* End PBXFrameworksBuildPhase section */

/* Begin PBXGroup section */
		D99AD3932D38D7830061FF9B = {
			isa = PBXGroup;
			children = (
				D99AD39E2D38D7830061FF9B /* BrightSky */,
				D99AD39D2D38D7830061FF9B /* Products */,
			);
			sourceTree = "<group>";
		};
		D99AD39D2D38D7830061FF9B /* Products */ = {
			isa = PBXGroup;
			children = (
				D99AD39C2D38D7830061FF9B /* BrightSky.app */,
			);
			name = Products;
			sourceTree = "<group>";
		};
		D99AD39E2D38D7830061FF9B /* BrightSky */ = {
			isa = PBXGroup;
			children = (
				D99AD3B92D38D9FD0061FF9B /* Managers */,
				D99AD3B82D38D9DD0061FF9B /* Others */,
				D99AD3B72D38D9D60061FF9B /* Controllers */,
				D99AD3B62D38D9D00061FF9B /* Models */,
				D99AD3B52D38D9CA0061FF9B /* ViewModels */,
				D99AD3B42D38D9BB0061FF9B /* Views */,
				D99AD3B32D38D8730061FF9B /* BrightSky.entitlements */,
				D99AD3AD2D38D7850061FF9B /* Info.plist */,
			);
			path = BrightSky;
			sourceTree = "<group>";
		};
		D99AD3B42D38D9BB0061FF9B /* Views */ = {
			isa = PBXGroup;
			children = (
			);
			path = Views;
			sourceTree = "<group>";
		};
		D99AD3B52D38D9CA0061FF9B /* ViewModels */ = {
			isa = PBXGroup;
			children = (
			);
			path = ViewModels;
			sourceTree = "<group>";
		};
		D99AD3B62D38D9D00061FF9B /* Models */ = {
			isa = PBXGroup;
			children = (
			);
			path = Models;
			sourceTree = "<group>";
		};
		D99AD3B72D38D9D60061FF9B /* Controllers */ = {
			isa = PBXGroup;
			children = (
				D99AD3A32D38D7830061FF9B /* WeatherViewController.swift */,
				D99AD3C02D38DB3E0061FF9B /* SettingsViewController.swift */,
				D99AD3C22D38DBA50061FF9B /* TabViewController.swift */,
			);
			path = Controllers;
			sourceTree = "<group>";
		};
		D99AD3B82D38D9DD0061FF9B /* Others */ = {
			isa = PBXGroup;
			children = (
				D99AD39F2D38D7830061FF9B /* AppDelegate.swift */,
				D99AD3A12D38D7830061FF9B /* SceneDelegate.swift */,
				D99AD3A82D38D7850061FF9B /* Assets.xcassets */,
				D99AD3AA2D38D7850061FF9B /* LaunchScreen.storyboard */,
			);
			path = Others;
			sourceTree = "<group>";
		};
		D99AD3B92D38D9FD0061FF9B /* Managers */ = {
			isa = PBXGroup;
			children = (
				D99AD3BA2D38DA270061FF9B /* LocationManager.swift */,
				D99AD3BC2D38DA300061FF9B /* IAPManager.swift */,
				D99AD3BE2D38DA440061FF9B /* WeatherManager.swift */,
			);
			path = Managers;
			sourceTree = "<group>";
		};
/* End PBXGroup section */

/* Begin PBXNativeTarget section */
		D99AD39B2D38D7830061FF9B /* BrightSky */ = {
			isa = PBXNativeTarget;
			buildConfigurationList = D99AD3B02D38D7850061FF9B /* Build configuration list for PBXNativeTarget "BrightSky" */;
			buildPhases = (
				D99AD3982D38D7830061FF9B /* Sources */,
				D99AD3992D38D7830061FF9B /* Frameworks */,
				D99AD39A2D38D7830061FF9B /* Resources */,
			);
			buildRules = (
			);
			dependencies = (
			);
			name = BrightSky;
			productName = BrightSky;
			productReference = D99AD39C2D38D7830061FF9B /* BrightSky.app */;
			productType = "com.apple.product-type.application";
		};
/* End PBXNativeTarget section */

/* Begin PBXProject section */
		D99AD3942D38D7830061FF9B /* Project object */ = {
			isa = PBXProject;
			attributes = {
				BuildIndependentTargetsInParallel = 1;
				LastSwiftUpdateCheck = 1540;
				LastUpgradeCheck = 1540;
				TargetAttributes = {
					D99AD39B2D38D7830061FF9B = {
						CreatedOnToolsVersion = 15.4;
					};
				};
			};
			buildConfigurationList = D99AD3972D38D7830061FF9B /* Build configuration list for PBXProject "BrightSky" */;
			compatibilityVersion = "Xcode 14.0";
			developmentRegion = en;
			hasScannedForEncodings = 0;
			knownRegions = (
				en,
				Base,
			);
			mainGroup = D99AD3932D38D7830061FF9B;
			productRefGroup = D99AD39D2D38D7830061FF9B /* Products */;
			projectDirPath = "";
			projectRoot = "";
			targets = (
				D99AD39B2D38D7830061FF9B /* BrightSky */,
			);
		};
/* End PBXProject section */

/* Begin PBXResourcesBuildPhase section */
		D99AD39A2D38D7830061FF9B /* Resources */ = {
			isa = PBXResourcesBuildPhase;
			buildActionMask = 2147483647;
			files = (
				D99AD3A92D38D7850061FF9B /* Assets.xcassets in Resources */,
				D99AD3AC2D38D7850061FF9B /* Base in Resources */,
			);
			runOnlyForDeploymentPostprocessing = 0;
		};
/* End PBXResourcesBuildPhase section */

/* Begin PBXSourcesBuildPhase section */
		D99AD3982D38D7830061FF9B /* Sources */ = {
			isa = PBXSourcesBuildPhase;
			buildActionMask = 2147483647;
			files = (
				D99AD3C32D38DBA50061FF9B /* TabViewController.swift in Sources */,
				D99AD3BF2D38DA440061FF9B /* WeatherManager.swift in Sources */,
				D99AD3BB2D38DA270061FF9B /* LocationManager.swift in Sources */,
				D99AD3C12D38DB3E0061FF9B /* SettingsViewController.swift in Sources */,
				D99AD3BD2D38DA300061FF9B /* IAPManager.swift in Sources */,
				D99AD3A42D38D7830061FF9B /* WeatherViewController.swift in Sources */,
				D99AD3A02D38D7830061FF9B /* AppDelegate.swift in Sources */,
				D99AD3A22D38D7830061FF9B /* SceneDelegate.swift in Sources */,
			);
			runOnlyForDeploymentPostprocessing = 0;
		};
/* End PBXSourcesBuildPhase section */

/* Begin PBXVariantGroup section */
		D99AD3AA2D38D7850061FF9B /* LaunchScreen.storyboard */ = {
			isa = PBXVariantGroup;
			children = (
				D99AD3AB2D38D7850061FF9B /* Base */,
			);
			name = LaunchScreen.storyboard;
			sourceTree = "<group>";
		};
/* End PBXVariantGroup section */

/* Begin XCBuildConfiguration section */
		D99AD3AE2D38D7850061FF9B /* Debug */ = {
			isa = XCBuildConfiguration;
			buildSettings = {
				ALWAYS_SEARCH_USER_PATHS = NO;
				ASSETCATALOG_COMPILER_GENERATE_SWIFT_ASSET_SYMBOL_EXTENSIONS = YES;
				CLANG_ANALYZER_NONNULL = YES;
				CLANG_ANALYZER_NUMBER_OBJECT_CONVERSION = YES_AGGRESSIVE;
				CLANG_CXX_LANGUAGE_STANDARD = "gnu++20";
				CLANG_ENABLE_MODULES = YES;
				CLANG_ENABLE_OBJC_ARC = YES;
				CLANG_ENABLE_OBJC_WEAK = YES;
				CLANG_WARN_BLOCK_CAPTURE_AUTORELEASING = YES;
				CLANG_WARN_BOOL_CONVERSION = YES;
				CLANG_WARN_COMMA = YES;
				CLANG_WARN_CONSTANT_CONVERSION = YES;
				CLANG_WARN_DEPRECATED_OBJC_IMPLEMENTATIONS = YES;
				CLANG_WARN_DIRECT_OBJC_ISA_USAGE = YES_ERROR;
				CLANG_WARN_DOCUMENTATION_COMMENTS = YES;
				CLANG_WARN_EMPTY_BODY = YES;
				CLANG_WARN_ENUM_CONVERSION = YES;
				CLANG_WARN_INFINITE_RECURSION = YES;
				CLANG_WARN_INT_CONVERSION = YES;
				CLANG_WARN_NON_LITERAL_NULL_CONVERSION = YES;
				CLANG_WARN_OBJC_IMPLICIT_RETAIN_SELF = YES;
				CLANG_WARN_OBJC_LITERAL_CONVERSION = YES;
				CLANG_WARN_OBJC_ROOT_CLASS = YES_ERROR;
				CLANG_WARN_QUOTED_INCLUDE_IN_FRAMEWORK_HEADER = YES;
				CLANG_WARN_RANGE_LOOP_ANALYSIS = YES;
				CLANG_WARN_STRICT_PROTOTYPES = YES;
				CLANG_WARN_SUSPICIOUS_MOVE = YES;
				CLANG_WARN_UNGUARDED_AVAILABILITY = YES_AGGRESSIVE;
				CLANG_WARN_UNREACHABLE_CODE = YES;
				CLANG_WARN__DUPLICATE_METHOD_MATCH = YES;
				COPY_PHASE_STRIP = NO;
				DEBUG_INFORMATION_FORMAT = dwarf;
				ENABLE_STRICT_OBJC_MSGSEND = YES;
				ENABLE_TESTABILITY = YES;
				ENABLE_USER_SCRIPT_SANDBOXING = YES;
				GCC_C_LANGUAGE_STANDARD = gnu17;
				GCC_DYNAMIC_NO_PIC = NO;
				GCC_NO_COMMON_BLOCKS = YES;
				GCC_OPTIMIZATION_LEVEL = 0;
				GCC_PREPROCESSOR_DEFINITIONS = (
					"DEBUG=1",
					"$(inherited)",
				);
				GCC_WARN_64_TO_32_BIT_CONVERSION = YES;
				GCC_WARN_ABOUT_RETURN_TYPE = YES_ERROR;
				GCC_WARN_UNDECLARED_SELECTOR = YES;
				GCC_WARN_UNINITIALIZED_AUTOS = YES_AGGRESSIVE;
				GCC_WARN_UNUSED_FUNCTION = YES;
				GCC_WARN_UNUSED_VARIABLE = YES;
				IPHONEOS_DEPLOYMENT_TARGET = 17.5;
				LOCALIZATION_PREFERS_STRING_CATALOGS = YES;
				MTL_ENABLE_DEBUG_INFO = INCLUDE_SOURCE;
				MTL_FAST_MATH = YES;
				ONLY_ACTIVE_ARCH = YES;
				SDKROOT = iphoneos;
				SWIFT_ACTIVE_COMPILATION_CONDITIONS = "DEBUG $(inherited)";
				SWIFT_OPTIMIZATION_LEVEL = "-Onone";
			};
			name = Debug;
		};
		D99AD3AF2D38D7850061FF9B /* Release */ = {
			isa = XCBuildConfiguration;
			buildSettings = {
				ALWAYS_SEARCH_USER_PATHS = NO;
				ASSETCATALOG_COMPILER_GENERATE_SWIFT_ASSET_SYMBOL_EXTENSIONS = YES;
				CLANG_ANALYZER_NONNULL = YES;
				CLANG_ANALYZER_NUMBER_OBJECT_CONVERSION = YES_AGGRESSIVE;
				CLANG_CXX_LANGUAGE_STANDARD = "gnu++20";
				CLANG_ENABLE_MODULES = YES;
				CLANG_ENABLE_OBJC_ARC = YES;
				CLANG_ENABLE_OBJC_WEAK = YES;
				CLANG_WARN_BLOCK_CAPTURE_AUTORELEASING = YES;
				CLANG_WARN_BOOL_CONVERSION = YES;
				CLANG_WARN_COMMA = YES;
				CLANG_WARN_CONSTANT_CONVERSION = YES;
				CLANG_WARN_DEPRECATED_OBJC_IMPLEMENTATIONS = YES;
				CLANG_WARN_DIRECT_OBJC_ISA_USAGE = YES_ERROR;
				CLANG_WARN_DOCUMENTATION_COMMENTS = YES;
				CLANG_WARN_EMPTY_BODY = YES;
				CLANG_WARN_ENUM_CONVERSION = YES;
				CLANG_WARN_INFINITE_RECURSION = YES;
				CLANG_WARN_INT_CONVERSION = YES;
				CLANG_WARN_NON_LITERAL_NULL_CONVERSION = YES;
				CLANG_WARN_OBJC_IMPLICIT_RETAIN_SELF = YES;
				CLANG_WARN_OBJC_LITERAL_CONVERSION = YES;
				CLANG_WARN_OBJC_ROOT_CLASS = YES_ERROR;
				CLANG_WARN_QUOTED_INCLUDE_IN_FRAMEWORK_HEADER = YES;
				CLANG_WARN_RANGE_LOOP_ANALYSIS = YES;
				CLANG_WARN_STRICT_PROTOTYPES = YES;
				CLANG_WARN_SUSPICIOUS_MOVE = YES;
				CLANG_WARN_UNGUARDED_AVAILABILITY = YES_AGGRESSIVE;
				CLANG_WARN_UNREACHABLE_CODE = YES;
				CLANG_WARN__DUPLICATE_METHOD_MATCH = YES;
				COPY_PHASE_STRIP = NO;
				DEBUG_INFORMATION_FORMAT = "dwarf-with-dsym";
				ENABLE_NS_ASSERTIONS = NO;
				ENABLE_STRICT_OBJC_MSGSEND = YES;
				ENABLE_USER_SCRIPT_SANDBOXING = YES;
				GCC_C_LANGUAGE_STANDARD = gnu17;
				GCC_NO_COMMON_BLOCKS = YES;
				GCC_WARN_64_TO_32_BIT_CONVERSION = YES;
				GCC_WARN_ABOUT_RETURN_TYPE = YES_ERROR;
				GCC_WARN_UNDECLARED_SELECTOR = YES;
				GCC_WARN_UNINITIALIZED_AUTOS = YES_AGGRESSIVE;
				GCC_WARN_UNUSED_FUNCTION = YES;
				GCC_WARN_UNUSED_VARIABLE = YES;
				IPHONEOS_DEPLOYMENT_TARGET = 17.5;
				LOCALIZATION_PREFERS_STRING_CATALOGS = YES;
				MTL_ENABLE_DEBUG_INFO = NO;
				MTL_FAST_MATH = YES;
				SDKROOT = iphoneos;
				SWIFT_COMPILATION_MODE = wholemodule;
				VALIDATE_PRODUCT = YES;
			};
			name = Release;
		};
		D99AD3B12D38D7850061FF9B /* Debug */ = {
			isa = XCBuildConfiguration;
			buildSettings = {
				ASSETCATALOG_COMPILER_APPICON_NAME = AppIcon;
				ASSETCATALOG_COMPILER_GLOBAL_ACCENT_COLOR_NAME = AccentColor;
				CODE_SIGN_ENTITLEMENTS = BrightSky/BrightSky.entitlements;
				CODE_SIGN_STYLE = Automatic;
				CURRENT_PROJECT_VERSION = 1;
				DEVELOPMENT_TEAM = 464PVQ34ND;
				GENERATE_INFOPLIST_FILE = YES;
				INFOPLIST_FILE = BrightSky/Info.plist;
				INFOPLIST_KEY_UIApplicationSupportsIndirectInputEvents = YES;
				INFOPLIST_KEY_UILaunchStoryboardName = LaunchScreen;
				INFOPLIST_KEY_UISupportedInterfaceOrientations_iPad = "UIInterfaceOrientationPortrait UIInterfaceOrientationPortraitUpsideDown UIInterfaceOrientationLandscapeLeft UIInterfaceOrientationLandscapeRight";
				INFOPLIST_KEY_UISupportedInterfaceOrientations_iPhone = "UIInterfaceOrientationPortrait UIInterfaceOrientationLandscapeLeft UIInterfaceOrientationLandscapeRight";
				LD_RUNPATH_SEARCH_PATHS = (
					"$(inherited)",
					"@executable_path/Frameworks",
				);
				MARKETING_VERSION = 1.0;
				PRODUCT_BUNDLE_IDENTIFIER = com.harolddavidson.BrightSky;
				PRODUCT_NAME = "$(TARGET_NAME)";
				SWIFT_EMIT_LOC_STRINGS = YES;
				SWIFT_VERSION = 5.0;
				TARGETED_DEVICE_FAMILY = "1,2";
			};
			name = Debug;
		};
		D99AD3B22D38D7850061FF9B /* Release */ = {
			isa = XCBuildConfiguration;
			buildSettings = {
				ASSETCATALOG_COMPILER_APPICON_NAME = AppIcon;
				ASSETCATALOG_COMPILER_GLOBAL_ACCENT_COLOR_NAME = AccentColor;
				CODE_SIGN_ENTITLEMENTS = BrightSky/BrightSky.entitlements;
				CODE_SIGN_STYLE = Automatic;
				CURRENT_PROJECT_VERSION = 1;
				DEVELOPMENT_TEAM = 464PVQ34ND;
				GENERATE_INFOPLIST_FILE = YES;
				INFOPLIST_FILE = BrightSky/Info.plist;
				INFOPLIST_KEY_UIApplicationSupportsIndirectInputEvents = YES;
				INFOPLIST_KEY_UILaunchStoryboardName = LaunchScreen;
				INFOPLIST_KEY_UISupportedInterfaceOrientations_iPad = "UIInterfaceOrientationPortrait UIInterfaceOrientationPortraitUpsideDown UIInterfaceOrientationLandscapeLeft UIInterfaceOrientationLandscapeRight";
				INFOPLIST_KEY_UISupportedInterfaceOrientations_iPhone = "UIInterfaceOrientationPortrait UIInterfaceOrientationLandscapeLeft UIInterfaceOrientationLandscapeRight";
				LD_RUNPATH_SEARCH_PATHS = (
					"$(inherited)",
					"@executable_path/Frameworks",
				);
				MARKETING_VERSION = 1.0;
				PRODUCT_BUNDLE_IDENTIFIER = com.harolddavidson.BrightSky;
				PRODUCT_NAME = "$(TARGET_NAME)";
				SWIFT_EMIT_LOC_STRINGS = YES;
				SWIFT_VERSION = 5.0;
				TARGETED_DEVICE_FAMILY = "1,2";
			};
			name = Release;
		};
/* End XCBuildConfiguration section */

/* Begin XCConfigurationList section */
		D99AD3972D38D7830061FF9B /* Build configuration list for PBXProject "BrightSky" */ = {
			isa = XCConfigurationList;
			buildConfigurations = (
				D99AD3AE2D38D7850061FF9B /* Debug */,
				D99AD3AF2D38D7850061FF9B /* Release */,
			);
			defaultConfigurationIsVisible = 0;
			defaultConfigurationName = Release;
		};
		D99AD3B02D38D7850061FF9B /* Build configuration list for PBXNativeTarget "BrightSky" */ = {
			isa = XCConfigurationList;
			buildConfigurations = (
				D99AD3B12D38D7850061FF9B /* Debug */,
				D99AD3B22D38D7850061FF9B /* Release */,
			);
			defaultConfigurationIsVisible = 0;
			defaultConfigurationName = Release;
		};
/* End XCConfigurationList section */
	};
	rootObject = D99AD3942D38D7830061FF9B /* Project object */;
}
