// !$*UTF8*$!
{
	archiveVersion = 1;
	classes = {
	};
	objectVersion = 56;
	objects = {

/* Begin PBXBuildFile section */
		D962D3FB2D9F4AEE001C7D70 /* UnitTestingTipCalculatorExampleTests.swift in Sources */ = {isa = PBXBuildFile; fileRef = D962D3FA2D9F4AEE001C7D70 /* UnitTestingTipCalculatorExampleTests.swift */; };
		D962D4022D9F4B74001C7D70 /* CalculationTests.swift in Sources */ = {isa = PBXBuildFile; fileRef = D962D4012D9F4B74001C7D70 /* CalculationTests.swift */; };
		D99AD4A12D9D8E890061FF9B /* UnitTestingTipCalculatorExampleApp.swift in Sources */ = {isa = PBXBuildFile; fileRef = D99AD4A02D9D8E890061FF9B /* UnitTestingTipCalculatorExampleApp.swift */; };
		D99AD4A32D9D8E890061FF9B /* ContentView.swift in Sources */ = {isa = PBXBuildFile; fileRef = D99AD4A22D9D8E890061FF9B /* ContentView.swift */; };
		D99AD4A52D9D8E8A0061FF9B /* Assets.xcassets in Resources */ = {isa = PBXBuildFile; fileRef = D99AD4A42D9D8E8A0061FF9B /* Assets.xcassets */; };
		D99AD4A82D9D8E8A0061FF9B /* Preview Assets.xcassets in Resources */ = {isa = PBXBuildFile; fileRef = D99AD4A72D9D8E8A0061FF9B /* Preview Assets.xcassets */; };
/* End PBXBuildFile section */

/* Begin PBXContainerItemProxy section */
		D962D3FC2D9F4AEE001C7D70 /* PBXContainerItemProxy */ = {
			isa = PBXContainerItemProxy;
			containerPortal = D99AD4952D9D8E890061FF9B /* Project object */;
			proxyType = 1;
			remoteGlobalIDString = D99AD49C2D9D8E890061FF9B;
			remoteInfo = UnitTestingTipCalculatorExample;
		};
/* End PBXContainerItemProxy section */

/* Begin PBXFileReference section */
		D962D3F82D9F4AEE001C7D70 /* UnitTestingTipCalculatorExampleTests.xctest */ = {isa = PBXFileReference; explicitFileType = wrapper.cfbundle; includeInIndex = 0; path = UnitTestingTipCalculatorExampleTests.xctest; sourceTree = BUILT_PRODUCTS_DIR; };
		D962D3FA2D9F4AEE001C7D70 /* UnitTestingTipCalculatorExampleTests.swift */ = {isa = PBXFileReference; lastKnownFileType = sourcecode.swift; path = UnitTestingTipCalculatorExampleTests.swift; sourceTree = "<group>"; };
		D962D4012D9F4B74001C7D70 /* CalculationTests.swift */ = {isa = PBXFileReference; lastKnownFileType = sourcecode.swift; path = CalculationTests.swift; sourceTree = "<group>"; };
		D99AD49D2D9D8E890061FF9B /* UnitTestingTipCalculatorExample.app */ = {isa = PBXFileReference; explicitFileType = wrapper.application; includeInIndex = 0; path = UnitTestingTipCalculatorExample.app; sourceTree = BUILT_PRODUCTS_DIR; };
		D99AD4A02D9D8E890061FF9B /* UnitTestingTipCalculatorExampleApp.swift */ = {isa = PBXFileReference; lastKnownFileType = sourcecode.swift; path = UnitTestingTipCalculatorExampleApp.swift; sourceTree = "<group>"; };
		D99AD4A22D9D8E890061FF9B /* ContentView.swift */ = {isa = PBXFileReference; lastKnownFileType = sourcecode.swift; path = ContentView.swift; sourceTree = "<group>"; };
		D99AD4A42D9D8E8A0061FF9B /* Assets.xcassets */ = {isa = PBXFileReference; lastKnownFileType = folder.assetcatalog; path = Assets.xcassets; sourceTree = "<group>"; };
		D99AD4A72D9D8E8A0061FF9B /* Preview Assets.xcassets */ = {isa = PBXFileReference; lastKnownFileType = folder.assetcatalog; path = "Preview Assets.xcassets"; sourceTree = "<group>"; };
/* End PBXFileReference section */

/* Begin PBXFrameworksBuildPhase section */
		D962D3F52D9F4AEE001C7D70 /* Frameworks */ = {
			isa = PBXFrameworksBuildPhase;
			buildActionMask = 2147483647;
			files = (
			);
			runOnlyForDeploymentPostprocessing = 0;
		};
		D99AD49A2D9D8E890061FF9B /* Frameworks */ = {
			isa = PBXFrameworksBuildPhase;
			buildActionMask = 2147483647;
			files = (
			);
			runOnlyForDeploymentPostprocessing = 0;
		};
/* End PBXFrameworksBuildPhase section */

/* Begin PBXGroup section */
		D962D3F92D9F4AEE001C7D70 /* UnitTestingTipCalculatorExampleTests */ = {
			isa = PBXGroup;
			children = (
				D962D3FA2D9F4AEE001C7D70 /* UnitTestingTipCalculatorExampleTests.swift */,
				D962D4012D9F4B74001C7D70 /* CalculationTests.swift */,
			);
			path = UnitTestingTipCalculatorExampleTests;
			sourceTree = "<group>";
		};
		D99AD4942D9D8E890061FF9B = {
			isa = PBXGroup;
			children = (
				D99AD49F2D9D8E890061FF9B /* UnitTestingTipCalculatorExample */,
				D962D3F92D9F4AEE001C7D70 /* UnitTestingTipCalculatorExampleTests */,
				D99AD49E2D9D8E890061FF9B /* Products */,
			);
			sourceTree = "<group>";
		};
		D99AD49E2D9D8E890061FF9B /* Products */ = {
			isa = PBXGroup;
			children = (
				D99AD49D2D9D8E890061FF9B /* UnitTestingTipCalculatorExample.app */,
				D962D3F82D9F4AEE001C7D70 /* UnitTestingTipCalculatorExampleTests.xctest */,
			);
			name = Products;
			sourceTree = "<group>";
		};
		D99AD49F2D9D8E890061FF9B /* UnitTestingTipCalculatorExample */ = {
			isa = PBXGroup;
			children = (
				D99AD4A02D9D8E890061FF9B /* UnitTestingTipCalculatorExampleApp.swift */,
				D99AD4A22D9D8E890061FF9B /* ContentView.swift */,
				D99AD4A42D9D8E8A0061FF9B /* Assets.xcassets */,
				D99AD4A62D9D8E8A0061FF9B /* Preview Content */,
			);
			path = UnitTestingTipCalculatorExample;
			sourceTree = "<group>";
		};
		D99AD4A62D9D8E8A0061FF9B /* Preview Content */ = {
			isa = PBXGroup;
			children = (
				D99AD4A72D9D8E8A0061FF9B /* Preview Assets.xcassets */,
			);
			path = "Preview Content";
			sourceTree = "<group>";
		};
/* End PBXGroup section */

/* Begin PBXNativeTarget section */
		D962D3F72D9F4AEE001C7D70 /* UnitTestingTipCalculatorExampleTests */ = {
			isa = PBXNativeTarget;
			buildConfigurationList = D962D4002D9F4AEE001C7D70 /* Build configuration list for PBXNativeTarget "UnitTestingTipCalculatorExampleTests" */;
			buildPhases = (
				D962D3F42D9F4AEE001C7D70 /* Sources */,
				D962D3F52D9F4AEE001C7D70 /* Frameworks */,
				D962D3F62D9F4AEE001C7D70 /* Resources */,
			);
			buildRules = (
			);
			dependencies = (
				D962D3FD2D9F4AEE001C7D70 /* PBXTargetDependency */,
			);
			name = UnitTestingTipCalculatorExampleTests;
			productName = UnitTestingTipCalculatorExampleTests;
			productReference = D962D3F82D9F4AEE001C7D70 /* UnitTestingTipCalculatorExampleTests.xctest */;
			productType = "com.apple.product-type.bundle.unit-test";
		};
		D99AD49C2D9D8E890061FF9B /* UnitTestingTipCalculatorExample */ = {
			isa = PBXNativeTarget;
			buildConfigurationList = D99AD4AB2D9D8E8A0061FF9B /* Build configuration list for PBXNativeTarget "UnitTestingTipCalculatorExample" */;
			buildPhases = (
				D99AD4992D9D8E890061FF9B /* Sources */,
				D99AD49A2D9D8E890061FF9B /* Frameworks */,
				D99AD49B2D9D8E890061FF9B /* Resources */,
			);
			buildRules = (
			);
			dependencies = (
			);
			name = UnitTestingTipCalculatorExample;
			productName = UnitTestingTipCalculatorExample;
			productReference = D99AD49D2D9D8E890061FF9B /* UnitTestingTipCalculatorExample.app */;
			productType = "com.apple.product-type.application";
		};
/* End PBXNativeTarget section */

/* Begin PBXProject section */
		D99AD4952D9D8E890061FF9B /* Project object */ = {
			isa = PBXProject;
			attributes = {
				BuildIndependentTargetsInParallel = 1;
				LastSwiftUpdateCheck = 1540;
				LastUpgradeCheck = 1540;
				TargetAttributes = {
					D962D3F72D9F4AEE001C7D70 = {
						CreatedOnToolsVersion = 15.4;
						TestTargetID = D99AD49C2D9D8E890061FF9B;
					};
					D99AD49C2D9D8E890061FF9B = {
						CreatedOnToolsVersion = 15.4;
					};
				};
			};
			buildConfigurationList = D99AD4982D9D8E890061FF9B /* Build configuration list for PBXProject "UnitTestingTipCalculatorExample" */;
			compatibilityVersion = "Xcode 14.0";
			developmentRegion = en;
			hasScannedForEncodings = 0;
			knownRegions = (
				en,
				Base,
			);
			mainGroup = D99AD4942D9D8E890061FF9B;
			productRefGroup = D99AD49E2D9D8E890061FF9B /* Products */;
			projectDirPath = "";
			projectRoot = "";
			targets = (
				D99AD49C2D9D8E890061FF9B /* UnitTestingTipCalculatorExample */,
				D962D3F72D9F4AEE001C7D70 /* UnitTestingTipCalculatorExampleTests */,
			);
		};
/* End PBXProject section */

/* Begin PBXResourcesBuildPhase section */
		D962D3F62D9F4AEE001C7D70 /* Resources */ = {
			isa = PBXResourcesBuildPhase;
			buildActionMask = 2147483647;
			files = (
			);
			runOnlyForDeploymentPostprocessing = 0;
		};
		D99AD49B2D9D8E890061FF9B /* Resources */ = {
			isa = PBXResourcesBuildPhase;
			buildActionMask = 2147483647;
			files = (
				D99AD4A82D9D8E8A0061FF9B /* Preview Assets.xcassets in Resources */,
				D99AD4A52D9D8E8A0061FF9B /* Assets.xcassets in Resources */,
			);
			runOnlyForDeploymentPostprocessing = 0;
		};
/* End PBXResourcesBuildPhase section */

/* Begin PBXSourcesBuildPhase section */
		D962D3F42D9F4AEE001C7D70 /* Sources */ = {
			isa = PBXSourcesBuildPhase;
			buildActionMask = 2147483647;
			files = (
				D962D3FB2D9F4AEE001C7D70 /* UnitTestingTipCalculatorExampleTests.swift in Sources */,
				D962D4022D9F4B74001C7D70 /* CalculationTests.swift in Sources */,
			);
			runOnlyForDeploymentPostprocessing = 0;
		};
		D99AD4992D9D8E890061FF9B /* Sources */ = {
			isa = PBXSourcesBuildPhase;
			buildActionMask = 2147483647;
			files = (
				D99AD4A32D9D8E890061FF9B /* ContentView.swift in Sources */,
				D99AD4A12D9D8E890061FF9B /* UnitTestingTipCalculatorExampleApp.swift in Sources */,
			);
			runOnlyForDeploymentPostprocessing = 0;
		};
/* End PBXSourcesBuildPhase section */

/* Begin PBXTargetDependency section */
		D962D3FD2D9F4AEE001C7D70 /* PBXTargetDependency */ = {
			isa = PBXTargetDependency;
			target = D99AD49C2D9D8E890061FF9B /* UnitTestingTipCalculatorExample */;
			targetProxy = D962D3FC2D9F4AEE001C7D70 /* PBXContainerItemProxy */;
		};
/* End PBXTargetDependency section */

/* Begin XCBuildConfiguration section */
		D962D3FE2D9F4AEE001C7D70 /* Debug */ = {
			isa = XCBuildConfiguration;
			buildSettings = {
				BUNDLE_LOADER = "$(TEST_HOST)";
				CODE_SIGN_STYLE = Automatic;
				CURRENT_PROJECT_VERSION = 1;
				DEVELOPMENT_TEAM = 464PVQ34ND;
				GENERATE_INFOPLIST_FILE = YES;
				MARKETING_VERSION = 1.0;
				PRODUCT_BUNDLE_IDENTIFIER = com.harolddavidson.UnitTestingTipCalculatorExampleTests;
				PRODUCT_NAME = "$(TARGET_NAME)";
				SWIFT_EMIT_LOC_STRINGS = NO;
				SWIFT_VERSION = 5.0;
				TARGETED_DEVICE_FAMILY = "1,2";
				TEST_HOST = "$(BUILT_PRODUCTS_DIR)/UnitTestingTipCalculatorExample.app/$(BUNDLE_EXECUTABLE_FOLDER_PATH)/UnitTestingTipCalculatorExample";
			};
			name = Debug;
		};
		D962D3FF2D9F4AEE001C7D70 /* Release */ = {
			isa = XCBuildConfiguration;
			buildSettings = {
				BUNDLE_LOADER = "$(TEST_HOST)";
				CODE_SIGN_STYLE = Automatic;
				CURRENT_PROJECT_VERSION = 1;
				DEVELOPMENT_TEAM = 464PVQ34ND;
				GENERATE_INFOPLIST_FILE = YES;
				MARKETING_VERSION = 1.0;
				PRODUCT_BUNDLE_IDENTIFIER = com.harolddavidson.UnitTestingTipCalculatorExampleTests;
				PRODUCT_NAME = "$(TARGET_NAME)";
				SWIFT_EMIT_LOC_STRINGS = NO;
				SWIFT_VERSION = 5.0;
				TARGETED_DEVICE_FAMILY = "1,2";
				TEST_HOST = "$(BUILT_PRODUCTS_DIR)/UnitTestingTipCalculatorExample.app/$(BUNDLE_EXECUTABLE_FOLDER_PATH)/UnitTestingTipCalculatorExample";
			};
			name = Release;
		};
		D99AD4A92D9D8E8A0061FF9B /* Debug */ = {
			isa = XCBuildConfiguration;
			buildSettings = {
				ALWAYS_SEARCH_USER_PATHS = NO;
				ASSETCATALOG_COMPILER_GENERATE_SWIFT_ASSET_SYMBOL_EXTENSIONS = YES;
				CLANG_ANALYZER_NONNULL = YES;
				CLANG_ANALYZER_NUMBER_OBJECT_CONVERSION = YES_AGGRESSIVE;
				CLANG_CXX_LANGUAGE_STANDARD = "gnu++20";
				CLANG_ENABLE_MODULES = YES;
				CLANG_ENABLE_OBJC_ARC = YES;
				CLANG_ENABLE_OBJC_WEAK = YES;
				CLANG_WARN_BLOCK_CAPTURE_AUTORELEASING = YES;
				CLANG_WARN_BOOL_CONVERSION = YES;
				CLANG_WARN_COMMA = YES;
				CLANG_WARN_CONSTANT_CONVERSION = YES;
				CLANG_WARN_DEPRECATED_OBJC_IMPLEMENTATIONS = YES;
				CLANG_WARN_DIRECT_OBJC_ISA_USAGE = YES_ERROR;
				CLANG_WARN_DOCUMENTATION_COMMENTS = YES;
				CLANG_WARN_EMPTY_BODY = YES;
				CLANG_WARN_ENUM_CONVERSION = YES;
				CLANG_WARN_INFINITE_RECURSION = YES;
				CLANG_WARN_INT_CONVERSION = YES;
				CLANG_WARN_NON_LITERAL_NULL_CONVERSION = YES;
				CLANG_WARN_OBJC_IMPLICIT_RETAIN_SELF = YES;
				CLANG_WARN_OBJC_LITERAL_CONVERSION = YES;
				CLANG_WARN_OBJC_ROOT_CLASS = YES_ERROR;
				CLANG_WARN_QUOTED_INCLUDE_IN_FRAMEWORK_HEADER = YES;
				CLANG_WARN_RANGE_LOOP_ANALYSIS = YES;
				CLANG_WARN_STRICT_PROTOTYPES = YES;
				CLANG_WARN_SUSPICIOUS_MOVE = YES;
				CLANG_WARN_UNGUARDED_AVAILABILITY = YES_AGGRESSIVE;
				CLANG_WARN_UNREACHABLE_CODE = YES;
				CLANG_WARN__DUPLICATE_METHOD_MATCH = YES;
				COPY_PHASE_STRIP = NO;
				DEBUG_INFORMATION_FORMAT = dwarf;
				ENABLE_STRICT_OBJC_MSGSEND = YES;
				ENABLE_TESTABILITY = YES;
				ENABLE_USER_SCRIPT_SANDBOXING = YES;
				GCC_C_LANGUAGE_STANDARD = gnu17;
				GCC_DYNAMIC_NO_PIC = NO;
				GCC_NO_COMMON_BLOCKS = YES;
				GCC_OPTIMIZATION_LEVEL = 0;
				GCC_PREPROCESSOR_DEFINITIONS = (
					"DEBUG=1",
					"$(inherited)",
				);
				GCC_WARN_64_TO_32_BIT_CONVERSION = YES;
				GCC_WARN_ABOUT_RETURN_TYPE = YES_ERROR;
				GCC_WARN_UNDECLARED_SELECTOR = YES;
				GCC_WARN_UNINITIALIZED_AUTOS = YES_AGGRESSIVE;
				GCC_WARN_UNUSED_FUNCTION = YES;
				GCC_WARN_UNUSED_VARIABLE = YES;
				IPHONEOS_DEPLOYMENT_TARGET = 17.5;
				LOCALIZATION_PREFERS_STRING_CATALOGS = YES;
				MTL_ENABLE_DEBUG_INFO = INCLUDE_SOURCE;
				MTL_FAST_MATH = YES;
				ONLY_ACTIVE_ARCH = YES;
				SDKROOT = iphoneos;
				SWIFT_ACTIVE_COMPILATION_CONDITIONS = "DEBUG $(inherited)";
				SWIFT_OPTIMIZATION_LEVEL = "-Onone";
			};
			name = Debug;
		};
		D99AD4AA2D9D8E8A0061FF9B /* Release */ = {
			isa = XCBuildConfiguration;
			buildSettings = {
				ALWAYS_SEARCH_USER_PATHS = NO;
				ASSETCATALOG_COMPILER_GENERATE_SWIFT_ASSET_SYMBOL_EXTENSIONS = YES;
				CLANG_ANALYZER_NONNULL = YES;
				CLANG_ANALYZER_NUMBER_OBJECT_CONVERSION = YES_AGGRESSIVE;
				CLANG_CXX_LANGUAGE_STANDARD = "gnu++20";
				CLANG_ENABLE_MODULES = YES;
				CLANG_ENABLE_OBJC_ARC = YES;
				CLANG_ENABLE_OBJC_WEAK = YES;
				CLANG_WARN_BLOCK_CAPTURE_AUTORELEASING = YES;
				CLANG_WARN_BOOL_CONVERSION = YES;
				CLANG_WARN_COMMA = YES;
				CLANG_WARN_CONSTANT_CONVERSION = YES;
				CLANG_WARN_DEPRECATED_OBJC_IMPLEMENTATIONS = YES;
				CLANG_WARN_DIRECT_OBJC_ISA_USAGE = YES_ERROR;
				CLANG_WARN_DOCUMENTATION_COMMENTS = YES;
				CLANG_WARN_EMPTY_BODY = YES;
				CLANG_WARN_ENUM_CONVERSION = YES;
				CLANG_WARN_INFINITE_RECURSION = YES;
				CLANG_WARN_INT_CONVERSION = YES;
				CLANG_WARN_NON_LITERAL_NULL_CONVERSION = YES;
				CLANG_WARN_OBJC_IMPLICIT_RETAIN_SELF = YES;
				CLANG_WARN_OBJC_LITERAL_CONVERSION = YES;
				CLANG_WARN_OBJC_ROOT_CLASS = YES_ERROR;
				CLANG_WARN_QUOTED_INCLUDE_IN_FRAMEWORK_HEADER = YES;
				CLANG_WARN_RANGE_LOOP_ANALYSIS = YES;
				CLANG_WARN_STRICT_PROTOTYPES = YES;
				CLANG_WARN_SUSPICIOUS_MOVE = YES;
				CLANG_WARN_UNGUARDED_AVAILABILITY = YES_AGGRESSIVE;
				CLANG_WARN_UNREACHABLE_CODE = YES;
				CLANG_WARN__DUPLICATE_METHOD_MATCH = YES;
				COPY_PHASE_STRIP = NO;
				DEBUG_INFORMATION_FORMAT = "dwarf-with-dsym";
				ENABLE_NS_ASSERTIONS = NO;
				ENABLE_STRICT_OBJC_MSGSEND = YES;
				ENABLE_USER_SCRIPT_SANDBOXING = YES;
				GCC_C_LANGUAGE_STANDARD = gnu17;
				GCC_NO_COMMON_BLOCKS = YES;
				GCC_WARN_64_TO_32_BIT_CONVERSION = YES;
				GCC_WARN_ABOUT_RETURN_TYPE = YES_ERROR;
				GCC_WARN_UNDECLARED_SELECTOR = YES;
				GCC_WARN_UNINITIALIZED_AUTOS = YES_AGGRESSIVE;
				GCC_WARN_UNUSED_FUNCTION = YES;
				GCC_WARN_UNUSED_VARIABLE = YES;
				IPHONEOS_DEPLOYMENT_TARGET = 17.5;
				LOCALIZATION_PREFERS_STRING_CATALOGS = YES;
				MTL_ENABLE_DEBUG_INFO = NO;
				MTL_FAST_MATH = YES;
				SDKROOT = iphoneos;
				SWIFT_COMPILATION_MODE = wholemodule;
				VALIDATE_PRODUCT = YES;
			};
			name = Release;
		};
		D99AD4AC2D9D8E8A0061FF9B /* Debug */ = {
			isa = XCBuildConfiguration;
			buildSettings = {
				ASSETCATALOG_COMPILER_APPICON_NAME = AppIcon;
				ASSETCATALOG_COMPILER_GLOBAL_ACCENT_COLOR_NAME = AccentColor;
				CODE_SIGN_STYLE = Automatic;
				CURRENT_PROJECT_VERSION = 1;
				DEVELOPMENT_ASSET_PATHS = "\"UnitTestingTipCalculatorExample/Preview Content\"";
				DEVELOPMENT_TEAM = 464PVQ34ND;
				ENABLE_PREVIEWS = YES;
				GENERATE_INFOPLIST_FILE = YES;
				INFOPLIST_KEY_UIApplicationSceneManifest_Generation = YES;
				INFOPLIST_KEY_UIApplicationSupportsIndirectInputEvents = YES;
				INFOPLIST_KEY_UILaunchScreen_Generation = YES;
				INFOPLIST_KEY_UISupportedInterfaceOrientations_iPad = "UIInterfaceOrientationPortrait UIInterfaceOrientationPortraitUpsideDown UIInterfaceOrientationLandscapeLeft UIInterfaceOrientationLandscapeRight";
				INFOPLIST_KEY_UISupportedInterfaceOrientations_iPhone = "UIInterfaceOrientationPortrait UIInterfaceOrientationLandscapeLeft UIInterfaceOrientationLandscapeRight";
				LD_RUNPATH_SEARCH_PATHS = (
					"$(inherited)",
					"@executable_path/Frameworks",
				);
				MARKETING_VERSION = 1.0;
				PRODUCT_BUNDLE_IDENTIFIER = com.harolddavidson.UnitTestingTipCalculatorExample;
				PRODUCT_NAME = "$(TARGET_NAME)";
				SWIFT_EMIT_LOC_STRINGS = YES;
				SWIFT_VERSION = 5.0;
				TARGETED_DEVICE_FAMILY = "1,2";
			};
			name = Debug;
		};
		D99AD4AD2D9D8E8A0061FF9B /* Release */ = {
			isa = XCBuildConfiguration;
			buildSettings = {
				ASSETCATALOG_COMPILER_APPICON_NAME = AppIcon;
				ASSETCATALOG_COMPILER_GLOBAL_ACCENT_COLOR_NAME = AccentColor;
				CODE_SIGN_STYLE = Automatic;
				CURRENT_PROJECT_VERSION = 1;
				DEVELOPMENT_ASSET_PATHS = "\"UnitTestingTipCalculatorExample/Preview Content\"";
				DEVELOPMENT_TEAM = 464PVQ34ND;
				ENABLE_PREVIEWS = YES;
				GENERATE_INFOPLIST_FILE = YES;
				INFOPLIST_KEY_UIApplicationSceneManifest_Generation = YES;
				INFOPLIST_KEY_UIApplicationSupportsIndirectInputEvents = YES;
				INFOPLIST_KEY_UILaunchScreen_Generation = YES;
				INFOPLIST_KEY_UISupportedInterfaceOrientations_iPad = "UIInterfaceOrientationPortrait UIInterfaceOrientationPortraitUpsideDown UIInterfaceOrientationLandscapeLeft UIInterfaceOrientationLandscapeRight";
				INFOPLIST_KEY_UISupportedInterfaceOrientations_iPhone = "UIInterfaceOrientationPortrait UIInterfaceOrientationLandscapeLeft UIInterfaceOrientationLandscapeRight";
				LD_RUNPATH_SEARCH_PATHS = (
					"$(inherited)",
					"@executable_path/Frameworks",
				);
				MARKETING_VERSION = 1.0;
				PRODUCT_BUNDLE_IDENTIFIER = com.harolddavidson.UnitTestingTipCalculatorExample;
				PRODUCT_NAME = "$(TARGET_NAME)";
				SWIFT_EMIT_LOC_STRINGS = YES;
				SWIFT_VERSION = 5.0;
				TARGETED_DEVICE_FAMILY = "1,2";
			};
			name = Release;
		};
/* End XCBuildConfiguration section */

/* Begin XCConfigurationList section */
		D962D4002D9F4AEE001C7D70 /* Build configuration list for PBXNativeTarget "UnitTestingTipCalculatorExampleTests" */ = {
			isa = XCConfigurationList;
			buildConfigurations = (
				D962D3FE2D9F4AEE001C7D70 /* Debug */,
				D962D3FF2D9F4AEE001C7D70 /* Release */,
			);
			defaultConfigurationIsVisible = 0;
			defaultConfigurationName = Release;
		};
		D99AD4982D9D8E890061FF9B /* Build configuration list for PBXProject "UnitTestingTipCalculatorExample" */ = {
			isa = XCConfigurationList;
			buildConfigurations = (
				D99AD4A92D9D8E8A0061FF9B /* Debug */,
				D99AD4AA2D9D8E8A0061FF9B /* Release */,
			);
			defaultConfigurationIsVisible = 0;
			defaultConfigurationName = Release;
		};
		D99AD4AB2D9D8E8A0061FF9B /* Build configuration list for PBXNativeTarget "UnitTestingTipCalculatorExample" */ = {
			isa = XCConfigurationList;
			buildConfigurations = (
				D99AD4AC2D9D8E8A0061FF9B /* Debug */,
				D99AD4AD2D9D8E8A0061FF9B /* Release */,
			);
			defaultConfigurationIsVisible = 0;
			defaultConfigurationName = Release;
		};
/* End XCConfigurationList section */
	};
	rootObject = D99AD4952D9D8E890061FF9B /* Project object */;
}
