// !$*UTF8*$!
{
	archiveVersion = 1;
	classes = {
	};
	objectVersion = 56;
	objects = {

/* Begin PBXBuildFile section */
		D99AD27F2D1FE58C0061FF9B /* Initializers.swift in Sources */ = {isa = PBXBuildFile; fileRef = D99AD27E2D1FE58C0061FF9B /* Initializers.swift */; };
		D99AD2852D23BB190061FF9B /* ForEach.swift in Sources */ = {isa = PBXBuildFile; fileRef = D99AD2842D23BB190061FF9B /* ForEach.swift */; };
		D99AD2902D27A9770061FF9B /* ScrollViews.swift in Sources */ = {isa = PBXBuildFile; fileRef = D99AD28F2D27A9770061FF9B /* ScrollViews.swift */; };
		D99AD2B92D2A68150061FF9B /* LazyVGrids.swift in Sources */ = {isa = PBXBuildFile; fileRef = D99AD2B82D2A68150061FF9B /* LazyVGrids.swift */; };
		D99AD3922D3785E70061FF9B /* SafeArea.swift in Sources */ = {isa = PBXBuildFile; fileRef = D99AD3912D3785E70061FF9B /* SafeArea.swift */; };
		D9E4D8D62D1BCB540007A8E9 /* SwiftfulThinkingApp.swift in Sources */ = {isa = PBXBuildFile; fileRef = D9E4D8D52D1BCB540007A8E9 /* SwiftfulThinkingApp.swift */; };
		D9E4D8D82D1BCB540007A8E9 /* ContentView.swift in Sources */ = {isa = PBXBuildFile; fileRef = D9E4D8D72D1BCB540007A8E9 /* ContentView.swift */; };
		D9E4D8DA2D1BCB540007A8E9 /* Assets.xcassets in Resources */ = {isa = PBXBuildFile; fileRef = D9E4D8D92D1BCB540007A8E9 /* Assets.xcassets */; };
		D9E4D8DD2D1BCB540007A8E9 /* Preview Assets.xcassets in Resources */ = {isa = PBXBuildFile; fileRef = D9E4D8DC2D1BCB540007A8E9 /* Preview Assets.xcassets */; };
		D9E4D8E52D1BCB730007A8E9 /* Shapes.swift in Sources */ = {isa = PBXBuildFile; fileRef = D9E4D8E42D1BCB730007A8E9 /* Shapes.swift */; };
		D9E4D8E92D1BCBD30007A8E9 /* TextView.swift in Sources */ = {isa = PBXBuildFile; fileRef = D9E4D8E82D1BCBD30007A8E9 /* TextView.swift */; };
		D9E4D8EB2D1BCBF90007A8E9 /* Colors.swift in Sources */ = {isa = PBXBuildFile; fileRef = D9E4D8EA2D1BCBF90007A8E9 /* Colors.swift */; };
		D9E4D8ED2D1BCC180007A8E9 /* Gradients.swift in Sources */ = {isa = PBXBuildFile; fileRef = D9E4D8EC2D1BCC180007A8E9 /* Gradients.swift */; };
		D9E4D8EF2D1BCC3E0007A8E9 /* Images.swift in Sources */ = {isa = PBXBuildFile; fileRef = D9E4D8EE2D1BCC3E0007A8E9 /* Images.swift */; };
		D9E4D8F12D1D0A760007A8E9 /* Frames.swift in Sources */ = {isa = PBXBuildFile; fileRef = D9E4D8F02D1D0A760007A8E9 /* Frames.swift */; };
		D9E4D8F32D1D2EC70007A8E9 /* BackgroundsAndOverlays.swift in Sources */ = {isa = PBXBuildFile; fileRef = D9E4D8F22D1D2EC70007A8E9 /* BackgroundsAndOverlays.swift */; };
		D9E4D8F52D1E4AE00007A8E9 /* Stacks.swift in Sources */ = {isa = PBXBuildFile; fileRef = D9E4D8F42D1E4AE00007A8E9 /* Stacks.swift */; };
		D9E4D8F92D1FDC9E0007A8E9 /* Padding.swift in Sources */ = {isa = PBXBuildFile; fileRef = D9E4D8F82D1FDC9E0007A8E9 /* Padding.swift */; };
		D9E4D8FB2D1FE0720007A8E9 /* SpacerView.swift in Sources */ = {isa = PBXBuildFile; fileRef = D9E4D8FA2D1FE0720007A8E9 /* SpacerView.swift */; };
/* End PBXBuildFile section */

/* Begin PBXFileReference section */
		D99AD27E2D1FE58C0061FF9B /* Initializers.swift */ = {isa = PBXFileReference; lastKnownFileType = sourcecode.swift; path = Initializers.swift; sourceTree = "<group>"; };
		D99AD2842D23BB190061FF9B /* ForEach.swift */ = {isa = PBXFileReference; lastKnownFileType = sourcecode.swift; path = ForEach.swift; sourceTree = "<group>"; };
		D99AD28F2D27A9770061FF9B /* ScrollViews.swift */ = {isa = PBXFileReference; lastKnownFileType = sourcecode.swift; path = ScrollViews.swift; sourceTree = "<group>"; };
		D99AD2B82D2A68150061FF9B /* LazyVGrids.swift */ = {isa = PBXFileReference; lastKnownFileType = sourcecode.swift; path = LazyVGrids.swift; sourceTree = "<group>"; };
		D99AD3912D3785E70061FF9B /* SafeArea.swift */ = {isa = PBXFileReference; lastKnownFileType = sourcecode.swift; path = SafeArea.swift; sourceTree = "<group>"; };
		D9E4D8D22D1BCB540007A8E9 /* SwiftfulThinking.app */ = {isa = PBXFileReference; explicitFileType = wrapper.application; includeInIndex = 0; path = SwiftfulThinking.app; sourceTree = BUILT_PRODUCTS_DIR; };
		D9E4D8D52D1BCB540007A8E9 /* SwiftfulThinkingApp.swift */ = {isa = PBXFileReference; lastKnownFileType = sourcecode.swift; path = SwiftfulThinkingApp.swift; sourceTree = "<group>"; };
		D9E4D8D72D1BCB540007A8E9 /* ContentView.swift */ = {isa = PBXFileReference; lastKnownFileType = sourcecode.swift; path = ContentView.swift; sourceTree = "<group>"; };
		D9E4D8D92D1BCB540007A8E9 /* Assets.xcassets */ = {isa = PBXFileReference; lastKnownFileType = folder.assetcatalog; path = Assets.xcassets; sourceTree = "<group>"; };
		D9E4D8DC2D1BCB540007A8E9 /* Preview Assets.xcassets */ = {isa = PBXFileReference; lastKnownFileType = folder.assetcatalog; path = "Preview Assets.xcassets"; sourceTree = "<group>"; };
		D9E4D8E42D1BCB730007A8E9 /* Shapes.swift */ = {isa = PBXFileReference; lastKnownFileType = sourcecode.swift; path = Shapes.swift; sourceTree = "<group>"; };
		D9E4D8E82D1BCBD30007A8E9 /* TextView.swift */ = {isa = PBXFileReference; lastKnownFileType = sourcecode.swift; path = TextView.swift; sourceTree = "<group>"; };
		D9E4D8EA2D1BCBF90007A8E9 /* Colors.swift */ = {isa = PBXFileReference; lastKnownFileType = sourcecode.swift; path = Colors.swift; sourceTree = "<group>"; };
		D9E4D8EC2D1BCC180007A8E9 /* Gradients.swift */ = {isa = PBXFileReference; lastKnownFileType = sourcecode.swift; path = Gradients.swift; sourceTree = "<group>"; };
		D9E4D8EE2D1BCC3E0007A8E9 /* Images.swift */ = {isa = PBXFileReference; lastKnownFileType = sourcecode.swift; path = Images.swift; sourceTree = "<group>"; };
		D9E4D8F02D1D0A760007A8E9 /* Frames.swift */ = {isa = PBXFileReference; lastKnownFileType = sourcecode.swift; path = Frames.swift; sourceTree = "<group>"; };
		D9E4D8F22D1D2EC70007A8E9 /* BackgroundsAndOverlays.swift */ = {isa = PBXFileReference; lastKnownFileType = sourcecode.swift; path = BackgroundsAndOverlays.swift; sourceTree = "<group>"; };
		D9E4D8F42D1E4AE00007A8E9 /* Stacks.swift */ = {isa = PBXFileReference; lastKnownFileType = sourcecode.swift; path = Stacks.swift; sourceTree = "<group>"; };
		D9E4D8F82D1FDC9E0007A8E9 /* Padding.swift */ = {isa = PBXFileReference; lastKnownFileType = sourcecode.swift; path = Padding.swift; sourceTree = "<group>"; };
		D9E4D8FA2D1FE0720007A8E9 /* SpacerView.swift */ = {isa = PBXFileReference; lastKnownFileType = sourcecode.swift; path = SpacerView.swift; sourceTree = "<group>"; };
/* End PBXFileReference section */

/* Begin PBXFrameworksBuildPhase section */
		D9E4D8CF2D1BCB540007A8E9 /* Frameworks */ = {
			isa = PBXFrameworksBuildPhase;
			buildActionMask = 2147483647;
			files = (
			);
			runOnlyForDeploymentPostprocessing = 0;
		};
/* End PBXFrameworksBuildPhase section */

/* Begin PBXGroup section */
		D9E4D8C92D1BCB530007A8E9 = {
			isa = PBXGroup;
			children = (
				D9E4D8D42D1BCB540007A8E9 /* SwiftfulThinking */,
				D9E4D8D32D1BCB540007A8E9 /* Products */,
			);
			sourceTree = "<group>";
		};
		D9E4D8D32D1BCB540007A8E9 /* Products */ = {
			isa = PBXGroup;
			children = (
				D9E4D8D22D1BCB540007A8E9 /* SwiftfulThinking.app */,
			);
			name = Products;
			sourceTree = "<group>";
		};
		D9E4D8D42D1BCB540007A8E9 /* SwiftfulThinking */ = {
			isa = PBXGroup;
			children = (
				D9E4D8E32D1BCB660007A8E9 /* Views */,
				D9E4D8D52D1BCB540007A8E9 /* SwiftfulThinkingApp.swift */,
				D9E4D8D72D1BCB540007A8E9 /* ContentView.swift */,
				D9E4D8D92D1BCB540007A8E9 /* Assets.xcassets */,
				D9E4D8DB2D1BCB540007A8E9 /* Preview Content */,
			);
			path = SwiftfulThinking;
			sourceTree = "<group>";
		};
		D9E4D8DB2D1BCB540007A8E9 /* Preview Content */ = {
			isa = PBXGroup;
			children = (
				D9E4D8DC2D1BCB540007A8E9 /* Preview Assets.xcassets */,
			);
			path = "Preview Content";
			sourceTree = "<group>";
		};
		D9E4D8E32D1BCB660007A8E9 /* Views */ = {
			isa = PBXGroup;
			children = (
				D9E4D8E42D1BCB730007A8E9 /* Shapes.swift */,
				D9E4D8E82D1BCBD30007A8E9 /* TextView.swift */,
				D9E4D8EA2D1BCBF90007A8E9 /* Colors.swift */,
				D9E4D8EC2D1BCC180007A8E9 /* Gradients.swift */,
				D9E4D8EE2D1BCC3E0007A8E9 /* Images.swift */,
				D9E4D8F82D1FDC9E0007A8E9 /* Padding.swift */,
				D99AD2842D23BB190061FF9B /* ForEach.swift */,
				D99AD28F2D27A9770061FF9B /* ScrollViews.swift */,
				D9E4D8F02D1D0A760007A8E9 /* Frames.swift */,
				D9E4D8F22D1D2EC70007A8E9 /* BackgroundsAndOverlays.swift */,
				D99AD2B82D2A68150061FF9B /* LazyVGrids.swift */,
				D99AD27E2D1FE58C0061FF9B /* Initializers.swift */,
				D9E4D8FA2D1FE0720007A8E9 /* SpacerView.swift */,
				D99AD3912D3785E70061FF9B /* SafeArea.swift */,
				D9E4D8F42D1E4AE00007A8E9 /* Stacks.swift */,
			);
			path = Views;
			sourceTree = "<group>";
		};
/* End PBXGroup section */

/* Begin PBXNativeTarget section */
		D9E4D8D12D1BCB540007A8E9 /* SwiftfulThinking */ = {
			isa = PBXNativeTarget;
			buildConfigurationList = D9E4D8E02D1BCB540007A8E9 /* Build configuration list for PBXNativeTarget "SwiftfulThinking" */;
			buildPhases = (
				D9E4D8CE2D1BCB540007A8E9 /* Sources */,
				D9E4D8CF2D1BCB540007A8E9 /* Frameworks */,
				D9E4D8D02D1BCB540007A8E9 /* Resources */,
			);
			buildRules = (
			);
			dependencies = (
			);
			name = SwiftfulThinking;
			productName = SwiftfulThinking;
			productReference = D9E4D8D22D1BCB540007A8E9 /* SwiftfulThinking.app */;
			productType = "com.apple.product-type.application";
		};
/* End PBXNativeTarget section */

/* Begin PBXProject section */
		D9E4D8CA2D1BCB530007A8E9 /* Project object */ = {
			isa = PBXProject;
			attributes = {
				BuildIndependentTargetsInParallel = 1;
				LastSwiftUpdateCheck = 1540;
				LastUpgradeCheck = 1540;
				TargetAttributes = {
					D9E4D8D12D1BCB540007A8E9 = {
						CreatedOnToolsVersion = 15.4;
					};
				};
			};
			buildConfigurationList = D9E4D8CD2D1BCB530007A8E9 /* Build configuration list for PBXProject "SwiftfulThinking" */;
			compatibilityVersion = "Xcode 14.0";
			developmentRegion = en;
			hasScannedForEncodings = 0;
			knownRegions = (
				en,
				Base,
			);
			mainGroup = D9E4D8C92D1BCB530007A8E9;
			productRefGroup = D9E4D8D32D1BCB540007A8E9 /* Products */;
			projectDirPath = "";
			projectRoot = "";
			targets = (
				D9E4D8D12D1BCB540007A8E9 /* SwiftfulThinking */,
			);
		};
/* End PBXProject section */

/* Begin PBXResourcesBuildPhase section */
		D9E4D8D02D1BCB540007A8E9 /* Resources */ = {
			isa = PBXResourcesBuildPhase;
			buildActionMask = 2147483647;
			files = (
				D9E4D8DD2D1BCB540007A8E9 /* Preview Assets.xcassets in Resources */,
				D9E4D8DA2D1BCB540007A8E9 /* Assets.xcassets in Resources */,
			);
			runOnlyForDeploymentPostprocessing = 0;
		};
/* End PBXResourcesBuildPhase section */

/* Begin PBXSourcesBuildPhase section */
		D9E4D8CE2D1BCB540007A8E9 /* Sources */ = {
			isa = PBXSourcesBuildPhase;
			buildActionMask = 2147483647;
			files = (
				D9E4D8F52D1E4AE00007A8E9 /* Stacks.swift in Sources */,
				D9E4D8FB2D1FE0720007A8E9 /* SpacerView.swift in Sources */,
				D9E4D8EF2D1BCC3E0007A8E9 /* Images.swift in Sources */,
				D9E4D8D82D1BCB540007A8E9 /* ContentView.swift in Sources */,
				D9E4D8F92D1FDC9E0007A8E9 /* Padding.swift in Sources */,
				D9E4D8EB2D1BCBF90007A8E9 /* Colors.swift in Sources */,
				D9E4D8E92D1BCBD30007A8E9 /* TextView.swift in Sources */,
				D99AD3922D3785E70061FF9B /* SafeArea.swift in Sources */,
				D9E4D8D62D1BCB540007A8E9 /* SwiftfulThinkingApp.swift in Sources */,
				D9E4D8F32D1D2EC70007A8E9 /* BackgroundsAndOverlays.swift in Sources */,
				D9E4D8F12D1D0A760007A8E9 /* Frames.swift in Sources */,
				D99AD2B92D2A68150061FF9B /* LazyVGrids.swift in Sources */,
				D99AD27F2D1FE58C0061FF9B /* Initializers.swift in Sources */,
				D9E4D8E52D1BCB730007A8E9 /* Shapes.swift in Sources */,
				D99AD2852D23BB190061FF9B /* ForEach.swift in Sources */,
				D99AD2902D27A9770061FF9B /* ScrollViews.swift in Sources */,
				D9E4D8ED2D1BCC180007A8E9 /* Gradients.swift in Sources */,
			);
			runOnlyForDeploymentPostprocessing = 0;
		};
/* End PBXSourcesBuildPhase section */

/* Begin XCBuildConfiguration section */
		D9E4D8DE2D1BCB540007A8E9 /* Debug */ = {
			isa = XCBuildConfiguration;
			buildSettings = {
				ALWAYS_SEARCH_USER_PATHS = NO;
				ASSETCATALOG_COMPILER_GENERATE_SWIFT_ASSET_SYMBOL_EXTENSIONS = YES;
				CLANG_ANALYZER_NONNULL = YES;
				CLANG_ANALYZER_NUMBER_OBJECT_CONVERSION = YES_AGGRESSIVE;
				CLANG_CXX_LANGUAGE_STANDARD = "gnu++20";
				CLANG_ENABLE_MODULES = YES;
				CLANG_ENABLE_OBJC_ARC = YES;
				CLANG_ENABLE_OBJC_WEAK = YES;
				CLANG_WARN_BLOCK_CAPTURE_AUTORELEASING = YES;
				CLANG_WARN_BOOL_CONVERSION = YES;
				CLANG_WARN_COMMA = YES;
				CLANG_WARN_CONSTANT_CONVERSION = YES;
				CLANG_WARN_DEPRECATED_OBJC_IMPLEMENTATIONS = YES;
				CLANG_WARN_DIRECT_OBJC_ISA_USAGE = YES_ERROR;
				CLANG_WARN_DOCUMENTATION_COMMENTS = YES;
				CLANG_WARN_EMPTY_BODY = YES;
				CLANG_WARN_ENUM_CONVERSION = YES;
				CLANG_WARN_INFINITE_RECURSION = YES;
				CLANG_WARN_INT_CONVERSION = YES;
				CLANG_WARN_NON_LITERAL_NULL_CONVERSION = YES;
				CLANG_WARN_OBJC_IMPLICIT_RETAIN_SELF = YES;
				CLANG_WARN_OBJC_LITERAL_CONVERSION = YES;
				CLANG_WARN_OBJC_ROOT_CLASS = YES_ERROR;
				CLANG_WARN_QUOTED_INCLUDE_IN_FRAMEWORK_HEADER = YES;
				CLANG_WARN_RANGE_LOOP_ANALYSIS = YES;
				CLANG_WARN_STRICT_PROTOTYPES = YES;
				CLANG_WARN_SUSPICIOUS_MOVE = YES;
				CLANG_WARN_UNGUARDED_AVAILABILITY = YES_AGGRESSIVE;
				CLANG_WARN_UNREACHABLE_CODE = YES;
				CLANG_WARN__DUPLICATE_METHOD_MATCH = YES;
				COPY_PHASE_STRIP = NO;
				DEBUG_INFORMATION_FORMAT = dwarf;
				ENABLE_STRICT_OBJC_MSGSEND = YES;
				ENABLE_TESTABILITY = YES;
				ENABLE_USER_SCRIPT_SANDBOXING = YES;
				GCC_C_LANGUAGE_STANDARD = gnu17;
				GCC_DYNAMIC_NO_PIC = NO;
				GCC_NO_COMMON_BLOCKS = YES;
				GCC_OPTIMIZATION_LEVEL = 0;
				GCC_PREPROCESSOR_DEFINITIONS = (
					"DEBUG=1",
					"$(inherited)",
				);
				GCC_WARN_64_TO_32_BIT_CONVERSION = YES;
				GCC_WARN_ABOUT_RETURN_TYPE = YES_ERROR;
				GCC_WARN_UNDECLARED_SELECTOR = YES;
				GCC_WARN_UNINITIALIZED_AUTOS = YES_AGGRESSIVE;
				GCC_WARN_UNUSED_FUNCTION = YES;
				GCC_WARN_UNUSED_VARIABLE = YES;
				IPHONEOS_DEPLOYMENT_TARGET = 17.5;
				LOCALIZATION_PREFERS_STRING_CATALOGS = YES;
				MTL_ENABLE_DEBUG_INFO = INCLUDE_SOURCE;
				MTL_FAST_MATH = YES;
				ONLY_ACTIVE_ARCH = YES;
				SDKROOT = iphoneos;
				SWIFT_ACTIVE_COMPILATION_CONDITIONS = "DEBUG $(inherited)";
				SWIFT_OPTIMIZATION_LEVEL = "-Onone";
			};
			name = Debug;
		};
		D9E4D8DF2D1BCB540007A8E9 /* Release */ = {
			isa = XCBuildConfiguration;
			buildSettings = {
				ALWAYS_SEARCH_USER_PATHS = NO;
				ASSETCATALOG_COMPILER_GENERATE_SWIFT_ASSET_SYMBOL_EXTENSIONS = YES;
				CLANG_ANALYZER_NONNULL = YES;
				CLANG_ANALYZER_NUMBER_OBJECT_CONVERSION = YES_AGGRESSIVE;
				CLANG_CXX_LANGUAGE_STANDARD = "gnu++20";
				CLANG_ENABLE_MODULES = YES;
				CLANG_ENABLE_OBJC_ARC = YES;
				CLANG_ENABLE_OBJC_WEAK = YES;
				CLANG_WARN_BLOCK_CAPTURE_AUTORELEASING = YES;
				CLANG_WARN_BOOL_CONVERSION = YES;
				CLANG_WARN_COMMA = YES;
				CLANG_WARN_CONSTANT_CONVERSION = YES;
				CLANG_WARN_DEPRECATED_OBJC_IMPLEMENTATIONS = YES;
				CLANG_WARN_DIRECT_OBJC_ISA_USAGE = YES_ERROR;
				CLANG_WARN_DOCUMENTATION_COMMENTS = YES;
				CLANG_WARN_EMPTY_BODY = YES;
				CLANG_WARN_ENUM_CONVERSION = YES;
				CLANG_WARN_INFINITE_RECURSION = YES;
				CLANG_WARN_INT_CONVERSION = YES;
				CLANG_WARN_NON_LITERAL_NULL_CONVERSION = YES;
				CLANG_WARN_OBJC_IMPLICIT_RETAIN_SELF = YES;
				CLANG_WARN_OBJC_LITERAL_CONVERSION = YES;
				CLANG_WARN_OBJC_ROOT_CLASS = YES_ERROR;
				CLANG_WARN_QUOTED_INCLUDE_IN_FRAMEWORK_HEADER = YES;
				CLANG_WARN_RANGE_LOOP_ANALYSIS = YES;
				CLANG_WARN_STRICT_PROTOTYPES = YES;
				CLANG_WARN_SUSPICIOUS_MOVE = YES;
				CLANG_WARN_UNGUARDED_AVAILABILITY = YES_AGGRESSIVE;
				CLANG_WARN_UNREACHABLE_CODE = YES;
				CLANG_WARN__DUPLICATE_METHOD_MATCH = YES;
				COPY_PHASE_STRIP = NO;
				DEBUG_INFORMATION_FORMAT = "dwarf-with-dsym";
				ENABLE_NS_ASSERTIONS = NO;
				ENABLE_STRICT_OBJC_MSGSEND = YES;
				ENABLE_USER_SCRIPT_SANDBOXING = YES;
				GCC_C_LANGUAGE_STANDARD = gnu17;
				GCC_NO_COMMON_BLOCKS = YES;
				GCC_WARN_64_TO_32_BIT_CONVERSION = YES;
				GCC_WARN_ABOUT_RETURN_TYPE = YES_ERROR;
				GCC_WARN_UNDECLARED_SELECTOR = YES;
				GCC_WARN_UNINITIALIZED_AUTOS = YES_AGGRESSIVE;
				GCC_WARN_UNUSED_FUNCTION = YES;
				GCC_WARN_UNUSED_VARIABLE = YES;
				IPHONEOS_DEPLOYMENT_TARGET = 17.5;
				LOCALIZATION_PREFERS_STRING_CATALOGS = YES;
				MTL_ENABLE_DEBUG_INFO = NO;
				MTL_FAST_MATH = YES;
				SDKROOT = iphoneos;
				SWIFT_COMPILATION_MODE = wholemodule;
				VALIDATE_PRODUCT = YES;
			};
			name = Release;
		};
		D9E4D8E12D1BCB540007A8E9 /* Debug */ = {
			isa = XCBuildConfiguration;
			buildSettings = {
				ASSETCATALOG_COMPILER_APPICON_NAME = AppIcon;
				ASSETCATALOG_COMPILER_GLOBAL_ACCENT_COLOR_NAME = AccentColor;
				CODE_SIGN_STYLE = Automatic;
				CURRENT_PROJECT_VERSION = 1;
				DEVELOPMENT_ASSET_PATHS = "\"SwiftfulThinking/Preview Content\"";
				DEVELOPMENT_TEAM = 464PVQ34ND;
				ENABLE_PREVIEWS = YES;
				GENERATE_INFOPLIST_FILE = YES;
				INFOPLIST_KEY_UIApplicationSceneManifest_Generation = YES;
				INFOPLIST_KEY_UIApplicationSupportsIndirectInputEvents = YES;
				INFOPLIST_KEY_UILaunchScreen_Generation = YES;
				INFOPLIST_KEY_UISupportedInterfaceOrientations_iPad = "UIInterfaceOrientationPortrait UIInterfaceOrientationPortraitUpsideDown UIInterfaceOrientationLandscapeLeft UIInterfaceOrientationLandscapeRight";
				INFOPLIST_KEY_UISupportedInterfaceOrientations_iPhone = "UIInterfaceOrientationPortrait UIInterfaceOrientationLandscapeLeft UIInterfaceOrientationLandscapeRight";
				LD_RUNPATH_SEARCH_PATHS = (
					"$(inherited)",
					"@executable_path/Frameworks",
				);
				MARKETING_VERSION = 1.0;
				PRODUCT_BUNDLE_IDENTIFIER = com.harolddavidson.SwiftfulThinking;
				PRODUCT_NAME = "$(TARGET_NAME)";
				SWIFT_EMIT_LOC_STRINGS = YES;
				SWIFT_VERSION = 5.0;
				TARGETED_DEVICE_FAMILY = "1,2";
			};
			name = Debug;
		};
		D9E4D8E22D1BCB540007A8E9 /* Release */ = {
			isa = XCBuildConfiguration;
			buildSettings = {
				ASSETCATALOG_COMPILER_APPICON_NAME = AppIcon;
				ASSETCATALOG_COMPILER_GLOBAL_ACCENT_COLOR_NAME = AccentColor;
				CODE_SIGN_STYLE = Automatic;
				CURRENT_PROJECT_VERSION = 1;
				DEVELOPMENT_ASSET_PATHS = "\"SwiftfulThinking/Preview Content\"";
				DEVELOPMENT_TEAM = 464PVQ34ND;
				ENABLE_PREVIEWS = YES;
				GENERATE_INFOPLIST_FILE = YES;
				INFOPLIST_KEY_UIApplicationSceneManifest_Generation = YES;
				INFOPLIST_KEY_UIApplicationSupportsIndirectInputEvents = YES;
				INFOPLIST_KEY_UILaunchScreen_Generation = YES;
				INFOPLIST_KEY_UISupportedInterfaceOrientations_iPad = "UIInterfaceOrientationPortrait UIInterfaceOrientationPortraitUpsideDown UIInterfaceOrientationLandscapeLeft UIInterfaceOrientationLandscapeRight";
				INFOPLIST_KEY_UISupportedInterfaceOrientations_iPhone = "UIInterfaceOrientationPortrait UIInterfaceOrientationLandscapeLeft UIInterfaceOrientationLandscapeRight";
				LD_RUNPATH_SEARCH_PATHS = (
					"$(inherited)",
					"@executable_path/Frameworks",
				);
				MARKETING_VERSION = 1.0;
				PRODUCT_BUNDLE_IDENTIFIER = com.harolddavidson.SwiftfulThinking;
				PRODUCT_NAME = "$(TARGET_NAME)";
				SWIFT_EMIT_LOC_STRINGS = YES;
				SWIFT_VERSION = 5.0;
				TARGETED_DEVICE_FAMILY = "1,2";
			};
			name = Release;
		};
/* End XCBuildConfiguration section */

/* Begin XCConfigurationList section */
		D9E4D8CD2D1BCB530007A8E9 /* Build configuration list for PBXProject "SwiftfulThinking" */ = {
			isa = XCConfigurationList;
			buildConfigurations = (
				D9E4D8DE2D1BCB540007A8E9 /* Debug */,
				D9E4D8DF2D1BCB540007A8E9 /* Release */,
			);
			defaultConfigurationIsVisible = 0;
			defaultConfigurationName = Release;
		};
		D9E4D8E02D1BCB540007A8E9 /* Build configuration list for PBXNativeTarget "SwiftfulThinking" */ = {
			isa = XCConfigurationList;
			buildConfigurations = (
				D9E4D8E12D1BCB540007A8E9 /* Debug */,
				D9E4D8E22D1BCB540007A8E9 /* Release */,
			);
			defaultConfigurationIsVisible = 0;
			defaultConfigurationName = Release;
		};
/* End XCConfigurationList section */
	};
	rootObject = D9E4D8CA2D1BCB530007A8E9 /* Project object */;
}
