// !$*UTF8*$!
{
	archiveVersion = 1;
	classes = {
	};
	objectVersion = 56;
	objects = {

/* Begin PBXBuildFile section */
		D9F637FB2C8250860027AEF6 /* AppDelegate.swift in Sources */ = {isa = PBXBuildFile; fileRef = D9F637FA2C8250860027AEF6 /* AppDelegate.swift */; };
		D9F637FD2C8250860027AEF6 /* SceneDelegate.swift in Sources */ = {isa = PBXBuildFile; fileRef = D9F637FC2C8250860027AEF6 /* SceneDelegate.swift */; };
		D9F637FF2C8250860027AEF6 /* ViewController.swift in Sources */ = {isa = PBXBuildFile; fileRef = D9F637FE2C8250860027AEF6 /* ViewController.swift */; };
		D9F638022C8250860027AEF6 /* Base in Resources */ = {isa = PBXBuildFile; fileRef = D9F638012C8250860027AEF6 /* Base */; };
		D9F638042C8250870027AEF6 /* Assets.xcassets in Resources */ = {isa = PBXBuildFile; fileRef = D9F638032C8250870027AEF6 /* Assets.xcassets */; };
		D9F638072C8250870027AEF6 /* Base in Resources */ = {isa = PBXBuildFile; fileRef = D9F638062C8250870027AEF6 /* Base */; };
		D9F638122C8250870027AEF6 /* ProgressViewTests.swift in Sources */ = {isa = PBXBuildFile; fileRef = D9F638112C8250870027AEF6 /* ProgressViewTests.swift */; };
		D9F6381C2C8250870027AEF6 /* ProgressViewUITests.swift in Sources */ = {isa = PBXBuildFile; fileRef = D9F6381B2C8250870027AEF6 /* ProgressViewUITests.swift */; };
		D9F6381E2C8250870027AEF6 /* ProgressViewUITestsLaunchTests.swift in Sources */ = {isa = PBXBuildFile; fileRef = D9F6381D2C8250870027AEF6 /* ProgressViewUITestsLaunchTests.swift */; };
/* End PBXBuildFile section */

/* Begin PBXContainerItemProxy section */
		D9F6380E2C8250870027AEF6 /* PBXContainerItemProxy */ = {
			isa = PBXContainerItemProxy;
			containerPortal = D9F637EF2C8250860027AEF6 /* Project object */;
			proxyType = 1;
			remoteGlobalIDString = D9F637F62C8250860027AEF6;
			remoteInfo = ProgressView;
		};
		D9F638182C8250870027AEF6 /* PBXContainerItemProxy */ = {
			isa = PBXContainerItemProxy;
			containerPortal = D9F637EF2C8250860027AEF6 /* Project object */;
			proxyType = 1;
			remoteGlobalIDString = D9F637F62C8250860027AEF6;
			remoteInfo = ProgressView;
		};
/* End PBXContainerItemProxy section */

/* Begin PBXFileReference section */
		D9F637F72C8250860027AEF6 /* ProgressView.app */ = {isa = PBXFileReference; explicitFileType = wrapper.application; includeInIndex = 0; path = ProgressView.app; sourceTree = BUILT_PRODUCTS_DIR; };
		D9F637FA2C8250860027AEF6 /* AppDelegate.swift */ = {isa = PBXFileReference; lastKnownFileType = sourcecode.swift; path = AppDelegate.swift; sourceTree = "<group>"; };
		D9F637FC2C8250860027AEF6 /* SceneDelegate.swift */ = {isa = PBXFileReference; lastKnownFileType = sourcecode.swift; path = SceneDelegate.swift; sourceTree = "<group>"; };
		D9F637FE2C8250860027AEF6 /* ViewController.swift */ = {isa = PBXFileReference; lastKnownFileType = sourcecode.swift; path = ViewController.swift; sourceTree = "<group>"; };
		D9F638012C8250860027AEF6 /* Base */ = {isa = PBXFileReference; lastKnownFileType = file.storyboard; name = Base; path = Base.lproj/Main.storyboard; sourceTree = "<group>"; };
		D9F638032C8250870027AEF6 /* Assets.xcassets */ = {isa = PBXFileReference; lastKnownFileType = folder.assetcatalog; path = Assets.xcassets; sourceTree = "<group>"; };
		D9F638062C8250870027AEF6 /* Base */ = {isa = PBXFileReference; lastKnownFileType = file.storyboard; name = Base; path = Base.lproj/LaunchScreen.storyboard; sourceTree = "<group>"; };
		D9F638082C8250870027AEF6 /* Info.plist */ = {isa = PBXFileReference; lastKnownFileType = text.plist.xml; path = Info.plist; sourceTree = "<group>"; };
		D9F6380D2C8250870027AEF6 /* ProgressViewTests.xctest */ = {isa = PBXFileReference; explicitFileType = wrapper.cfbundle; includeInIndex = 0; path = ProgressViewTests.xctest; sourceTree = BUILT_PRODUCTS_DIR; };
		D9F638112C8250870027AEF6 /* ProgressViewTests.swift */ = {isa = PBXFileReference; lastKnownFileType = sourcecode.swift; path = ProgressViewTests.swift; sourceTree = "<group>"; };
		D9F638172C8250870027AEF6 /* ProgressViewUITests.xctest */ = {isa = PBXFileReference; explicitFileType = wrapper.cfbundle; includeInIndex = 0; path = ProgressViewUITests.xctest; sourceTree = BUILT_PRODUCTS_DIR; };
		D9F6381B2C8250870027AEF6 /* ProgressViewUITests.swift */ = {isa = PBXFileReference; lastKnownFileType = sourcecode.swift; path = ProgressViewUITests.swift; sourceTree = "<group>"; };
		D9F6381D2C8250870027AEF6 /* ProgressViewUITestsLaunchTests.swift */ = {isa = PBXFileReference; lastKnownFileType = sourcecode.swift; path = ProgressViewUITestsLaunchTests.swift; sourceTree = "<group>"; };
/* End PBXFileReference section */

/* Begin PBXFrameworksBuildPhase section */
		D9F637F42C8250860027AEF6 /* Frameworks */ = {
			isa = PBXFrameworksBuildPhase;
			buildActionMask = 2147483647;
			files = (
			);
			runOnlyForDeploymentPostprocessing = 0;
		};
		D9F6380A2C8250870027AEF6 /* Frameworks */ = {
			isa = PBXFrameworksBuildPhase;
			buildActionMask = 2147483647;
			files = (
			);
			runOnlyForDeploymentPostprocessing = 0;
		};
		D9F638142C8250870027AEF6 /* Frameworks */ = {
			isa = PBXFrameworksBuildPhase;
			buildActionMask = 2147483647;
			files = (
			);
			runOnlyForDeploymentPostprocessing = 0;
		};
/* End PBXFrameworksBuildPhase section */

/* Begin PBXGroup section */
		D9F637EE2C8250860027AEF6 = {
			isa = PBXGroup;
			children = (
				D9F637F92C8250860027AEF6 /* ProgressView */,
				D9F638102C8250870027AEF6 /* ProgressViewTests */,
				D9F6381A2C8250870027AEF6 /* ProgressViewUITests */,
				D9F637F82C8250860027AEF6 /* Products */,
			);
			sourceTree = "<group>";
		};
		D9F637F82C8250860027AEF6 /* Products */ = {
			isa = PBXGroup;
			children = (
				D9F637F72C8250860027AEF6 /* ProgressView.app */,
				D9F6380D2C8250870027AEF6 /* ProgressViewTests.xctest */,
				D9F638172C8250870027AEF6 /* ProgressViewUITests.xctest */,
			);
			name = Products;
			sourceTree = "<group>";
		};
		D9F637F92C8250860027AEF6 /* ProgressView */ = {
			isa = PBXGroup;
			children = (
				D9F637FA2C8250860027AEF6 /* AppDelegate.swift */,
				D9F637FC2C8250860027AEF6 /* SceneDelegate.swift */,
				D9F637FE2C8250860027AEF6 /* ViewController.swift */,
				D9F638002C8250860027AEF6 /* Main.storyboard */,
				D9F638032C8250870027AEF6 /* Assets.xcassets */,
				D9F638052C8250870027AEF6 /* LaunchScreen.storyboard */,
				D9F638082C8250870027AEF6 /* Info.plist */,
			);
			path = ProgressView;
			sourceTree = "<group>";
		};
		D9F638102C8250870027AEF6 /* ProgressViewTests */ = {
			isa = PBXGroup;
			children = (
				D9F638112C8250870027AEF6 /* ProgressViewTests.swift */,
			);
			path = ProgressViewTests;
			sourceTree = "<group>";
		};
		D9F6381A2C8250870027AEF6 /* ProgressViewUITests */ = {
			isa = PBXGroup;
			children = (
				D9F6381B2C8250870027AEF6 /* ProgressViewUITests.swift */,
				D9F6381D2C8250870027AEF6 /* ProgressViewUITestsLaunchTests.swift */,
			);
			path = ProgressViewUITests;
			sourceTree = "<group>";
		};
/* End PBXGroup section */

/* Begin PBXNativeTarget section */
		D9F637F62C8250860027AEF6 /* ProgressView */ = {
			isa = PBXNativeTarget;
			buildConfigurationList = D9F638212C8250870027AEF6 /* Build configuration list for PBXNativeTarget "ProgressView" */;
			buildPhases = (
				D9F637F32C8250860027AEF6 /* Sources */,
				D9F637F42C8250860027AEF6 /* Frameworks */,
				D9F637F52C8250860027AEF6 /* Resources */,
			);
			buildRules = (
			);
			dependencies = (
			);
			name = ProgressView;
			productName = ProgressView;
			productReference = D9F637F72C8250860027AEF6 /* ProgressView.app */;
			productType = "com.apple.product-type.application";
		};
		D9F6380C2C8250870027AEF6 /* ProgressViewTests */ = {
			isa = PBXNativeTarget;
			buildConfigurationList = D9F638242C8250870027AEF6 /* Build configuration list for PBXNativeTarget "ProgressViewTests" */;
			buildPhases = (
				D9F638092C8250870027AEF6 /* Sources */,
				D9F6380A2C8250870027AEF6 /* Frameworks */,
				D9F6380B2C8250870027AEF6 /* Resources */,
			);
			buildRules = (
			);
			dependencies = (
				D9F6380F2C8250870027AEF6 /* PBXTargetDependency */,
			);
			name = ProgressViewTests;
			productName = ProgressViewTests;
			productReference = D9F6380D2C8250870027AEF6 /* ProgressViewTests.xctest */;
			productType = "com.apple.product-type.bundle.unit-test";
		};
		D9F638162C8250870027AEF6 /* ProgressViewUITests */ = {
			isa = PBXNativeTarget;
			buildConfigurationList = D9F638272C8250870027AEF6 /* Build configuration list for PBXNativeTarget "ProgressViewUITests" */;
			buildPhases = (
				D9F638132C8250870027AEF6 /* Sources */,
				D9F638142C8250870027AEF6 /* Frameworks */,
				D9F638152C8250870027AEF6 /* Resources */,
			);
			buildRules = (
			);
			dependencies = (
				D9F638192C8250870027AEF6 /* PBXTargetDependency */,
			);
			name = ProgressViewUITests;
			productName = ProgressViewUITests;
			productReference = D9F638172C8250870027AEF6 /* ProgressViewUITests.xctest */;
			productType = "com.apple.product-type.bundle.ui-testing";
		};
/* End PBXNativeTarget section */

/* Begin PBXProject section */
		D9F637EF2C8250860027AEF6 /* Project object */ = {
			isa = PBXProject;
			attributes = {
				BuildIndependentTargetsInParallel = 1;
				LastSwiftUpdateCheck = 1540;
				LastUpgradeCheck = 1540;
				TargetAttributes = {
					D9F637F62C8250860027AEF6 = {
						CreatedOnToolsVersion = 15.4;
					};
					D9F6380C2C8250870027AEF6 = {
						CreatedOnToolsVersion = 15.4;
						TestTargetID = D9F637F62C8250860027AEF6;
					};
					D9F638162C8250870027AEF6 = {
						CreatedOnToolsVersion = 15.4;
						TestTargetID = D9F637F62C8250860027AEF6;
					};
				};
			};
			buildConfigurationList = D9F637F22C8250860027AEF6 /* Build configuration list for PBXProject "ProgressView" */;
			compatibilityVersion = "Xcode 14.0";
			developmentRegion = en;
			hasScannedForEncodings = 0;
			knownRegions = (
				en,
				Base,
			);
			mainGroup = D9F637EE2C8250860027AEF6;
			productRefGroup = D9F637F82C8250860027AEF6 /* Products */;
			projectDirPath = "";
			projectRoot = "";
			targets = (
				D9F637F62C8250860027AEF6 /* ProgressView */,
				D9F6380C2C8250870027AEF6 /* ProgressViewTests */,
				D9F638162C8250870027AEF6 /* ProgressViewUITests */,
			);
		};
/* End PBXProject section */

/* Begin PBXResourcesBuildPhase section */
		D9F637F52C8250860027AEF6 /* Resources */ = {
			isa = PBXResourcesBuildPhase;
			buildActionMask = 2147483647;
			files = (
				D9F638042C8250870027AEF6 /* Assets.xcassets in Resources */,
				D9F638072C8250870027AEF6 /* Base in Resources */,
				D9F638022C8250860027AEF6 /* Base in Resources */,
			);
			runOnlyForDeploymentPostprocessing = 0;
		};
		D9F6380B2C8250870027AEF6 /* Resources */ = {
			isa = PBXResourcesBuildPhase;
			buildActionMask = 2147483647;
			files = (
			);
			runOnlyForDeploymentPostprocessing = 0;
		};
		D9F638152C8250870027AEF6 /* Resources */ = {
			isa = PBXResourcesBuildPhase;
			buildActionMask = 2147483647;
			files = (
			);
			runOnlyForDeploymentPostprocessing = 0;
		};
/* End PBXResourcesBuildPhase section */

/* Begin PBXSourcesBuildPhase section */
		D9F637F32C8250860027AEF6 /* Sources */ = {
			isa = PBXSourcesBuildPhase;
			buildActionMask = 2147483647;
			files = (
				D9F637FF2C8250860027AEF6 /* ViewController.swift in Sources */,
				D9F637FB2C8250860027AEF6 /* AppDelegate.swift in Sources */,
				D9F637FD2C8250860027AEF6 /* SceneDelegate.swift in Sources */,
			);
			runOnlyForDeploymentPostprocessing = 0;
		};
		D9F638092C8250870027AEF6 /* Sources */ = {
			isa = PBXSourcesBuildPhase;
			buildActionMask = 2147483647;
			files = (
				D9F638122C8250870027AEF6 /* ProgressViewTests.swift in Sources */,
			);
			runOnlyForDeploymentPostprocessing = 0;
		};
		D9F638132C8250870027AEF6 /* Sources */ = {
			isa = PBXSourcesBuildPhase;
			buildActionMask = 2147483647;
			files = (
				D9F6381E2C8250870027AEF6 /* ProgressViewUITestsLaunchTests.swift in Sources */,
				D9F6381C2C8250870027AEF6 /* ProgressViewUITests.swift in Sources */,
			);
			runOnlyForDeploymentPostprocessing = 0;
		};
/* End PBXSourcesBuildPhase section */

/* Begin PBXTargetDependency section */
		D9F6380F2C8250870027AEF6 /* PBXTargetDependency */ = {
			isa = PBXTargetDependency;
			target = D9F637F62C8250860027AEF6 /* ProgressView */;
			targetProxy = D9F6380E2C8250870027AEF6 /* PBXContainerItemProxy */;
		};
		D9F638192C8250870027AEF6 /* PBXTargetDependency */ = {
			isa = PBXTargetDependency;
			target = D9F637F62C8250860027AEF6 /* ProgressView */;
			targetProxy = D9F638182C8250870027AEF6 /* PBXContainerItemProxy */;
		};
/* End PBXTargetDependency section */

/* Begin PBXVariantGroup section */
		D9F638002C8250860027AEF6 /* Main.storyboard */ = {
			isa = PBXVariantGroup;
			children = (
				D9F638012C8250860027AEF6 /* Base */,
			);
			name = Main.storyboard;
			sourceTree = "<group>";
		};
		D9F638052C8250870027AEF6 /* LaunchScreen.storyboard */ = {
			isa = PBXVariantGroup;
			children = (
				D9F638062C8250870027AEF6 /* Base */,
			);
			name = LaunchScreen.storyboard;
			sourceTree = "<group>";
		};
/* End PBXVariantGroup section */

/* Begin XCBuildConfiguration section */
		D9F6381F2C8250870027AEF6 /* Debug */ = {
			isa = XCBuildConfiguration;
			buildSettings = {
				ALWAYS_SEARCH_USER_PATHS = NO;
				ASSETCATALOG_COMPILER_GENERATE_SWIFT_ASSET_SYMBOL_EXTENSIONS = YES;
				CLANG_ANALYZER_NONNULL = YES;
				CLANG_ANALYZER_NUMBER_OBJECT_CONVERSION = YES_AGGRESSIVE;
				CLANG_CXX_LANGUAGE_STANDARD = "gnu++20";
				CLANG_ENABLE_MODULES = YES;
				CLANG_ENABLE_OBJC_ARC = YES;
				CLANG_ENABLE_OBJC_WEAK = YES;
				CLANG_WARN_BLOCK_CAPTURE_AUTORELEASING = YES;
				CLANG_WARN_BOOL_CONVERSION = YES;
				CLANG_WARN_COMMA = YES;
				CLANG_WARN_CONSTANT_CONVERSION = YES;
				CLANG_WARN_DEPRECATED_OBJC_IMPLEMENTATIONS = YES;
				CLANG_WARN_DIRECT_OBJC_ISA_USAGE = YES_ERROR;
				CLANG_WARN_DOCUMENTATION_COMMENTS = YES;
				CLANG_WARN_EMPTY_BODY = YES;
				CLANG_WARN_ENUM_CONVERSION = YES;
				CLANG_WARN_INFINITE_RECURSION = YES;
				CLANG_WARN_INT_CONVERSION = YES;
				CLANG_WARN_NON_LITERAL_NULL_CONVERSION = YES;
				CLANG_WARN_OBJC_IMPLICIT_RETAIN_SELF = YES;
				CLANG_WARN_OBJC_LITERAL_CONVERSION = YES;
				CLANG_WARN_OBJC_ROOT_CLASS = YES_ERROR;
				CLANG_WARN_QUOTED_INCLUDE_IN_FRAMEWORK_HEADER = YES;
				CLANG_WARN_RANGE_LOOP_ANALYSIS = YES;
				CLANG_WARN_STRICT_PROTOTYPES = YES;
				CLANG_WARN_SUSPICIOUS_MOVE = YES;
				CLANG_WARN_UNGUARDED_AVAILABILITY = YES_AGGRESSIVE;
				CLANG_WARN_UNREACHABLE_CODE = YES;
				CLANG_WARN__DUPLICATE_METHOD_MATCH = YES;
				COPY_PHASE_STRIP = NO;
				DEBUG_INFORMATION_FORMAT = dwarf;
				ENABLE_STRICT_OBJC_MSGSEND = YES;
				ENABLE_TESTABILITY = YES;
				ENABLE_USER_SCRIPT_SANDBOXING = YES;
				GCC_C_LANGUAGE_STANDARD = gnu17;
				GCC_DYNAMIC_NO_PIC = NO;
				GCC_NO_COMMON_BLOCKS = YES;
				GCC_OPTIMIZATION_LEVEL = 0;
				GCC_PREPROCESSOR_DEFINITIONS = (
					"DEBUG=1",
					"$(inherited)",
				);
				GCC_WARN_64_TO_32_BIT_CONVERSION = YES;
				GCC_WARN_ABOUT_RETURN_TYPE = YES_ERROR;
				GCC_WARN_UNDECLARED_SELECTOR = YES;
				GCC_WARN_UNINITIALIZED_AUTOS = YES_AGGRESSIVE;
				GCC_WARN_UNUSED_FUNCTION = YES;
				GCC_WARN_UNUSED_VARIABLE = YES;
				IPHONEOS_DEPLOYMENT_TARGET = 17.5;
				LOCALIZATION_PREFERS_STRING_CATALOGS = YES;
				MTL_ENABLE_DEBUG_INFO = INCLUDE_SOURCE;
				MTL_FAST_MATH = YES;
				ONLY_ACTIVE_ARCH = YES;
				SDKROOT = iphoneos;
				SWIFT_ACTIVE_COMPILATION_CONDITIONS = "DEBUG $(inherited)";
				SWIFT_OPTIMIZATION_LEVEL = "-Onone";
			};
			name = Debug;
		};
		D9F638202C8250870027AEF6 /* Release */ = {
			isa = XCBuildConfiguration;
			buildSettings = {
				ALWAYS_SEARCH_USER_PATHS = NO;
				ASSETCATALOG_COMPILER_GENERATE_SWIFT_ASSET_SYMBOL_EXTENSIONS = YES;
				CLANG_ANALYZER_NONNULL = YES;
				CLANG_ANALYZER_NUMBER_OBJECT_CONVERSION = YES_AGGRESSIVE;
				CLANG_CXX_LANGUAGE_STANDARD = "gnu++20";
				CLANG_ENABLE_MODULES = YES;
				CLANG_ENABLE_OBJC_ARC = YES;
				CLANG_ENABLE_OBJC_WEAK = YES;
				CLANG_WARN_BLOCK_CAPTURE_AUTORELEASING = YES;
				CLANG_WARN_BOOL_CONVERSION = YES;
				CLANG_WARN_COMMA = YES;
				CLANG_WARN_CONSTANT_CONVERSION = YES;
				CLANG_WARN_DEPRECATED_OBJC_IMPLEMENTATIONS = YES;
				CLANG_WARN_DIRECT_OBJC_ISA_USAGE = YES_ERROR;
				CLANG_WARN_DOCUMENTATION_COMMENTS = YES;
				CLANG_WARN_EMPTY_BODY = YES;
				CLANG_WARN_ENUM_CONVERSION = YES;
				CLANG_WARN_INFINITE_RECURSION = YES;
				CLANG_WARN_INT_CONVERSION = YES;
				CLANG_WARN_NON_LITERAL_NULL_CONVERSION = YES;
				CLANG_WARN_OBJC_IMPLICIT_RETAIN_SELF = YES;
				CLANG_WARN_OBJC_LITERAL_CONVERSION = YES;
				CLANG_WARN_OBJC_ROOT_CLASS = YES_ERROR;
				CLANG_WARN_QUOTED_INCLUDE_IN_FRAMEWORK_HEADER = YES;
				CLANG_WARN_RANGE_LOOP_ANALYSIS = YES;
				CLANG_WARN_STRICT_PROTOTYPES = YES;
				CLANG_WARN_SUSPICIOUS_MOVE = YES;
				CLANG_WARN_UNGUARDED_AVAILABILITY = YES_AGGRESSIVE;
				CLANG_WARN_UNREACHABLE_CODE = YES;
				CLANG_WARN__DUPLICATE_METHOD_MATCH = YES;
				COPY_PHASE_STRIP = NO;
				DEBUG_INFORMATION_FORMAT = "dwarf-with-dsym";
				ENABLE_NS_ASSERTIONS = NO;
				ENABLE_STRICT_OBJC_MSGSEND = YES;
				ENABLE_USER_SCRIPT_SANDBOXING = YES;
				GCC_C_LANGUAGE_STANDARD = gnu17;
				GCC_NO_COMMON_BLOCKS = YES;
				GCC_WARN_64_TO_32_BIT_CONVERSION = YES;
				GCC_WARN_ABOUT_RETURN_TYPE = YES_ERROR;
				GCC_WARN_UNDECLARED_SELECTOR = YES;
				GCC_WARN_UNINITIALIZED_AUTOS = YES_AGGRESSIVE;
				GCC_WARN_UNUSED_FUNCTION = YES;
				GCC_WARN_UNUSED_VARIABLE = YES;
				IPHONEOS_DEPLOYMENT_TARGET = 17.5;
				LOCALIZATION_PREFERS_STRING_CATALOGS = YES;
				MTL_ENABLE_DEBUG_INFO = NO;
				MTL_FAST_MATH = YES;
				SDKROOT = iphoneos;
				SWIFT_COMPILATION_MODE = wholemodule;
				VALIDATE_PRODUCT = YES;
			};
			name = Release;
		};
		D9F638222C8250870027AEF6 /* Debug */ = {
			isa = XCBuildConfiguration;
			buildSettings = {
				ASSETCATALOG_COMPILER_APPICON_NAME = AppIcon;
				ASSETCATALOG_COMPILER_GLOBAL_ACCENT_COLOR_NAME = AccentColor;
				CODE_SIGN_STYLE = Automatic;
				CURRENT_PROJECT_VERSION = 1;
				DEVELOPMENT_TEAM = 464PVQ34ND;
				GENERATE_INFOPLIST_FILE = YES;
				INFOPLIST_FILE = ProgressView/Info.plist;
				INFOPLIST_KEY_UIApplicationSupportsIndirectInputEvents = YES;
				INFOPLIST_KEY_UILaunchStoryboardName = LaunchScreen;
				INFOPLIST_KEY_UIMainStoryboardFile = Main;
				INFOPLIST_KEY_UISupportedInterfaceOrientations_iPad = "UIInterfaceOrientationPortrait UIInterfaceOrientationPortraitUpsideDown UIInterfaceOrientationLandscapeLeft UIInterfaceOrientationLandscapeRight";
				INFOPLIST_KEY_UISupportedInterfaceOrientations_iPhone = "UIInterfaceOrientationPortrait UIInterfaceOrientationLandscapeLeft UIInterfaceOrientationLandscapeRight";
				LD_RUNPATH_SEARCH_PATHS = (
					"$(inherited)",
					"@executable_path/Frameworks",
				);
				MARKETING_VERSION = 1.0;
				PRODUCT_BUNDLE_IDENTIFIER = com.harolddavidson.ProgressView;
				PRODUCT_NAME = "$(TARGET_NAME)";
				SWIFT_EMIT_LOC_STRINGS = YES;
				SWIFT_VERSION = 5.0;
				TARGETED_DEVICE_FAMILY = "1,2";
			};
			name = Debug;
		};
		D9F638232C8250870027AEF6 /* Release */ = {
			isa = XCBuildConfiguration;
			buildSettings = {
				ASSETCATALOG_COMPILER_APPICON_NAME = AppIcon;
				ASSETCATALOG_COMPILER_GLOBAL_ACCENT_COLOR_NAME = AccentColor;
				CODE_SIGN_STYLE = Automatic;
				CURRENT_PROJECT_VERSION = 1;
				DEVELOPMENT_TEAM = 464PVQ34ND;
				GENERATE_INFOPLIST_FILE = YES;
				INFOPLIST_FILE = ProgressView/Info.plist;
				INFOPLIST_KEY_UIApplicationSupportsIndirectInputEvents = YES;
				INFOPLIST_KEY_UILaunchStoryboardName = LaunchScreen;
				INFOPLIST_KEY_UIMainStoryboardFile = Main;
				INFOPLIST_KEY_UISupportedInterfaceOrientations_iPad = "UIInterfaceOrientationPortrait UIInterfaceOrientationPortraitUpsideDown UIInterfaceOrientationLandscapeLeft UIInterfaceOrientationLandscapeRight";
				INFOPLIST_KEY_UISupportedInterfaceOrientations_iPhone = "UIInterfaceOrientationPortrait UIInterfaceOrientationLandscapeLeft UIInterfaceOrientationLandscapeRight";
				LD_RUNPATH_SEARCH_PATHS = (
					"$(inherited)",
					"@executable_path/Frameworks",
				);
				MARKETING_VERSION = 1.0;
				PRODUCT_BUNDLE_IDENTIFIER = com.harolddavidson.ProgressView;
				PRODUCT_NAME = "$(TARGET_NAME)";
				SWIFT_EMIT_LOC_STRINGS = YES;
				SWIFT_VERSION = 5.0;
				TARGETED_DEVICE_FAMILY = "1,2";
			};
			name = Release;
		};
		D9F638252C8250870027AEF6 /* Debug */ = {
			isa = XCBuildConfiguration;
			buildSettings = {
				ALWAYS_EMBED_SWIFT_STANDARD_LIBRARIES = YES;
				BUNDLE_LOADER = "$(TEST_HOST)";
				CODE_SIGN_STYLE = Automatic;
				CURRENT_PROJECT_VERSION = 1;
				DEVELOPMENT_TEAM = 464PVQ34ND;
				GENERATE_INFOPLIST_FILE = YES;
				IPHONEOS_DEPLOYMENT_TARGET = 17.5;
				MARKETING_VERSION = 1.0;
				PRODUCT_BUNDLE_IDENTIFIER = com.harolddavidson.ProgressViewTests;
				PRODUCT_NAME = "$(TARGET_NAME)";
				SWIFT_EMIT_LOC_STRINGS = NO;
				SWIFT_VERSION = 5.0;
				TARGETED_DEVICE_FAMILY = "1,2";
				TEST_HOST = "$(BUILT_PRODUCTS_DIR)/ProgressView.app/$(BUNDLE_EXECUTABLE_FOLDER_PATH)/ProgressView";
			};
			name = Debug;
		};
		D9F638262C8250870027AEF6 /* Release */ = {
			isa = XCBuildConfiguration;
			buildSettings = {
				ALWAYS_EMBED_SWIFT_STANDARD_LIBRARIES = YES;
				BUNDLE_LOADER = "$(TEST_HOST)";
				CODE_SIGN_STYLE = Automatic;
				CURRENT_PROJECT_VERSION = 1;
				DEVELOPMENT_TEAM = 464PVQ34ND;
				GENERATE_INFOPLIST_FILE = YES;
				IPHONEOS_DEPLOYMENT_TARGET = 17.5;
				MARKETING_VERSION = 1.0;
				PRODUCT_BUNDLE_IDENTIFIER = com.harolddavidson.ProgressViewTests;
				PRODUCT_NAME = "$(TARGET_NAME)";
				SWIFT_EMIT_LOC_STRINGS = NO;
				SWIFT_VERSION = 5.0;
				TARGETED_DEVICE_FAMILY = "1,2";
				TEST_HOST = "$(BUILT_PRODUCTS_DIR)/ProgressView.app/$(BUNDLE_EXECUTABLE_FOLDER_PATH)/ProgressView";
			};
			name = Release;
		};
		D9F638282C8250870027AEF6 /* Debug */ = {
			isa = XCBuildConfiguration;
			buildSettings = {
				ALWAYS_EMBED_SWIFT_STANDARD_LIBRARIES = YES;
				CODE_SIGN_STYLE = Automatic;
				CURRENT_PROJECT_VERSION = 1;
				DEVELOPMENT_TEAM = 464PVQ34ND;
				GENERATE_INFOPLIST_FILE = YES;
				MARKETING_VERSION = 1.0;
				PRODUCT_BUNDLE_IDENTIFIER = com.harolddavidson.ProgressViewUITests;
				PRODUCT_NAME = "$(TARGET_NAME)";
				SWIFT_EMIT_LOC_STRINGS = NO;
				SWIFT_VERSION = 5.0;
				TARGETED_DEVICE_FAMILY = "1,2";
				TEST_TARGET_NAME = ProgressView;
			};
			name = Debug;
		};
		D9F638292C8250870027AEF6 /* Release */ = {
			isa = XCBuildConfiguration;
			buildSettings = {
				ALWAYS_EMBED_SWIFT_STANDARD_LIBRARIES = YES;
				CODE_SIGN_STYLE = Automatic;
				CURRENT_PROJECT_VERSION = 1;
				DEVELOPMENT_TEAM = 464PVQ34ND;
				GENERATE_INFOPLIST_FILE = YES;
				MARKETING_VERSION = 1.0;
				PRODUCT_BUNDLE_IDENTIFIER = com.harolddavidson.ProgressViewUITests;
				PRODUCT_NAME = "$(TARGET_NAME)";
				SWIFT_EMIT_LOC_STRINGS = NO;
				SWIFT_VERSION = 5.0;
				TARGETED_DEVICE_FAMILY = "1,2";
				TEST_TARGET_NAME = ProgressView;
			};
			name = Release;
		};
/* End XCBuildConfiguration section */

/* Begin XCConfigurationList section */
		D9F637F22C8250860027AEF6 /* Build configuration list for PBXProject "ProgressView" */ = {
			isa = XCConfigurationList;
			buildConfigurations = (
				D9F6381F2C8250870027AEF6 /* Debug */,
				D9F638202C8250870027AEF6 /* Release */,
			);
			defaultConfigurationIsVisible = 0;
			defaultConfigurationName = Release;
		};
		D9F638212C8250870027AEF6 /* Build configuration list for PBXNativeTarget "ProgressView" */ = {
			isa = XCConfigurationList;
			buildConfigurations = (
				D9F638222C8250870027AEF6 /* Debug */,
				D9F638232C8250870027AEF6 /* Release */,
			);
			defaultConfigurationIsVisible = 0;
			defaultConfigurationName = Release;
		};
		D9F638242C8250870027AEF6 /* Build configuration list for PBXNativeTarget "ProgressViewTests" */ = {
			isa = XCConfigurationList;
			buildConfigurations = (
				D9F638252C8250870027AEF6 /* Debug */,
				D9F638262C8250870027AEF6 /* Release */,
			);
			defaultConfigurationIsVisible = 0;
			defaultConfigurationName = Release;
		};
		D9F638272C8250870027AEF6 /* Build configuration list for PBXNativeTarget "ProgressViewUITests" */ = {
			isa = XCConfigurationList;
			buildConfigurations = (
				D9F638282C8250870027AEF6 /* Debug */,
				D9F638292C8250870027AEF6 /* Release */,
			);
			defaultConfigurationIsVisible = 0;
			defaultConfigurationName = Release;
		};
/* End XCConfigurationList section */
	};
	rootObject = D9F637EF2C8250860027AEF6 /* Project object */;
}
