// !$*UTF8*$!
{
	archiveVersion = 1;
	classes = {
	};
	objectVersion = 56;
	objects = {

/* Begin PBXBuildFile section */
		D9D309962D00B9E4009CD7D8 /* WeatherAppApp.swift in Sources */ = {isa = PBXBuildFile; fileRef = D9D309952D00B9E4009CD7D8 /* WeatherAppApp.swift */; };
		D9D309982D00B9E4009CD7D8 /* ContentView.swift in Sources */ = {isa = PBXBuildFile; fileRef = D9D309972D00B9E4009CD7D8 /* ContentView.swift */; };
		D9D3099A2D00B9E6009CD7D8 /* Assets.xcassets in Resources */ = {isa = PBXBuildFile; fileRef = D9D309992D00B9E6009CD7D8 /* Assets.xcassets */; };
		D9D3099D2D00B9E6009CD7D8 /* Preview Assets.xcassets in Resources */ = {isa = PBXBuildFile; fileRef = D9D3099C2D00B9E6009CD7D8 /* Preview Assets.xcassets */; };
		D9D309A52D00BA5E009CD7D8 /* LocationManager.swift in Sources */ = {isa = PBXBuildFile; fileRef = D9D309A42D00BA5E009CD7D8 /* LocationManager.swift */; };
		D9D309A82D00C4C6009CD7D8 /* WelcomeView.swift in Sources */ = {isa = PBXBuildFile; fileRef = D9D309A72D00C4C6009CD7D8 /* WelcomeView.swift */; };
		D9D309AA2D00C7DC009CD7D8 /* LoadingView.swift in Sources */ = {isa = PBXBuildFile; fileRef = D9D309A92D00C7DC009CD7D8 /* LoadingView.swift */; };
		D9D309AC2D00CE3E009CD7D8 /* WeatherManager.swift in Sources */ = {isa = PBXBuildFile; fileRef = D9D309AB2D00CE3E009CD7D8 /* WeatherManager.swift */; };
		D9D309AE2D00D73E009CD7D8 /* WeatherView.swift in Sources */ = {isa = PBXBuildFile; fileRef = D9D309AD2D00D73E009CD7D8 /* WeatherView.swift */; };
		D9D309B02D00D787009CD7D8 /* ModelData.swift in Sources */ = {isa = PBXBuildFile; fileRef = D9D309AF2D00D787009CD7D8 /* ModelData.swift */; };
		D9D309B22D00D79E009CD7D8 /* weatherData.json in Resources */ = {isa = PBXBuildFile; fileRef = D9D309B12D00D79E009CD7D8 /* weatherData.json */; };
		D9D309B42D00DA9F009CD7D8 /* Extensions.swift in Sources */ = {isa = PBXBuildFile; fileRef = D9D309B32D00DA9F009CD7D8 /* Extensions.swift */; };
		D9D309B72D00E3DF009CD7D8 /* WeatherRow.swift in Sources */ = {isa = PBXBuildFile; fileRef = D9D309B62D00E3DF009CD7D8 /* WeatherRow.swift */; };
/* End PBXBuildFile section */

/* Begin PBXFileReference section */
		D9D309922D00B9E4009CD7D8 /* WeatherApp.app */ = {isa = PBXFileReference; explicitFileType = wrapper.application; includeInIndex = 0; path = WeatherApp.app; sourceTree = BUILT_PRODUCTS_DIR; };
		D9D309952D00B9E4009CD7D8 /* WeatherAppApp.swift */ = {isa = PBXFileReference; lastKnownFileType = sourcecode.swift; path = WeatherAppApp.swift; sourceTree = "<group>"; };
		D9D309972D00B9E4009CD7D8 /* ContentView.swift */ = {isa = PBXFileReference; lastKnownFileType = sourcecode.swift; path = ContentView.swift; sourceTree = "<group>"; };
		D9D309992D00B9E6009CD7D8 /* Assets.xcassets */ = {isa = PBXFileReference; lastKnownFileType = folder.assetcatalog; path = Assets.xcassets; sourceTree = "<group>"; };
		D9D3099C2D00B9E6009CD7D8 /* Preview Assets.xcassets */ = {isa = PBXFileReference; lastKnownFileType = folder.assetcatalog; path = "Preview Assets.xcassets"; sourceTree = "<group>"; };
		D9D309A42D00BA5E009CD7D8 /* LocationManager.swift */ = {isa = PBXFileReference; lastKnownFileType = sourcecode.swift; path = LocationManager.swift; sourceTree = "<group>"; };
		D9D309A72D00C4C6009CD7D8 /* WelcomeView.swift */ = {isa = PBXFileReference; lastKnownFileType = sourcecode.swift; path = WelcomeView.swift; sourceTree = "<group>"; };
		D9D309A92D00C7DC009CD7D8 /* LoadingView.swift */ = {isa = PBXFileReference; lastKnownFileType = sourcecode.swift; path = LoadingView.swift; sourceTree = "<group>"; };
		D9D309AB2D00CE3E009CD7D8 /* WeatherManager.swift */ = {isa = PBXFileReference; lastKnownFileType = sourcecode.swift; path = WeatherManager.swift; sourceTree = "<group>"; };
		D9D309AD2D00D73E009CD7D8 /* WeatherView.swift */ = {isa = PBXFileReference; lastKnownFileType = sourcecode.swift; path = WeatherView.swift; sourceTree = "<group>"; };
		D9D309AF2D00D787009CD7D8 /* ModelData.swift */ = {isa = PBXFileReference; lastKnownFileType = sourcecode.swift; path = ModelData.swift; sourceTree = "<group>"; };
		D9D309B12D00D79E009CD7D8 /* weatherData.json */ = {isa = PBXFileReference; lastKnownFileType = text.json; path = weatherData.json; sourceTree = "<group>"; };
		D9D309B32D00DA9F009CD7D8 /* Extensions.swift */ = {isa = PBXFileReference; lastKnownFileType = sourcecode.swift; path = Extensions.swift; sourceTree = "<group>"; };
		D9D309B62D00E3DF009CD7D8 /* WeatherRow.swift */ = {isa = PBXFileReference; lastKnownFileType = sourcecode.swift; path = WeatherRow.swift; sourceTree = "<group>"; };
/* End PBXFileReference section */

/* Begin PBXFrameworksBuildPhase section */
		D9D3098F2D00B9E4009CD7D8 /* Frameworks */ = {
			isa = PBXFrameworksBuildPhase;
			buildActionMask = 2147483647;
			files = (
			);
			runOnlyForDeploymentPostprocessing = 0;
		};
/* End PBXFrameworksBuildPhase section */

/* Begin PBXGroup section */
		D9D309892D00B9E4009CD7D8 = {
			isa = PBXGroup;
			children = (
				D9D309942D00B9E4009CD7D8 /* WeatherApp */,
				D9D309932D00B9E4009CD7D8 /* Products */,
			);
			sourceTree = "<group>";
		};
		D9D309932D00B9E4009CD7D8 /* Products */ = {
			isa = PBXGroup;
			children = (
				D9D309922D00B9E4009CD7D8 /* WeatherApp.app */,
			);
			name = Products;
			sourceTree = "<group>";
		};
		D9D309942D00B9E4009CD7D8 /* WeatherApp */ = {
			isa = PBXGroup;
			children = (
				D9D309B52D00E3CD009CD7D8 /* Components */,
				D9D309A62D00C469009CD7D8 /* Views */,
				D9D309A32D00BA50009CD7D8 /* Managers */,
				D9D309952D00B9E4009CD7D8 /* WeatherAppApp.swift */,
				D9D309992D00B9E6009CD7D8 /* Assets.xcassets */,
				D9D3099B2D00B9E6009CD7D8 /* Preview Content */,
				D9D309B32D00DA9F009CD7D8 /* Extensions.swift */,
			);
			path = WeatherApp;
			sourceTree = "<group>";
		};
		D9D3099B2D00B9E6009CD7D8 /* Preview Content */ = {
			isa = PBXGroup;
			children = (
				D9D3099C2D00B9E6009CD7D8 /* Preview Assets.xcassets */,
				D9D309AF2D00D787009CD7D8 /* ModelData.swift */,
				D9D309B12D00D79E009CD7D8 /* weatherData.json */,
			);
			path = "Preview Content";
			sourceTree = "<group>";
		};
		D9D309A32D00BA50009CD7D8 /* Managers */ = {
			isa = PBXGroup;
			children = (
				D9D309A42D00BA5E009CD7D8 /* LocationManager.swift */,
				D9D309AB2D00CE3E009CD7D8 /* WeatherManager.swift */,
			);
			path = Managers;
			sourceTree = "<group>";
		};
		D9D309A62D00C469009CD7D8 /* Views */ = {
			isa = PBXGroup;
			children = (
				D9D309972D00B9E4009CD7D8 /* ContentView.swift */,
				D9D309A72D00C4C6009CD7D8 /* WelcomeView.swift */,
				D9D309A92D00C7DC009CD7D8 /* LoadingView.swift */,
				D9D309AD2D00D73E009CD7D8 /* WeatherView.swift */,
			);
			path = Views;
			sourceTree = "<group>";
		};
		D9D309B52D00E3CD009CD7D8 /* Components */ = {
			isa = PBXGroup;
			children = (
				D9D309B62D00E3DF009CD7D8 /* WeatherRow.swift */,
			);
			path = Components;
			sourceTree = "<group>";
		};
/* End PBXGroup section */

/* Begin PBXNativeTarget section */
		D9D309912D00B9E4009CD7D8 /* WeatherApp */ = {
			isa = PBXNativeTarget;
			buildConfigurationList = D9D309A02D00B9E6009CD7D8 /* Build configuration list for PBXNativeTarget "WeatherApp" */;
			buildPhases = (
				D9D3098E2D00B9E4009CD7D8 /* Sources */,
				D9D3098F2D00B9E4009CD7D8 /* Frameworks */,
				D9D309902D00B9E4009CD7D8 /* Resources */,
			);
			buildRules = (
			);
			dependencies = (
			);
			name = WeatherApp;
			productName = WeatherApp;
			productReference = D9D309922D00B9E4009CD7D8 /* WeatherApp.app */;
			productType = "com.apple.product-type.application";
		};
/* End PBXNativeTarget section */

/* Begin PBXProject section */
		D9D3098A2D00B9E4009CD7D8 /* Project object */ = {
			isa = PBXProject;
			attributes = {
				BuildIndependentTargetsInParallel = 1;
				LastSwiftUpdateCheck = 1540;
				LastUpgradeCheck = 1540;
				TargetAttributes = {
					D9D309912D00B9E4009CD7D8 = {
						CreatedOnToolsVersion = 15.4;
					};
				};
			};
			buildConfigurationList = D9D3098D2D00B9E4009CD7D8 /* Build configuration list for PBXProject "WeatherApp" */;
			compatibilityVersion = "Xcode 14.0";
			developmentRegion = en;
			hasScannedForEncodings = 0;
			knownRegions = (
				en,
				Base,
			);
			mainGroup = D9D309892D00B9E4009CD7D8;
			productRefGroup = D9D309932D00B9E4009CD7D8 /* Products */;
			projectDirPath = "";
			projectRoot = "";
			targets = (
				D9D309912D00B9E4009CD7D8 /* WeatherApp */,
			);
		};
/* End PBXProject section */

/* Begin PBXResourcesBuildPhase section */
		D9D309902D00B9E4009CD7D8 /* Resources */ = {
			isa = PBXResourcesBuildPhase;
			buildActionMask = 2147483647;
			files = (
				D9D3099D2D00B9E6009CD7D8 /* Preview Assets.xcassets in Resources */,
				D9D309B22D00D79E009CD7D8 /* weatherData.json in Resources */,
				D9D3099A2D00B9E6009CD7D8 /* Assets.xcassets in Resources */,
			);
			runOnlyForDeploymentPostprocessing = 0;
		};
/* End PBXResourcesBuildPhase section */

/* Begin PBXSourcesBuildPhase section */
		D9D3098E2D00B9E4009CD7D8 /* Sources */ = {
			isa = PBXSourcesBuildPhase;
			buildActionMask = 2147483647;
			files = (
				D9D309AC2D00CE3E009CD7D8 /* WeatherManager.swift in Sources */,
				D9D309B42D00DA9F009CD7D8 /* Extensions.swift in Sources */,
				D9D309982D00B9E4009CD7D8 /* ContentView.swift in Sources */,
				D9D309962D00B9E4009CD7D8 /* WeatherAppApp.swift in Sources */,
				D9D309A52D00BA5E009CD7D8 /* LocationManager.swift in Sources */,
				D9D309B72D00E3DF009CD7D8 /* WeatherRow.swift in Sources */,
				D9D309AA2D00C7DC009CD7D8 /* LoadingView.swift in Sources */,
				D9D309B02D00D787009CD7D8 /* ModelData.swift in Sources */,
				D9D309AE2D00D73E009CD7D8 /* WeatherView.swift in Sources */,
				D9D309A82D00C4C6009CD7D8 /* WelcomeView.swift in Sources */,
			);
			runOnlyForDeploymentPostprocessing = 0;
		};
/* End PBXSourcesBuildPhase section */

/* Begin XCBuildConfiguration section */
		D9D3099E2D00B9E6009CD7D8 /* Debug */ = {
			isa = XCBuildConfiguration;
			buildSettings = {
				ALWAYS_SEARCH_USER_PATHS = NO;
				ASSETCATALOG_COMPILER_GENERATE_SWIFT_ASSET_SYMBOL_EXTENSIONS = YES;
				CLANG_ANALYZER_NONNULL = YES;
				CLANG_ANALYZER_NUMBER_OBJECT_CONVERSION = YES_AGGRESSIVE;
				CLANG_CXX_LANGUAGE_STANDARD = "gnu++20";
				CLANG_ENABLE_MODULES = YES;
				CLANG_ENABLE_OBJC_ARC = YES;
				CLANG_ENABLE_OBJC_WEAK = YES;
				CLANG_WARN_BLOCK_CAPTURE_AUTORELEASING = YES;
				CLANG_WARN_BOOL_CONVERSION = YES;
				CLANG_WARN_COMMA = YES;
				CLANG_WARN_CONSTANT_CONVERSION = YES;
				CLANG_WARN_DEPRECATED_OBJC_IMPLEMENTATIONS = YES;
				CLANG_WARN_DIRECT_OBJC_ISA_USAGE = YES_ERROR;
				CLANG_WARN_DOCUMENTATION_COMMENTS = YES;
				CLANG_WARN_EMPTY_BODY = YES;
				CLANG_WARN_ENUM_CONVERSION = YES;
				CLANG_WARN_INFINITE_RECURSION = YES;
				CLANG_WARN_INT_CONVERSION = YES;
				CLANG_WARN_NON_LITERAL_NULL_CONVERSION = YES;
				CLANG_WARN_OBJC_IMPLICIT_RETAIN_SELF = YES;
				CLANG_WARN_OBJC_LITERAL_CONVERSION = YES;
				CLANG_WARN_OBJC_ROOT_CLASS = YES_ERROR;
				CLANG_WARN_QUOTED_INCLUDE_IN_FRAMEWORK_HEADER = YES;
				CLANG_WARN_RANGE_LOOP_ANALYSIS = YES;
				CLANG_WARN_STRICT_PROTOTYPES = YES;
				CLANG_WARN_SUSPICIOUS_MOVE = YES;
				CLANG_WARN_UNGUARDED_AVAILABILITY = YES_AGGRESSIVE;
				CLANG_WARN_UNREACHABLE_CODE = YES;
				CLANG_WARN__DUPLICATE_METHOD_MATCH = YES;
				COPY_PHASE_STRIP = NO;
				DEBUG_INFORMATION_FORMAT = dwarf;
				ENABLE_STRICT_OBJC_MSGSEND = YES;
				ENABLE_TESTABILITY = YES;
				ENABLE_USER_SCRIPT_SANDBOXING = YES;
				GCC_C_LANGUAGE_STANDARD = gnu17;
				GCC_DYNAMIC_NO_PIC = NO;
				GCC_NO_COMMON_BLOCKS = YES;
				GCC_OPTIMIZATION_LEVEL = 0;
				GCC_PREPROCESSOR_DEFINITIONS = (
					"DEBUG=1",
					"$(inherited)",
				);
				GCC_WARN_64_TO_32_BIT_CONVERSION = YES;
				GCC_WARN_ABOUT_RETURN_TYPE = YES_ERROR;
				GCC_WARN_UNDECLARED_SELECTOR = YES;
				GCC_WARN_UNINITIALIZED_AUTOS = YES_AGGRESSIVE;
				GCC_WARN_UNUSED_FUNCTION = YES;
				GCC_WARN_UNUSED_VARIABLE = YES;
				IPHONEOS_DEPLOYMENT_TARGET = 17.5;
				LOCALIZATION_PREFERS_STRING_CATALOGS = YES;
				MTL_ENABLE_DEBUG_INFO = INCLUDE_SOURCE;
				MTL_FAST_MATH = YES;
				ONLY_ACTIVE_ARCH = YES;
				SDKROOT = iphoneos;
				SWIFT_ACTIVE_COMPILATION_CONDITIONS = "DEBUG $(inherited)";
				SWIFT_OPTIMIZATION_LEVEL = "-Onone";
			};
			name = Debug;
		};
		D9D3099F2D00B9E6009CD7D8 /* Release */ = {
			isa = XCBuildConfiguration;
			buildSettings = {
				ALWAYS_SEARCH_USER_PATHS = NO;
				ASSETCATALOG_COMPILER_GENERATE_SWIFT_ASSET_SYMBOL_EXTENSIONS = YES;
				CLANG_ANALYZER_NONNULL = YES;
				CLANG_ANALYZER_NUMBER_OBJECT_CONVERSION = YES_AGGRESSIVE;
				CLANG_CXX_LANGUAGE_STANDARD = "gnu++20";
				CLANG_ENABLE_MODULES = YES;
				CLANG_ENABLE_OBJC_ARC = YES;
				CLANG_ENABLE_OBJC_WEAK = YES;
				CLANG_WARN_BLOCK_CAPTURE_AUTORELEASING = YES;
				CLANG_WARN_BOOL_CONVERSION = YES;
				CLANG_WARN_COMMA = YES;
				CLANG_WARN_CONSTANT_CONVERSION = YES;
				CLANG_WARN_DEPRECATED_OBJC_IMPLEMENTATIONS = YES;
				CLANG_WARN_DIRECT_OBJC_ISA_USAGE = YES_ERROR;
				CLANG_WARN_DOCUMENTATION_COMMENTS = YES;
				CLANG_WARN_EMPTY_BODY = YES;
				CLANG_WARN_ENUM_CONVERSION = YES;
				CLANG_WARN_INFINITE_RECURSION = YES;
				CLANG_WARN_INT_CONVERSION = YES;
				CLANG_WARN_NON_LITERAL_NULL_CONVERSION = YES;
				CLANG_WARN_OBJC_IMPLICIT_RETAIN_SELF = YES;
				CLANG_WARN_OBJC_LITERAL_CONVERSION = YES;
				CLANG_WARN_OBJC_ROOT_CLASS = YES_ERROR;
				CLANG_WARN_QUOTED_INCLUDE_IN_FRAMEWORK_HEADER = YES;
				CLANG_WARN_RANGE_LOOP_ANALYSIS = YES;
				CLANG_WARN_STRICT_PROTOTYPES = YES;
				CLANG_WARN_SUSPICIOUS_MOVE = YES;
				CLANG_WARN_UNGUARDED_AVAILABILITY = YES_AGGRESSIVE;
				CLANG_WARN_UNREACHABLE_CODE = YES;
				CLANG_WARN__DUPLICATE_METHOD_MATCH = YES;
				COPY_PHASE_STRIP = NO;
				DEBUG_INFORMATION_FORMAT = "dwarf-with-dsym";
				ENABLE_NS_ASSERTIONS = NO;
				ENABLE_STRICT_OBJC_MSGSEND = YES;
				ENABLE_USER_SCRIPT_SANDBOXING = YES;
				GCC_C_LANGUAGE_STANDARD = gnu17;
				GCC_NO_COMMON_BLOCKS = YES;
				GCC_WARN_64_TO_32_BIT_CONVERSION = YES;
				GCC_WARN_ABOUT_RETURN_TYPE = YES_ERROR;
				GCC_WARN_UNDECLARED_SELECTOR = YES;
				GCC_WARN_UNINITIALIZED_AUTOS = YES_AGGRESSIVE;
				GCC_WARN_UNUSED_FUNCTION = YES;
				GCC_WARN_UNUSED_VARIABLE = YES;
				IPHONEOS_DEPLOYMENT_TARGET = 17.5;
				LOCALIZATION_PREFERS_STRING_CATALOGS = YES;
				MTL_ENABLE_DEBUG_INFO = NO;
				MTL_FAST_MATH = YES;
				SDKROOT = iphoneos;
				SWIFT_COMPILATION_MODE = wholemodule;
				VALIDATE_PRODUCT = YES;
			};
			name = Release;
		};
		D9D309A12D00B9E6009CD7D8 /* Debug */ = {
			isa = XCBuildConfiguration;
			buildSettings = {
				ASSETCATALOG_COMPILER_APPICON_NAME = AppIcon;
				ASSETCATALOG_COMPILER_GLOBAL_ACCENT_COLOR_NAME = AccentColor;
				CODE_SIGN_STYLE = Automatic;
				CURRENT_PROJECT_VERSION = 1;
				DEVELOPMENT_ASSET_PATHS = "\"WeatherApp/Preview Content\"";
				DEVELOPMENT_TEAM = 464PVQ34ND;
				ENABLE_PREVIEWS = YES;
				GENERATE_INFOPLIST_FILE = YES;
				INFOPLIST_KEY_UIApplicationSceneManifest_Generation = YES;
				INFOPLIST_KEY_UIApplicationSupportsIndirectInputEvents = YES;
				INFOPLIST_KEY_UILaunchScreen_Generation = YES;
				INFOPLIST_KEY_UISupportedInterfaceOrientations_iPad = "UIInterfaceOrientationPortrait UIInterfaceOrientationPortraitUpsideDown UIInterfaceOrientationLandscapeLeft UIInterfaceOrientationLandscapeRight";
				INFOPLIST_KEY_UISupportedInterfaceOrientations_iPhone = "UIInterfaceOrientationPortrait UIInterfaceOrientationLandscapeLeft UIInterfaceOrientationLandscapeRight";
				LD_RUNPATH_SEARCH_PATHS = (
					"$(inherited)",
					"@executable_path/Frameworks",
				);
				MARKETING_VERSION = 1.0;
				PRODUCT_BUNDLE_IDENTIFIER = com.harolddavidson.WeatherApp;
				PRODUCT_NAME = "$(TARGET_NAME)";
				SWIFT_EMIT_LOC_STRINGS = YES;
				SWIFT_VERSION = 5.0;
				TARGETED_DEVICE_FAMILY = "1,2";
			};
			name = Debug;
		};
		D9D309A22D00B9E6009CD7D8 /* Release */ = {
			isa = XCBuildConfiguration;
			buildSettings = {
				ASSETCATALOG_COMPILER_APPICON_NAME = AppIcon;
				ASSETCATALOG_COMPILER_GLOBAL_ACCENT_COLOR_NAME = AccentColor;
				CODE_SIGN_STYLE = Automatic;
				CURRENT_PROJECT_VERSION = 1;
				DEVELOPMENT_ASSET_PATHS = "\"WeatherApp/Preview Content\"";
				DEVELOPMENT_TEAM = 464PVQ34ND;
				ENABLE_PREVIEWS = YES;
				GENERATE_INFOPLIST_FILE = YES;
				INFOPLIST_KEY_UIApplicationSceneManifest_Generation = YES;
				INFOPLIST_KEY_UIApplicationSupportsIndirectInputEvents = YES;
				INFOPLIST_KEY_UILaunchScreen_Generation = YES;
				INFOPLIST_KEY_UISupportedInterfaceOrientations_iPad = "UIInterfaceOrientationPortrait UIInterfaceOrientationPortraitUpsideDown UIInterfaceOrientationLandscapeLeft UIInterfaceOrientationLandscapeRight";
				INFOPLIST_KEY_UISupportedInterfaceOrientations_iPhone = "UIInterfaceOrientationPortrait UIInterfaceOrientationLandscapeLeft UIInterfaceOrientationLandscapeRight";
				LD_RUNPATH_SEARCH_PATHS = (
					"$(inherited)",
					"@executable_path/Frameworks",
				);
				MARKETING_VERSION = 1.0;
				PRODUCT_BUNDLE_IDENTIFIER = com.harolddavidson.WeatherApp;
				PRODUCT_NAME = "$(TARGET_NAME)";
				SWIFT_EMIT_LOC_STRINGS = YES;
				SWIFT_VERSION = 5.0;
				TARGETED_DEVICE_FAMILY = "1,2";
			};
			name = Release;
		};
/* End XCBuildConfiguration section */

/* Begin XCConfigurationList section */
		D9D3098D2D00B9E4009CD7D8 /* Build configuration list for PBXProject "WeatherApp" */ = {
			isa = XCConfigurationList;
			buildConfigurations = (
				D9D3099E2D00B9E6009CD7D8 /* Debug */,
				D9D3099F2D00B9E6009CD7D8 /* Release */,
			);
			defaultConfigurationIsVisible = 0;
			defaultConfigurationName = Release;
		};
		D9D309A02D00B9E6009CD7D8 /* Build configuration list for PBXNativeTarget "WeatherApp" */ = {
			isa = XCConfigurationList;
			buildConfigurations = (
				D9D309A12D00B9E6009CD7D8 /* Debug */,
				D9D309A22D00B9E6009CD7D8 /* Release */,
			);
			defaultConfigurationIsVisible = 0;
			defaultConfigurationName = Release;
		};
/* End XCConfigurationList section */
	};
	rootObject = D9D3098A2D00B9E4009CD7D8 /* Project object */;
}
